// !$*UTF8*$!
{
	archiveVersion = 1;
	classes = {
	};
	objectVersion = 56;
	objects = {

/* Begin PBXBuildFile section */
		EA02C90E29E5C6AC00DA4D0C /*  XCTestCase+MemoryLeakTracking.swift in Sources */ = {isa = PBXBuildFile; fileRef = EA97C5CA29DD90A1003587F9 /*  XCTestCase+MemoryLeakTracking.swift */; };
		EA0A5F432A55C6E7002DC287 /* ValidateFeedCacheUseCaseTests.swift in Sources */ = {isa = PBXBuildFile; fileRef = EA0A5F422A55C6E7002DC287 /* ValidateFeedCacheUseCaseTests.swift */; };
		EA2701C22A6155BD00BD25C7 /* CoreDataHelpers.swift in Sources */ = {isa = PBXBuildFile; fileRef = EA2701C12A6155BD00BD25C7 /* CoreDataHelpers.swift */; };
		EA2701C42A61565D00BD25C7 /* ManagedCache.swift in Sources */ = {isa = PBXBuildFile; fileRef = EA2701C32A61565D00BD25C7 /* ManagedCache.swift */; };
		EA2701C62A61566800BD25C7 /* ManagedFeedImage.swift in Sources */ = {isa = PBXBuildFile; fileRef = EA2701C52A61566800BD25C7 /* ManagedFeedImage.swift */; };
		EA3A193229E4154C00FB4ABA /* URLSessionHTTPClient.swift in Sources */ = {isa = PBXBuildFile; fileRef = EA3A193129E4154C00FB4ABA /* URLSessionHTTPClient.swift */; };
		EA41C52129CB5BD200733FB1 /* RemoteFeedLoader.swift in Sources */ = {isa = PBXBuildFile; fileRef = EA41C52029CB5BD200733FB1 /* RemoteFeedLoader.swift */; };
		EA49190D2A60068E000B4D2D /* FeedStore.xcdatamodeld in Sources */ = {isa = PBXBuildFile; fileRef = EA49190B2A60068E000B4D2D /* FeedStore.xcdatamodeld */; };
		EA4F95B729D5AB0800CF016E /* HTTPClient.swift in Sources */ = {isa = PBXBuildFile; fileRef = EA4F95B629D5AB0800CF016E /* HTTPClient.swift */; };
		EA65C7322A8A36680096BDC8 /* FeedViewController.swift in Sources */ = {isa = PBXBuildFile; fileRef = EA65C7312A8A36680096BDC8 /* FeedViewController.swift */; };
		EA6F301B2A571E2900C683A5 /* FeedCachePolicy.swift in Sources */ = {isa = PBXBuildFile; fileRef = EA6F301A2A571E2900C683A5 /* FeedCachePolicy.swift */; };
		EA74D35D2A850D9C00288942 /* EssentialFeediOS.framework in Frameworks */ = {isa = PBXBuildFile; fileRef = EA74D3532A850D9C00288942 /* EssentialFeediOS.framework */; };
		EA761F522A449EBA005D6E7F /* LoadFeedFromCacheUseCaseTests.swift in Sources */ = {isa = PBXBuildFile; fileRef = EA761F512A449EBA005D6E7F /* LoadFeedFromCacheUseCaseTests.swift */; };
		EA761F552A44A000005D6E7F /* FeedStoreSpy.swift in Sources */ = {isa = PBXBuildFile; fileRef = EA761F542A44A000005D6E7F /* FeedStoreSpy.swift */; };
		EA7A9E602A5E9812004E879B /* FeedStoreSpecs.swift in Sources */ = {isa = PBXBuildFile; fileRef = EA7A9E5F2A5E9812004E879B /* FeedStoreSpecs.swift */; };
		EA7A9E622A5E9912004E879B /* XCTestCase+FeedStoreSpecs.swift in Sources */ = {isa = PBXBuildFile; fileRef = EA7A9E612A5E9912004E879B /* XCTestCase+FeedStoreSpecs.swift */; };
		EA7A9E642A5EB738004E879B /* XCTestCase+FailableRetrieveFeedStoreSpecs.swift in Sources */ = {isa = PBXBuildFile; fileRef = EA7A9E632A5EB738004E879B /* XCTestCase+FailableRetrieveFeedStoreSpecs.swift */; };
		EA7A9E662A5EB7EA004E879B /* XCTestCase+FailableInsertFeedStoreSpecs.swift in Sources */ = {isa = PBXBuildFile; fileRef = EA7A9E652A5EB7EA004E879B /* XCTestCase+FailableInsertFeedStoreSpecs.swift */; };
		EA7A9E682A5EB8C6004E879B /* XCTestCase+FailableDeleteFeedStoreSpecs.swift in Sources */ = {isa = PBXBuildFile; fileRef = EA7A9E672A5EB8C6004E879B /* XCTestCase+FailableDeleteFeedStoreSpecs.swift */; };
		EA8396D02A444DFF00B41E0A /* RemoteFeedItem.swift in Sources */ = {isa = PBXBuildFile; fileRef = EA8396CF2A444DFF00B41E0A /* RemoteFeedItem.swift */; };
		EA8396D22A444E6000B41E0A /* LocalFeedImage.swift in Sources */ = {isa = PBXBuildFile; fileRef = EA8396D12A444E6000B41E0A /* LocalFeedImage.swift */; };
		EA9165E02A56D7090075AA52 /* FeedCacheTestHelpers.swift in Sources */ = {isa = PBXBuildFile; fileRef = EA9165DF2A56D7090075AA52 /* FeedCacheTestHelpers.swift */; };
		EA9165E22A56D8DE0075AA52 /* SharedTestHelpers.swift in Sources */ = {isa = PBXBuildFile; fileRef = EA9165E12A56D8DE0075AA52 /* SharedTestHelpers.swift */; };
		EA9372D329D6CD2B00AE997C /* FeedItemsMapper.swift in Sources */ = {isa = PBXBuildFile; fileRef = EA9372D229D6CD2B00AE997C /* FeedItemsMapper.swift */; };
		EA97C5CB29DD90A1003587F9 /*  XCTestCase+MemoryLeakTracking.swift in Sources */ = {isa = PBXBuildFile; fileRef = EA97C5CA29DD90A1003587F9 /*  XCTestCase+MemoryLeakTracking.swift */; };
		EA986EB329C9C237003611C5 /* EssentialFeed.docc in Sources */ = {isa = PBXBuildFile; fileRef = EA986EB229C9C237003611C5 /* EssentialFeed.docc */; };
		EA986EB929C9C237003611C5 /* EssentialFeed.framework in Frameworks */ = {isa = PBXBuildFile; fileRef = EA986EAE29C9C237003611C5 /* EssentialFeed.framework */; };
		EA986EBE29C9C237003611C5 /* EssentialFeedTests.swift in Sources */ = {isa = PBXBuildFile; fileRef = EA986EBD29C9C237003611C5 /* EssentialFeedTests.swift */; };
		EA986EBF29C9C237003611C5 /* EssentialFeed.h in Headers */ = {isa = PBXBuildFile; fileRef = EA986EB129C9C237003611C5 /* EssentialFeed.h */; settings = {ATTRIBUTES = (Public, ); }; };
		EA986EC929C9C253003611C5 /* FeedImage.swift in Sources */ = {isa = PBXBuildFile; fileRef = EA986EC829C9C253003611C5 /* FeedImage.swift */; };
		EA986ECB29C9C2FD003611C5 /* FeedLoader.swift in Sources */ = {isa = PBXBuildFile; fileRef = EA986ECA29C9C2FD003611C5 /* FeedLoader.swift */; };
		EA986ED429C9F02B003611C5 /* LoadFeedFromRemoteUseCaseTests.swift in Sources */ = {isa = PBXBuildFile; fileRef = EA986ED329C9F02B003611C5 /* LoadFeedFromRemoteUseCaseTests.swift */; };
		EAACE5C829DC2F3B003E8D82 /* URLSessionHTTPClientTests.swift in Sources */ = {isa = PBXBuildFile; fileRef = EAACE5C729DC2F3B003E8D82 /* URLSessionHTTPClientTests.swift */; };
		EAB6FC1D2A436BA50031157D /* LocalFeedLoader.swift in Sources */ = {isa = PBXBuildFile; fileRef = EAB6FC1C2A436BA50031157D /* LocalFeedLoader.swift */; };
		EAB6FC1F2A436CEE0031157D /* FeedStore.swift in Sources */ = {isa = PBXBuildFile; fileRef = EAB6FC1E2A436CEE0031157D /* FeedStore.swift */; };
		EACCE6862A5ECFF5009457E8 /* CoreDataFeedStoreTests.swift in Sources */ = {isa = PBXBuildFile; fileRef = EACCE6852A5ECFF5009457E8 /* CoreDataFeedStoreTests.swift */; };
		EACCE6882A5ED06F009457E8 /* CoreDataFeedStore.swift in Sources */ = {isa = PBXBuildFile; fileRef = EACCE6872A5ED06F009457E8 /* CoreDataFeedStore.swift */; };
		EACD00812A615C480015FB29 /* EssentialFeedCacheIntegrationTests.swift in Sources */ = {isa = PBXBuildFile; fileRef = EACD00802A615C480015FB29 /* EssentialFeedCacheIntegrationTests.swift */; };
		EACD00822A615C480015FB29 /* EssentialFeed.framework in Frameworks */ = {isa = PBXBuildFile; fileRef = EA986EAE29C9C237003611C5 /* EssentialFeed.framework */; };
		EACD00882A6160200015FB29 /*  XCTestCase+MemoryLeakTracking.swift in Sources */ = {isa = PBXBuildFile; fileRef = EA97C5CA29DD90A1003587F9 /*  XCTestCase+MemoryLeakTracking.swift */; };
		EAD0AC582A4070AE00F37D73 /* CacheFeedUseCaseTests.swift in Sources */ = {isa = PBXBuildFile; fileRef = EAD0AC572A4070AE00F37D73 /* CacheFeedUseCaseTests.swift */; };
		EAD6DB812A61626D008CFC4D /* SharedTestHelpers.swift in Sources */ = {isa = PBXBuildFile; fileRef = EA9165E12A56D8DE0075AA52 /* SharedTestHelpers.swift */; };
		EAD6DB822A616273008CFC4D /* FeedCacheTestHelpers.swift in Sources */ = {isa = PBXBuildFile; fileRef = EA9165DF2A56D7090075AA52 /* FeedCacheTestHelpers.swift */; };
		EAE8DFD629E5B55000B57096 /* EssentialFeedAPIEndToEndTests.swift in Sources */ = {isa = PBXBuildFile; fileRef = EAE8DFD529E5B55000B57096 /* EssentialFeedAPIEndToEndTests.swift */; };
		EAE8DFD729E5B55000B57096 /* EssentialFeed.framework in Frameworks */ = {isa = PBXBuildFile; fileRef = EA986EAE29C9C237003611C5 /* EssentialFeed.framework */; };
		EAF4ABB12A862D1A00D108C3 /* FeedViewControllerTests.swift in Sources */ = {isa = PBXBuildFile; fileRef = EAF4ABB02A862D1A00D108C3 /* FeedViewControllerTests.swift */; };
		EAF4ABB32A863D3500D108C3 /* EssentialFeed.framework in Frameworks */ = {isa = PBXBuildFile; fileRef = EA986EAE29C9C237003611C5 /* EssentialFeed.framework */; platformFilter = ios; };
		EAF4ABB42A863D3500D108C3 /* EssentialFeed.framework in Embed Frameworks */ = {isa = PBXBuildFile; fileRef = EA986EAE29C9C237003611C5 /* EssentialFeed.framework */; platformFilter = ios; settings = {ATTRIBUTES = (CodeSignOnCopy, RemoveHeadersOnCopy, ); }; };
		EAF4ABB82A86420800D108C3 /*  XCTestCase+MemoryLeakTracking.swift in Sources */ = {isa = PBXBuildFile; fileRef = EA97C5CA29DD90A1003587F9 /*  XCTestCase+MemoryLeakTracking.swift */; };
/* End PBXBuildFile section */

/* Begin PBXContainerItemProxy section */
		EA74D35E2A850D9C00288942 /* PBXContainerItemProxy */ = {
			isa = PBXContainerItemProxy;
			containerPortal = EA986EA529C9C237003611C5 /* Project object */;
			proxyType = 1;
			remoteGlobalIDString = EA74D3522A850D9C00288942;
			remoteInfo = EssentialFeediOS;
		};
		EA986EBA29C9C237003611C5 /* PBXContainerItemProxy */ = {
			isa = PBXContainerItemProxy;
			containerPortal = EA986EA529C9C237003611C5 /* Project object */;
			proxyType = 1;
			remoteGlobalIDString = EA986EAD29C9C237003611C5;
			remoteInfo = EssentialFeed;
		};
		EACD00832A615C480015FB29 /* PBXContainerItemProxy */ = {
			isa = PBXContainerItemProxy;
			containerPortal = EA986EA529C9C237003611C5 /* Project object */;
			proxyType = 1;
			remoteGlobalIDString = EA986EAD29C9C237003611C5;
			remoteInfo = EssentialFeed;
		};
		EAE8DFD829E5B55000B57096 /* PBXContainerItemProxy */ = {
			isa = PBXContainerItemProxy;
			containerPortal = EA986EA529C9C237003611C5 /* Project object */;
			proxyType = 1;
			remoteGlobalIDString = EA986EAD29C9C237003611C5;
			remoteInfo = EssentialFeed;
		};
		EAF4ABB52A863D3500D108C3 /* PBXContainerItemProxy */ = {
			isa = PBXContainerItemProxy;
			containerPortal = EA986EA529C9C237003611C5 /* Project object */;
			proxyType = 1;
			remoteGlobalIDString = EA986EAD29C9C237003611C5;
			remoteInfo = EssentialFeed;
		};
/* End PBXContainerItemProxy section */

/* Begin PBXCopyFilesBuildPhase section */
		EAF4ABB72A863D3500D108C3 /* Embed Frameworks */ = {
			isa = PBXCopyFilesBuildPhase;
			buildActionMask = 2147483647;
			dstPath = "";
			dstSubfolderSpec = 10;
			files = (
				EAF4ABB42A863D3500D108C3 /* EssentialFeed.framework in Embed Frameworks */,
			);
			name = "Embed Frameworks";
			runOnlyForDeploymentPostprocessing = 0;
		};
/* End PBXCopyFilesBuildPhase section */

/* Begin PBXFileReference section */
		EA0A5F422A55C6E7002DC287 /* ValidateFeedCacheUseCaseTests.swift */ = {isa = PBXFileReference; lastKnownFileType = sourcecode.swift; path = ValidateFeedCacheUseCaseTests.swift; sourceTree = "<group>"; };
		EA2701C12A6155BD00BD25C7 /* CoreDataHelpers.swift */ = {isa = PBXFileReference; lastKnownFileType = sourcecode.swift; path = CoreDataHelpers.swift; sourceTree = "<group>"; };
		EA2701C32A61565D00BD25C7 /* ManagedCache.swift */ = {isa = PBXFileReference; lastKnownFileType = sourcecode.swift; path = ManagedCache.swift; sourceTree = "<group>"; };
		EA2701C52A61566800BD25C7 /* ManagedFeedImage.swift */ = {isa = PBXFileReference; lastKnownFileType = sourcecode.swift; path = ManagedFeedImage.swift; sourceTree = "<group>"; };
		EA3A193129E4154C00FB4ABA /* URLSessionHTTPClient.swift */ = {isa = PBXFileReference; lastKnownFileType = sourcecode.swift; path = URLSessionHTTPClient.swift; sourceTree = "<group>"; };
		EA41C52029CB5BD200733FB1 /* RemoteFeedLoader.swift */ = {isa = PBXFileReference; lastKnownFileType = sourcecode.swift; path = RemoteFeedLoader.swift; sourceTree = "<group>"; };
		EA49190C2A60068E000B4D2D /* FeedStore.xcdatamodel */ = {isa = PBXFileReference; lastKnownFileType = wrapper.xcdatamodel; path = FeedStore.xcdatamodel; sourceTree = "<group>"; };
		EA4F95B629D5AB0800CF016E /* HTTPClient.swift */ = {isa = PBXFileReference; lastKnownFileType = sourcecode.swift; path = HTTPClient.swift; sourceTree = "<group>"; };
		EA65C7312A8A36680096BDC8 /* FeedViewController.swift */ = {isa = PBXFileReference; lastKnownFileType = sourcecode.swift; path = FeedViewController.swift; sourceTree = "<group>"; };
		EA6F301A2A571E2900C683A5 /* FeedCachePolicy.swift */ = {isa = PBXFileReference; lastKnownFileType = sourcecode.swift; path = FeedCachePolicy.swift; sourceTree = "<group>"; };
		EA74D3532A850D9C00288942 /* EssentialFeediOS.framework */ = {isa = PBXFileReference; explicitFileType = wrapper.framework; includeInIndex = 0; path = EssentialFeediOS.framework; sourceTree = BUILT_PRODUCTS_DIR; };
		EA74D35C2A850D9C00288942 /* EssentialFeediOSTests.xctest */ = {isa = PBXFileReference; explicitFileType = wrapper.cfbundle; includeInIndex = 0; path = EssentialFeediOSTests.xctest; sourceTree = BUILT_PRODUCTS_DIR; };
		EA761F512A449EBA005D6E7F /* LoadFeedFromCacheUseCaseTests.swift */ = {isa = PBXFileReference; lastKnownFileType = sourcecode.swift; path = LoadFeedFromCacheUseCaseTests.swift; sourceTree = "<group>"; };
		EA761F542A44A000005D6E7F /* FeedStoreSpy.swift */ = {isa = PBXFileReference; lastKnownFileType = sourcecode.swift; path = FeedStoreSpy.swift; sourceTree = "<group>"; };
		EA7A9E5F2A5E9812004E879B /* FeedStoreSpecs.swift */ = {isa = PBXFileReference; lastKnownFileType = sourcecode.swift; path = FeedStoreSpecs.swift; sourceTree = "<group>"; };
		EA7A9E612A5E9912004E879B /* XCTestCase+FeedStoreSpecs.swift */ = {isa = PBXFileReference; lastKnownFileType = sourcecode.swift; path = "XCTestCase+FeedStoreSpecs.swift"; sourceTree = "<group>"; };
		EA7A9E632A5EB738004E879B /* XCTestCase+FailableRetrieveFeedStoreSpecs.swift */ = {isa = PBXFileReference; lastKnownFileType = sourcecode.swift; path = "XCTestCase+FailableRetrieveFeedStoreSpecs.swift"; sourceTree = "<group>"; };
		EA7A9E652A5EB7EA004E879B /* XCTestCase+FailableInsertFeedStoreSpecs.swift */ = {isa = PBXFileReference; lastKnownFileType = sourcecode.swift; path = "XCTestCase+FailableInsertFeedStoreSpecs.swift"; sourceTree = "<group>"; };
		EA7A9E672A5EB8C6004E879B /* XCTestCase+FailableDeleteFeedStoreSpecs.swift */ = {isa = PBXFileReference; lastKnownFileType = sourcecode.swift; path = "XCTestCase+FailableDeleteFeedStoreSpecs.swift"; sourceTree = "<group>"; };
		EA8396CF2A444DFF00B41E0A /* RemoteFeedItem.swift */ = {isa = PBXFileReference; lastKnownFileType = sourcecode.swift; path = RemoteFeedItem.swift; sourceTree = "<group>"; };
		EA8396D12A444E6000B41E0A /* LocalFeedImage.swift */ = {isa = PBXFileReference; lastKnownFileType = sourcecode.swift; path = LocalFeedImage.swift; sourceTree = "<group>"; };
		EA9165DF2A56D7090075AA52 /* FeedCacheTestHelpers.swift */ = {isa = PBXFileReference; lastKnownFileType = sourcecode.swift; path = FeedCacheTestHelpers.swift; sourceTree = "<group>"; };
		EA9165E12A56D8DE0075AA52 /* SharedTestHelpers.swift */ = {isa = PBXFileReference; lastKnownFileType = sourcecode.swift; path = SharedTestHelpers.swift; sourceTree = "<group>"; };
		EA9372D229D6CD2B00AE997C /* FeedItemsMapper.swift */ = {isa = PBXFileReference; lastKnownFileType = sourcecode.swift; path = FeedItemsMapper.swift; sourceTree = "<group>"; };
		EA97C5CA29DD90A1003587F9 /*  XCTestCase+MemoryLeakTracking.swift */ = {isa = PBXFileReference; lastKnownFileType = sourcecode.swift; path = " XCTestCase+MemoryLeakTracking.swift"; sourceTree = "<group>"; };
		EA986EAE29C9C237003611C5 /* EssentialFeed.framework */ = {isa = PBXFileReference; explicitFileType = wrapper.framework; includeInIndex = 0; path = EssentialFeed.framework; sourceTree = BUILT_PRODUCTS_DIR; };
		EA986EB129C9C237003611C5 /* EssentialFeed.h */ = {isa = PBXFileReference; lastKnownFileType = sourcecode.c.h; path = EssentialFeed.h; sourceTree = "<group>"; };
		EA986EB229C9C237003611C5 /* EssentialFeed.docc */ = {isa = PBXFileReference; lastKnownFileType = folder.documentationcatalog; path = EssentialFeed.docc; sourceTree = "<group>"; };
		EA986EB829C9C237003611C5 /* EssentialFeedTests.xctest */ = {isa = PBXFileReference; explicitFileType = wrapper.cfbundle; includeInIndex = 0; path = EssentialFeedTests.xctest; sourceTree = BUILT_PRODUCTS_DIR; };
		EA986EBD29C9C237003611C5 /* EssentialFeedTests.swift */ = {isa = PBXFileReference; lastKnownFileType = sourcecode.swift; path = EssentialFeedTests.swift; sourceTree = "<group>"; };
		EA986EC829C9C253003611C5 /* FeedImage.swift */ = {isa = PBXFileReference; lastKnownFileType = sourcecode.swift; path = FeedImage.swift; sourceTree = "<group>"; };
		EA986ECA29C9C2FD003611C5 /* FeedLoader.swift */ = {isa = PBXFileReference; lastKnownFileType = sourcecode.swift; path = FeedLoader.swift; sourceTree = "<group>"; };
		EA986ED329C9F02B003611C5 /* LoadFeedFromRemoteUseCaseTests.swift */ = {isa = PBXFileReference; lastKnownFileType = sourcecode.swift; path = LoadFeedFromRemoteUseCaseTests.swift; sourceTree = "<group>"; };
		EAACE5C729DC2F3B003E8D82 /* URLSessionHTTPClientTests.swift */ = {isa = PBXFileReference; lastKnownFileType = sourcecode.swift; path = URLSessionHTTPClientTests.swift; sourceTree = "<group>"; };
		EAB6FC1C2A436BA50031157D /* LocalFeedLoader.swift */ = {isa = PBXFileReference; lastKnownFileType = sourcecode.swift; path = LocalFeedLoader.swift; sourceTree = "<group>"; };
		EAB6FC1E2A436CEE0031157D /* FeedStore.swift */ = {isa = PBXFileReference; lastKnownFileType = sourcecode.swift; path = FeedStore.swift; sourceTree = "<group>"; };
		EACCE6852A5ECFF5009457E8 /* CoreDataFeedStoreTests.swift */ = {isa = PBXFileReference; lastKnownFileType = sourcecode.swift; path = CoreDataFeedStoreTests.swift; sourceTree = "<group>"; };
		EACCE6872A5ED06F009457E8 /* CoreDataFeedStore.swift */ = {isa = PBXFileReference; lastKnownFileType = sourcecode.swift; path = CoreDataFeedStore.swift; sourceTree = "<group>"; };
		EACD007E2A615C480015FB29 /* EssentialFeedCacheIntegrationTests.xctest */ = {isa = PBXFileReference; explicitFileType = wrapper.cfbundle; includeInIndex = 0; path = EssentialFeedCacheIntegrationTests.xctest; sourceTree = BUILT_PRODUCTS_DIR; };
		EACD00802A615C480015FB29 /* EssentialFeedCacheIntegrationTests.swift */ = {isa = PBXFileReference; lastKnownFileType = sourcecode.swift; path = EssentialFeedCacheIntegrationTests.swift; sourceTree = "<group>"; };
		EAD0AC572A4070AE00F37D73 /* CacheFeedUseCaseTests.swift */ = {isa = PBXFileReference; lastKnownFileType = sourcecode.swift; path = CacheFeedUseCaseTests.swift; sourceTree = "<group>"; };
		EAE8DFD329E5B55000B57096 /* EssentialFeedAPIEndToEndTests.xctest */ = {isa = PBXFileReference; explicitFileType = wrapper.cfbundle; includeInIndex = 0; path = EssentialFeedAPIEndToEndTests.xctest; sourceTree = BUILT_PRODUCTS_DIR; };
		EAE8DFD529E5B55000B57096 /* EssentialFeedAPIEndToEndTests.swift */ = {isa = PBXFileReference; lastKnownFileType = sourcecode.swift; path = EssentialFeedAPIEndToEndTests.swift; sourceTree = "<group>"; };
		EAF4ABAF2A862D1A00D108C3 /* EssentialFeediOSTests-Bridging-Header.h */ = {isa = PBXFileReference; lastKnownFileType = sourcecode.c.h; path = "EssentialFeediOSTests-Bridging-Header.h"; sourceTree = "<group>"; };
		EAF4ABB02A862D1A00D108C3 /* FeedViewControllerTests.swift */ = {isa = PBXFileReference; lastKnownFileType = sourcecode.swift; path = FeedViewControllerTests.swift; sourceTree = "<group>"; };
/* End PBXFileReference section */

/* Begin PBXFrameworksBuildPhase section */
		EA74D3502A850D9C00288942 /* Frameworks */ = {
			isa = PBXFrameworksBuildPhase;
			buildActionMask = 2147483647;
			files = (
				EAF4ABB32A863D3500D108C3 /* EssentialFeed.framework in Frameworks */,
			);
			runOnlyForDeploymentPostprocessing = 0;
		};
		EA74D3592A850D9C00288942 /* Frameworks */ = {
			isa = PBXFrameworksBuildPhase;
			buildActionMask = 2147483647;
			files = (
				EA74D35D2A850D9C00288942 /* EssentialFeediOS.framework in Frameworks */,
			);
			runOnlyForDeploymentPostprocessing = 0;
		};
		EA986EAB29C9C237003611C5 /* Frameworks */ = {
			isa = PBXFrameworksBuildPhase;
			buildActionMask = 2147483647;
			files = (
			);
			runOnlyForDeploymentPostprocessing = 0;
		};
		EA986EB529C9C237003611C5 /* Frameworks */ = {
			isa = PBXFrameworksBuildPhase;
			buildActionMask = 2147483647;
			files = (
				EA986EB929C9C237003611C5 /* EssentialFeed.framework in Frameworks */,
			);
			runOnlyForDeploymentPostprocessing = 0;
		};
		EACD007B2A615C480015FB29 /* Frameworks */ = {
			isa = PBXFrameworksBuildPhase;
			buildActionMask = 2147483647;
			files = (
				EACD00822A615C480015FB29 /* EssentialFeed.framework in Frameworks */,
			);
			runOnlyForDeploymentPostprocessing = 0;
		};
		EAE8DFD029E5B55000B57096 /* Frameworks */ = {
			isa = PBXFrameworksBuildPhase;
			buildActionMask = 2147483647;
			files = (
				EAE8DFD729E5B55000B57096 /* EssentialFeed.framework in Frameworks */,
			);
			runOnlyForDeploymentPostprocessing = 0;
		};
/* End PBXFrameworksBuildPhase section */

/* Begin PBXGroup section */
		EA2701BE2A61546900BD25C7 /* Infrastructure */ = {
			isa = PBXGroup;
			children = (
				EA2701BF2A6154F700BD25C7 /* CoreData */,
			);
			path = Infrastructure;
			sourceTree = "<group>";
		};
		EA2701BF2A6154F700BD25C7 /* CoreData */ = {
			isa = PBXGroup;
			children = (
				EACCE6872A5ED06F009457E8 /* CoreDataFeedStore.swift */,
				EA49190B2A60068E000B4D2D /* FeedStore.xcdatamodeld */,
				EA2701C12A6155BD00BD25C7 /* CoreDataHelpers.swift */,
				EA2701C32A61565D00BD25C7 /* ManagedCache.swift */,
				EA2701C52A61566800BD25C7 /* ManagedFeedImage.swift */,
			);
			path = CoreData;
			sourceTree = "<group>";
		};
		EA41C51F29CB5B9A00733FB1 /* Feed API */ = {
			isa = PBXGroup;
			children = (
				EA41C52029CB5BD200733FB1 /* RemoteFeedLoader.swift */,
				EA9372D229D6CD2B00AE997C /* FeedItemsMapper.swift */,
				EA4F95B629D5AB0800CF016E /* HTTPClient.swift */,
				EA3A193129E4154C00FB4ABA /* URLSessionHTTPClient.swift */,
				EA8396CF2A444DFF00B41E0A /* RemoteFeedItem.swift */,
			);
			path = "Feed API";
			sourceTree = "<group>";
		};
		EA74D3542A850D9C00288942 /* EssentialFeediOS */ = {
			isa = PBXGroup;
			children = (
				EA65C7312A8A36680096BDC8 /* FeedViewController.swift */,
			);
			path = EssentialFeediOS;
			sourceTree = "<group>";
		};
		EA74D3602A850D9D00288942 /* EssentialFeediOSTests */ = {
			isa = PBXGroup;
			children = (
				EAF4ABB02A862D1A00D108C3 /* FeedViewControllerTests.swift */,
				EAF4ABAF2A862D1A00D108C3 /* EssentialFeediOSTests-Bridging-Header.h */,
			);
			path = EssentialFeediOSTests;
			sourceTree = "<group>";
		};
		EA761F532A449FE9005D6E7F /* Helpers */ = {
			isa = PBXGroup;
			children = (
				EA761F542A44A000005D6E7F /* FeedStoreSpy.swift */,
				EA9165DF2A56D7090075AA52 /* FeedCacheTestHelpers.swift */,
			);
			path = Helpers;
			sourceTree = "<group>";
		};
		EA7A9E6A2A5EBA60004E879B /* FeedStoreSpecs */ = {
			isa = PBXGroup;
			children = (
				EA7A9E5F2A5E9812004E879B /* FeedStoreSpecs.swift */,
				EA7A9E612A5E9912004E879B /* XCTestCase+FeedStoreSpecs.swift */,
				EA7A9E632A5EB738004E879B /* XCTestCase+FailableRetrieveFeedStoreSpecs.swift */,
				EA7A9E652A5EB7EA004E879B /* XCTestCase+FailableInsertFeedStoreSpecs.swift */,
				EA7A9E672A5EB8C6004E879B /* XCTestCase+FailableDeleteFeedStoreSpecs.swift */,
			);
			path = FeedStoreSpecs;
			sourceTree = "<group>";
		};
		EA9372D429D6F33700AE997C /* Feed API */ = {
			isa = PBXGroup;
			children = (
				EA986ED329C9F02B003611C5 /* LoadFeedFromRemoteUseCaseTests.swift */,
				EAACE5C729DC2F3B003E8D82 /* URLSessionHTTPClientTests.swift */,
			);
			path = "Feed API";
			sourceTree = "<group>";
		};
		EA97C5C929DD905C003587F9 /* Helpers */ = {
			isa = PBXGroup;
			children = (
				EA97C5CA29DD90A1003587F9 /*  XCTestCase+MemoryLeakTracking.swift */,
				EA9165E12A56D8DE0075AA52 /* SharedTestHelpers.swift */,
			);
			path = Helpers;
			sourceTree = "<group>";
		};
		EA986EA429C9C237003611C5 = {
			isa = PBXGroup;
			children = (
				EA986EB029C9C237003611C5 /* EssentialFeed */,
				EA986EBC29C9C237003611C5 /* EssentialFeedTests */,
				EAE8DFD429E5B55000B57096 /* EssentialFeedAPIEndToEndTests */,
				EACD007F2A615C480015FB29 /* EssentialFeedCacheIntegrationTests */,
				EA74D3542A850D9C00288942 /* EssentialFeediOS */,
				EA74D3602A850D9D00288942 /* EssentialFeediOSTests */,
				EA986EAF29C9C237003611C5 /* Products */,
				EAF4ABB22A863D3500D108C3 /* Frameworks */,
			);
			sourceTree = "<group>";
		};
		EA986EAF29C9C237003611C5 /* Products */ = {
			isa = PBXGroup;
			children = (
				EA986EAE29C9C237003611C5 /* EssentialFeed.framework */,
				EA986EB829C9C237003611C5 /* EssentialFeedTests.xctest */,
				EAE8DFD329E5B55000B57096 /* EssentialFeedAPIEndToEndTests.xctest */,
				EACD007E2A615C480015FB29 /* EssentialFeedCacheIntegrationTests.xctest */,
				EA74D3532A850D9C00288942 /* EssentialFeediOS.framework */,
				EA74D35C2A850D9C00288942 /* EssentialFeediOSTests.xctest */,
			);
			name = Products;
			sourceTree = "<group>";
		};
		EA986EB029C9C237003611C5 /* EssentialFeed */ = {
			isa = PBXGroup;
			children = (
				EAB6FC1B2A436B990031157D /* Feed Cache */,
				EA986ECD29C9C957003611C5 /* Feed Feature */,
				EA41C51F29CB5B9A00733FB1 /* Feed API */,
				EA986EB129C9C237003611C5 /* EssentialFeed.h */,
				EA986EB229C9C237003611C5 /* EssentialFeed.docc */,
			);
			path = EssentialFeed;
			sourceTree = "<group>";
		};
		EA986EBC29C9C237003611C5 /* EssentialFeedTests */ = {
			isa = PBXGroup;
			children = (
				EA97C5C929DD905C003587F9 /* Helpers */,
				EAD0AC562A40706E00F37D73 /* Feed Cache */,
				EA9372D429D6F33700AE997C /* Feed API */,
				EA986EBD29C9C237003611C5 /* EssentialFeedTests.swift */,
			);
			path = EssentialFeedTests;
			sourceTree = "<group>";
		};
		EA986ECD29C9C957003611C5 /* Feed Feature */ = {
			isa = PBXGroup;
			children = (
				EA986EC829C9C253003611C5 /* FeedImage.swift */,
				EA986ECA29C9C2FD003611C5 /* FeedLoader.swift */,
			);
			path = "Feed Feature";
			sourceTree = "<group>";
		};
		EAB6FC1B2A436B990031157D /* Feed Cache */ = {
			isa = PBXGroup;
			children = (
				EA2701BE2A61546900BD25C7 /* Infrastructure */,
				EAB6FC1C2A436BA50031157D /* LocalFeedLoader.swift */,
				EAB6FC1E2A436CEE0031157D /* FeedStore.swift */,
				EA8396D12A444E6000B41E0A /* LocalFeedImage.swift */,
				EA6F301A2A571E2900C683A5 /* FeedCachePolicy.swift */,
			);
			path = "Feed Cache";
			sourceTree = "<group>";
		};
		EACD007F2A615C480015FB29 /* EssentialFeedCacheIntegrationTests */ = {
			isa = PBXGroup;
			children = (
				EACD00802A615C480015FB29 /* EssentialFeedCacheIntegrationTests.swift */,
			);
			path = EssentialFeedCacheIntegrationTests;
			sourceTree = "<group>";
		};
		EAD0AC562A40706E00F37D73 /* Feed Cache */ = {
			isa = PBXGroup;
			children = (
				EA761F532A449FE9005D6E7F /* Helpers */,
				EA7A9E6A2A5EBA60004E879B /* FeedStoreSpecs */,
				EAD0AC572A4070AE00F37D73 /* CacheFeedUseCaseTests.swift */,
				EA761F512A449EBA005D6E7F /* LoadFeedFromCacheUseCaseTests.swift */,
				EA0A5F422A55C6E7002DC287 /* ValidateFeedCacheUseCaseTests.swift */,
				EACCE6852A5ECFF5009457E8 /* CoreDataFeedStoreTests.swift */,
			);
			path = "Feed Cache";
			sourceTree = "<group>";
		};
		EAE8DFD429E5B55000B57096 /* EssentialFeedAPIEndToEndTests */ = {
			isa = PBXGroup;
			children = (
				EAE8DFD529E5B55000B57096 /* EssentialFeedAPIEndToEndTests.swift */,
			);
			path = EssentialFeedAPIEndToEndTests;
			sourceTree = "<group>";
		};
		EAF4ABB22A863D3500D108C3 /* Frameworks */ = {
			isa = PBXGroup;
			children = (
			);
			name = Frameworks;
			sourceTree = "<group>";
		};
/* End PBXGroup section */

/* Begin PBXHeadersBuildPhase section */
		EA74D34E2A850D9C00288942 /* Headers */ = {
			isa = PBXHeadersBuildPhase;
			buildActionMask = 2147483647;
			files = (
			);
			runOnlyForDeploymentPostprocessing = 0;
		};
		EA986EA929C9C237003611C5 /* Headers */ = {
			isa = PBXHeadersBuildPhase;
			buildActionMask = 2147483647;
			files = (
				EA986EBF29C9C237003611C5 /* EssentialFeed.h in Headers */,
			);
			runOnlyForDeploymentPostprocessing = 0;
		};
/* End PBXHeadersBuildPhase section */

/* Begin PBXNativeTarget section */
		EA74D3522A850D9C00288942 /* EssentialFeediOS */ = {
			isa = PBXNativeTarget;
			buildConfigurationList = EA74D3642A850D9D00288942 /* Build configuration list for PBXNativeTarget "EssentialFeediOS" */;
			buildPhases = (
				EA74D34E2A850D9C00288942 /* Headers */,
				EA74D34F2A850D9C00288942 /* Sources */,
				EA74D3502A850D9C00288942 /* Frameworks */,
				EA74D3512A850D9C00288942 /* Resources */,
				EAF4ABB72A863D3500D108C3 /* Embed Frameworks */,
			);
			buildRules = (
			);
			dependencies = (
				EAF4ABB62A863D3500D108C3 /* PBXTargetDependency */,
			);
			name = EssentialFeediOS;
			productName = EssentialFeediOS;
			productReference = EA74D3532A850D9C00288942 /* EssentialFeediOS.framework */;
			productType = "com.apple.product-type.framework";
		};
		EA74D35B2A850D9C00288942 /* EssentialFeediOSTests */ = {
			isa = PBXNativeTarget;
			buildConfigurationList = EA74D3672A850D9D00288942 /* Build configuration list for PBXNativeTarget "EssentialFeediOSTests" */;
			buildPhases = (
				EA74D3582A850D9C00288942 /* Sources */,
				EA74D3592A850D9C00288942 /* Frameworks */,
				EA74D35A2A850D9C00288942 /* Resources */,
			);
			buildRules = (
			);
			dependencies = (
				EA74D35F2A850D9C00288942 /* PBXTargetDependency */,
			);
			name = EssentialFeediOSTests;
			productName = EssentialFeediOSTests;
			productReference = EA74D35C2A850D9C00288942 /* EssentialFeediOSTests.xctest */;
			productType = "com.apple.product-type.bundle.unit-test";
		};
		EA986EAD29C9C237003611C5 /* EssentialFeed */ = {
			isa = PBXNativeTarget;
			buildConfigurationList = EA986EC229C9C237003611C5 /* Build configuration list for PBXNativeTarget "EssentialFeed" */;
			buildPhases = (
				EA986EA929C9C237003611C5 /* Headers */,
				EA986EAA29C9C237003611C5 /* Sources */,
				EA986EAB29C9C237003611C5 /* Frameworks */,
				EA986EAC29C9C237003611C5 /* Resources */,
			);
			buildRules = (
			);
			dependencies = (
			);
			name = EssentialFeed;
			productName = EssentialFeed;
			productReference = EA986EAE29C9C237003611C5 /* EssentialFeed.framework */;
			productType = "com.apple.product-type.framework";
		};
		EA986EB729C9C237003611C5 /* EssentialFeedTests */ = {
			isa = PBXNativeTarget;
			buildConfigurationList = EA986EC529C9C237003611C5 /* Build configuration list for PBXNativeTarget "EssentialFeedTests" */;
			buildPhases = (
				EA986EB429C9C237003611C5 /* Sources */,
				EA986EB529C9C237003611C5 /* Frameworks */,
				EA986EB629C9C237003611C5 /* Resources */,
			);
			buildRules = (
			);
			dependencies = (
				EA986EBB29C9C237003611C5 /* PBXTargetDependency */,
			);
			name = EssentialFeedTests;
			productName = EssentialFeedTests;
			productReference = EA986EB829C9C237003611C5 /* EssentialFeedTests.xctest */;
			productType = "com.apple.product-type.bundle.unit-test";
		};
		EACD007D2A615C480015FB29 /* EssentialFeedCacheIntegrationTests */ = {
			isa = PBXNativeTarget;
			buildConfigurationList = EACD00872A615C480015FB29 /* Build configuration list for PBXNativeTarget "EssentialFeedCacheIntegrationTests" */;
			buildPhases = (
				EACD007A2A615C480015FB29 /* Sources */,
				EACD007B2A615C480015FB29 /* Frameworks */,
				EACD007C2A615C480015FB29 /* Resources */,
			);
			buildRules = (
			);
			dependencies = (
				EACD00842A615C480015FB29 /* PBXTargetDependency */,
			);
			name = EssentialFeedCacheIntegrationTests;
			productName = EssentialFeedCacheIntegrationTests;
			productReference = EACD007E2A615C480015FB29 /* EssentialFeedCacheIntegrationTests.xctest */;
			productType = "com.apple.product-type.bundle.unit-test";
		};
		EAE8DFD229E5B55000B57096 /* EssentialFeedAPIEndToEndTests */ = {
			isa = PBXNativeTarget;
			buildConfigurationList = EAE8DFDC29E5B55000B57096 /* Build configuration list for PBXNativeTarget "EssentialFeedAPIEndToEndTests" */;
			buildPhases = (
				EAE8DFCF29E5B55000B57096 /* Sources */,
				EAE8DFD029E5B55000B57096 /* Frameworks */,
				EAE8DFD129E5B55000B57096 /* Resources */,
			);
			buildRules = (
			);
			dependencies = (
				EAE8DFD929E5B55000B57096 /* PBXTargetDependency */,
			);
			name = EssentialFeedAPIEndToEndTests;
			productName = EssentialFeedAPIEndToEndTests;
			productReference = EAE8DFD329E5B55000B57096 /* EssentialFeedAPIEndToEndTests.xctest */;
			productType = "com.apple.product-type.bundle.unit-test";
		};
/* End PBXNativeTarget section */

/* Begin PBXProject section */
		EA986EA529C9C237003611C5 /* Project object */ = {
			isa = PBXProject;
			attributes = {
				BuildIndependentTargetsInParallel = 1;
				LastSwiftUpdateCheck = 1430;
				LastUpgradeCheck = 1430;
				TargetAttributes = {
					EA74D3522A850D9C00288942 = {
						CreatedOnToolsVersion = 14.3.1;
						LastSwiftMigration = 1430;
					};
					EA74D35B2A850D9C00288942 = {
						CreatedOnToolsVersion = 14.3.1;
						LastSwiftMigration = 1430;
					};
					EA986EAD29C9C237003611C5 = {
						CreatedOnToolsVersion = 14.2;
					};
					EA986EB729C9C237003611C5 = {
						CreatedOnToolsVersion = 14.2;
					};
					EACD007D2A615C480015FB29 = {
						CreatedOnToolsVersion = 14.3;
					};
					EAE8DFD229E5B55000B57096 = {
						CreatedOnToolsVersion = 14.2;
					};
				};
			};
			buildConfigurationList = EA986EA829C9C237003611C5 /* Build configuration list for PBXProject "EssentialFeed" */;
			compatibilityVersion = "Xcode 14.0";
			developmentRegion = en;
			hasScannedForEncodings = 0;
			knownRegions = (
				en,
				Base,
			);
			mainGroup = EA986EA429C9C237003611C5;
			productRefGroup = EA986EAF29C9C237003611C5 /* Products */;
			projectDirPath = "";
			projectRoot = "";
			targets = (
				EA986EAD29C9C237003611C5 /* EssentialFeed */,
				EA986EB729C9C237003611C5 /* EssentialFeedTests */,
				EAE8DFD229E5B55000B57096 /* EssentialFeedAPIEndToEndTests */,
				EACD007D2A615C480015FB29 /* EssentialFeedCacheIntegrationTests */,
				EA74D3522A850D9C00288942 /* EssentialFeediOS */,
				EA74D35B2A850D9C00288942 /* EssentialFeediOSTests */,
			);
		};
/* End PBXProject section */

/* Begin PBXResourcesBuildPhase section */
		EA74D3512A850D9C00288942 /* Resources */ = {
			isa = PBXResourcesBuildPhase;
			buildActionMask = 2147483647;
			files = (
			);
			runOnlyForDeploymentPostprocessing = 0;
		};
		EA74D35A2A850D9C00288942 /* Resources */ = {
			isa = PBXResourcesBuildPhase;
			buildActionMask = 2147483647;
			files = (
			);
			runOnlyForDeploymentPostprocessing = 0;
		};
		EA986EAC29C9C237003611C5 /* Resources */ = {
			isa = PBXResourcesBuildPhase;
			buildActionMask = 2147483647;
			files = (
			);
			runOnlyForDeploymentPostprocessing = 0;
		};
		EA986EB629C9C237003611C5 /* Resources */ = {
			isa = PBXResourcesBuildPhase;
			buildActionMask = 2147483647;
			files = (
			);
			runOnlyForDeploymentPostprocessing = 0;
		};
		EACD007C2A615C480015FB29 /* Resources */ = {
			isa = PBXResourcesBuildPhase;
			buildActionMask = 2147483647;
			files = (
			);
			runOnlyForDeploymentPostprocessing = 0;
		};
		EAE8DFD129E5B55000B57096 /* Resources */ = {
			isa = PBXResourcesBuildPhase;
			buildActionMask = 2147483647;
			files = (
			);
			runOnlyForDeploymentPostprocessing = 0;
		};
/* End PBXResourcesBuildPhase section */

/* Begin PBXSourcesBuildPhase section */
		EA74D34F2A850D9C00288942 /* Sources */ = {
			isa = PBXSourcesBuildPhase;
			buildActionMask = 2147483647;
			files = (
				EA65C7322A8A36680096BDC8 /* FeedViewController.swift in Sources */,
			);
			runOnlyForDeploymentPostprocessing = 0;
		};
		EA74D3582A850D9C00288942 /* Sources */ = {
			isa = PBXSourcesBuildPhase;
			buildActionMask = 2147483647;
			files = (
				EAF4ABB82A86420800D108C3 /*  XCTestCase+MemoryLeakTracking.swift in Sources */,
				EAF4ABB12A862D1A00D108C3 /* FeedViewControllerTests.swift in Sources */,
			);
			runOnlyForDeploymentPostprocessing = 0;
		};
		EA986EAA29C9C237003611C5 /* Sources */ = {
			isa = PBXSourcesBuildPhase;
			buildActionMask = 2147483647;
			files = (
				EA8396D22A444E6000B41E0A /* LocalFeedImage.swift in Sources */,
				EA49190D2A60068E000B4D2D /* FeedStore.xcdatamodeld in Sources */,
				EAB6FC1F2A436CEE0031157D /* FeedStore.swift in Sources */,
				EA3A193229E4154C00FB4ABA /* URLSessionHTTPClient.swift in Sources */,
				EA9372D329D6CD2B00AE997C /* FeedItemsMapper.swift in Sources */,
				EA41C52129CB5BD200733FB1 /* RemoteFeedLoader.swift in Sources */,
				EA2701C22A6155BD00BD25C7 /* CoreDataHelpers.swift in Sources */,
				EA4F95B729D5AB0800CF016E /* HTTPClient.swift in Sources */,
				EACCE6882A5ED06F009457E8 /* CoreDataFeedStore.swift in Sources */,
				EA2701C42A61565D00BD25C7 /* ManagedCache.swift in Sources */,
				EA986ECB29C9C2FD003611C5 /* FeedLoader.swift in Sources */,
				EA8396D02A444DFF00B41E0A /* RemoteFeedItem.swift in Sources */,
				EA6F301B2A571E2900C683A5 /* FeedCachePolicy.swift in Sources */,
				EA986EC929C9C253003611C5 /* FeedImage.swift in Sources */,
				EA2701C62A61566800BD25C7 /* ManagedFeedImage.swift in Sources */,
				EAB6FC1D2A436BA50031157D /* LocalFeedLoader.swift in Sources */,
				EA986EB329C9C237003611C5 /* EssentialFeed.docc in Sources */,
			);
			runOnlyForDeploymentPostprocessing = 0;
		};
		EA986EB429C9C237003611C5 /* Sources */ = {
			isa = PBXSourcesBuildPhase;
			buildActionMask = 2147483647;
			files = (
				EA7A9E622A5E9912004E879B /* XCTestCase+FeedStoreSpecs.swift in Sources */,
				EA986ED429C9F02B003611C5 /* LoadFeedFromRemoteUseCaseTests.swift in Sources */,
				EACCE6862A5ECFF5009457E8 /* CoreDataFeedStoreTests.swift in Sources */,
				EA7A9E642A5EB738004E879B /* XCTestCase+FailableRetrieveFeedStoreSpecs.swift in Sources */,
				EAACE5C829DC2F3B003E8D82 /* URLSessionHTTPClientTests.swift in Sources */,
				EA9165E22A56D8DE0075AA52 /* SharedTestHelpers.swift in Sources */,
				EA97C5CB29DD90A1003587F9 /*  XCTestCase+MemoryLeakTracking.swift in Sources */,
				EAD0AC582A4070AE00F37D73 /* CacheFeedUseCaseTests.swift in Sources */,
				EA9165E02A56D7090075AA52 /* FeedCacheTestHelpers.swift in Sources */,
				EA0A5F432A55C6E7002DC287 /* ValidateFeedCacheUseCaseTests.swift in Sources */,
				EA761F552A44A000005D6E7F /* FeedStoreSpy.swift in Sources */,
				EA761F522A449EBA005D6E7F /* LoadFeedFromCacheUseCaseTests.swift in Sources */,
				EA7A9E682A5EB8C6004E879B /* XCTestCase+FailableDeleteFeedStoreSpecs.swift in Sources */,
				EA7A9E602A5E9812004E879B /* FeedStoreSpecs.swift in Sources */,
				EA986EBE29C9C237003611C5 /* EssentialFeedTests.swift in Sources */,
				EA7A9E662A5EB7EA004E879B /* XCTestCase+FailableInsertFeedStoreSpecs.swift in Sources */,
			);
			runOnlyForDeploymentPostprocessing = 0;
		};
		EACD007A2A615C480015FB29 /* Sources */ = {
			isa = PBXSourcesBuildPhase;
			buildActionMask = 2147483647;
			files = (
				EAD6DB822A616273008CFC4D /* FeedCacheTestHelpers.swift in Sources */,
				EACD00882A6160200015FB29 /*  XCTestCase+MemoryLeakTracking.swift in Sources */,
				EACD00812A615C480015FB29 /* EssentialFeedCacheIntegrationTests.swift in Sources */,
				EAD6DB812A61626D008CFC4D /* SharedTestHelpers.swift in Sources */,
			);
			runOnlyForDeploymentPostprocessing = 0;
		};
		EAE8DFCF29E5B55000B57096 /* Sources */ = {
			isa = PBXSourcesBuildPhase;
			buildActionMask = 2147483647;
			files = (
				EA02C90E29E5C6AC00DA4D0C /*  XCTestCase+MemoryLeakTracking.swift in Sources */,
				EAE8DFD629E5B55000B57096 /* EssentialFeedAPIEndToEndTests.swift in Sources */,
			);
			runOnlyForDeploymentPostprocessing = 0;
		};
/* End PBXSourcesBuildPhase section */

/* Begin PBXTargetDependency section */
		EA74D35F2A850D9C00288942 /* PBXTargetDependency */ = {
			isa = PBXTargetDependency;
			target = EA74D3522A850D9C00288942 /* EssentialFeediOS */;
			targetProxy = EA74D35E2A850D9C00288942 /* PBXContainerItemProxy */;
		};
		EA986EBB29C9C237003611C5 /* PBXTargetDependency */ = {
			isa = PBXTargetDependency;
			target = EA986EAD29C9C237003611C5 /* EssentialFeed */;
			targetProxy = EA986EBA29C9C237003611C5 /* PBXContainerItemProxy */;
		};
		EACD00842A615C480015FB29 /* PBXTargetDependency */ = {
			isa = PBXTargetDependency;
			target = EA986EAD29C9C237003611C5 /* EssentialFeed */;
			targetProxy = EACD00832A615C480015FB29 /* PBXContainerItemProxy */;
		};
		EAE8DFD929E5B55000B57096 /* PBXTargetDependency */ = {
			isa = PBXTargetDependency;
			target = EA986EAD29C9C237003611C5 /* EssentialFeed */;
			targetProxy = EAE8DFD829E5B55000B57096 /* PBXContainerItemProxy */;
		};
		EAF4ABB62A863D3500D108C3 /* PBXTargetDependency */ = {
			isa = PBXTargetDependency;
			platformFilter = ios;
			target = EA986EAD29C9C237003611C5 /* EssentialFeed */;
			targetProxy = EAF4ABB52A863D3500D108C3 /* PBXContainerItemProxy */;
		};
/* End PBXTargetDependency section */

/* Begin XCBuildConfiguration section */
		EA74D3652A850D9D00288942 /* Debug */ = {
			isa = XCBuildConfiguration;
			buildSettings = {
				CLANG_ENABLE_MODULES = YES;
				CODE_SIGN_STYLE = Automatic;
				CURRENT_PROJECT_VERSION = 1;
				DEFINES_MODULE = YES;
				DEVELOPMENT_TEAM = CUCRU7QZBE;
				DYLIB_COMPATIBILITY_VERSION = 1;
				DYLIB_CURRENT_VERSION = 1;
				DYLIB_INSTALL_NAME_BASE = "@rpath";
				ENABLE_MODULE_VERIFIER = YES;
				GENERATE_INFOPLIST_FILE = YES;
				INFOPLIST_KEY_NSHumanReadableCopyright = "";
				INSTALL_PATH = "$(LOCAL_LIBRARY_DIR)/Frameworks";
				IPHONEOS_DEPLOYMENT_TARGET = 16.4;
				LD_RUNPATH_SEARCH_PATHS = (
					"$(inherited)",
					"@executable_path/Frameworks",
					"@loader_path/Frameworks",
				);
				MARKETING_VERSION = 1.0;
				MODULE_VERIFIER_SUPPORTED_LANGUAGES = "objective-c objective-c++";
				MODULE_VERIFIER_SUPPORTED_LANGUAGE_STANDARDS = "gnu11 gnu++20";
				PRODUCT_BUNDLE_IDENTIFIER = Katana.EssentialFeediOS;
				PRODUCT_NAME = "$(TARGET_NAME:c99extidentifier)";
				SDKROOT = iphoneos;
				SKIP_INSTALL = YES;
				SWIFT_EMIT_LOC_STRINGS = YES;
				SWIFT_OPTIMIZATION_LEVEL = "-Onone";
				SWIFT_VERSION = 5.0;
				TARGETED_DEVICE_FAMILY = "1,2";
			};
			name = Debug;
		};
		EA74D3662A850D9D00288942 /* Release */ = {
			isa = XCBuildConfiguration;
			buildSettings = {
				CLANG_ENABLE_MODULES = YES;
				CODE_SIGN_STYLE = Automatic;
				CURRENT_PROJECT_VERSION = 1;
				DEFINES_MODULE = YES;
				DEVELOPMENT_TEAM = CUCRU7QZBE;
				DYLIB_COMPATIBILITY_VERSION = 1;
				DYLIB_CURRENT_VERSION = 1;
				DYLIB_INSTALL_NAME_BASE = "@rpath";
				ENABLE_MODULE_VERIFIER = YES;
				GENERATE_INFOPLIST_FILE = YES;
				INFOPLIST_KEY_NSHumanReadableCopyright = "";
				INSTALL_PATH = "$(LOCAL_LIBRARY_DIR)/Frameworks";
				IPHONEOS_DEPLOYMENT_TARGET = 16.4;
				LD_RUNPATH_SEARCH_PATHS = (
					"$(inherited)",
					"@executable_path/Frameworks",
					"@loader_path/Frameworks",
				);
				MARKETING_VERSION = 1.0;
				MODULE_VERIFIER_SUPPORTED_LANGUAGES = "objective-c objective-c++";
				MODULE_VERIFIER_SUPPORTED_LANGUAGE_STANDARDS = "gnu11 gnu++20";
				PRODUCT_BUNDLE_IDENTIFIER = Katana.EssentialFeediOS;
				PRODUCT_NAME = "$(TARGET_NAME:c99extidentifier)";
				SDKROOT = iphoneos;
				SKIP_INSTALL = YES;
				SWIFT_EMIT_LOC_STRINGS = YES;
				SWIFT_VERSION = 5.0;
				TARGETED_DEVICE_FAMILY = "1,2";
				VALIDATE_PRODUCT = YES;
			};
			name = Release;
		};
		EA74D3682A850D9D00288942 /* Debug */ = {
			isa = XCBuildConfiguration;
			buildSettings = {
				ALWAYS_EMBED_SWIFT_STANDARD_LIBRARIES = YES;
				CLANG_ENABLE_MODULES = YES;
				CODE_SIGN_STYLE = Automatic;
				CURRENT_PROJECT_VERSION = 1;
				DEVELOPMENT_TEAM = CUCRU7QZBE;
				GENERATE_INFOPLIST_FILE = YES;
				IPHONEOS_DEPLOYMENT_TARGET = 16.4;
				MARKETING_VERSION = 1.0;
				PRODUCT_BUNDLE_IDENTIFIER = Katana.EssentialFeediOSTests;
				PRODUCT_NAME = "$(TARGET_NAME)";
				SDKROOT = iphoneos;
				SWIFT_EMIT_LOC_STRINGS = NO;
				SWIFT_OBJC_BRIDGING_HEADER = "EssentialFeediOSTests/EssentialFeediOSTests-Bridging-Header.h";
				SWIFT_OPTIMIZATION_LEVEL = "-Onone";
				SWIFT_VERSION = 5.0;
				TARGETED_DEVICE_FAMILY = "1,2";
			};
			name = Debug;
		};
		EA74D3692A850D9D00288942 /* Release */ = {
			isa = XCBuildConfiguration;
			buildSettings = {
				ALWAYS_EMBED_SWIFT_STANDARD_LIBRARIES = YES;
				CLANG_ENABLE_MODULES = YES;
				CODE_SIGN_STYLE = Automatic;
				CURRENT_PROJECT_VERSION = 1;
				DEVELOPMENT_TEAM = CUCRU7QZBE;
				GENERATE_INFOPLIST_FILE = YES;
				IPHONEOS_DEPLOYMENT_TARGET = 16.4;
				MARKETING_VERSION = 1.0;
				PRODUCT_BUNDLE_IDENTIFIER = Katana.EssentialFeediOSTests;
				PRODUCT_NAME = "$(TARGET_NAME)";
				SDKROOT = iphoneos;
				SWIFT_EMIT_LOC_STRINGS = NO;
				SWIFT_OBJC_BRIDGING_HEADER = "EssentialFeediOSTests/EssentialFeediOSTests-Bridging-Header.h";
				SWIFT_VERSION = 5.0;
				TARGETED_DEVICE_FAMILY = "1,2";
				VALIDATE_PRODUCT = YES;
			};
			name = Release;
		};
		EA986EC029C9C237003611C5 /* Debug */ = {
			isa = XCBuildConfiguration;
			buildSettings = {
				ALWAYS_SEARCH_USER_PATHS = NO;
				CLANG_ANALYZER_NONNULL = YES;
				CLANG_ANALYZER_NUMBER_OBJECT_CONVERSION = YES_AGGRESSIVE;
				CLANG_CXX_LANGUAGE_STANDARD = "gnu++20";
				CLANG_ENABLE_MODULES = YES;
				CLANG_ENABLE_OBJC_ARC = YES;
				CLANG_ENABLE_OBJC_WEAK = YES;
				CLANG_WARN_BLOCK_CAPTURE_AUTORELEASING = YES;
				CLANG_WARN_BOOL_CONVERSION = YES;
				CLANG_WARN_COMMA = YES;
				CLANG_WARN_CONSTANT_CONVERSION = YES;
				CLANG_WARN_DEPRECATED_OBJC_IMPLEMENTATIONS = YES;
				CLANG_WARN_DIRECT_OBJC_ISA_USAGE = YES_ERROR;
				CLANG_WARN_DOCUMENTATION_COMMENTS = YES;
				CLANG_WARN_EMPTY_BODY = YES;
				CLANG_WARN_ENUM_CONVERSION = YES;
				CLANG_WARN_INFINITE_RECURSION = YES;
				CLANG_WARN_INT_CONVERSION = YES;
				CLANG_WARN_NON_LITERAL_NULL_CONVERSION = YES;
				CLANG_WARN_OBJC_IMPLICIT_RETAIN_SELF = YES;
				CLANG_WARN_OBJC_LITERAL_CONVERSION = YES;
				CLANG_WARN_OBJC_ROOT_CLASS = YES_ERROR;
				CLANG_WARN_QUOTED_INCLUDE_IN_FRAMEWORK_HEADER = YES;
				CLANG_WARN_RANGE_LOOP_ANALYSIS = YES;
				CLANG_WARN_STRICT_PROTOTYPES = YES;
				CLANG_WARN_SUSPICIOUS_MOVE = YES;
				CLANG_WARN_UNGUARDED_AVAILABILITY = YES_AGGRESSIVE;
				CLANG_WARN_UNREACHABLE_CODE = YES;
				CLANG_WARN__DUPLICATE_METHOD_MATCH = YES;
				COPY_PHASE_STRIP = NO;
				CURRENT_PROJECT_VERSION = 1;
				DEAD_CODE_STRIPPING = YES;
				DEBUG_INFORMATION_FORMAT = dwarf;
				ENABLE_STRICT_OBJC_MSGSEND = YES;
				ENABLE_TESTABILITY = YES;
				GCC_C_LANGUAGE_STANDARD = gnu11;
				GCC_DYNAMIC_NO_PIC = NO;
				GCC_NO_COMMON_BLOCKS = YES;
				GCC_OPTIMIZATION_LEVEL = 0;
				GCC_PREPROCESSOR_DEFINITIONS = (
					"DEBUG=1",
					"$(inherited)",
				);
				GCC_WARN_64_TO_32_BIT_CONVERSION = YES;
				GCC_WARN_ABOUT_RETURN_TYPE = YES_ERROR;
				GCC_WARN_UNDECLARED_SELECTOR = YES;
				GCC_WARN_UNINITIALIZED_AUTOS = YES_AGGRESSIVE;
				GCC_WARN_UNUSED_FUNCTION = YES;
				GCC_WARN_UNUSED_VARIABLE = YES;
				MACOSX_DEPLOYMENT_TARGET = 12.6;
				MTL_ENABLE_DEBUG_INFO = INCLUDE_SOURCE;
				MTL_FAST_MATH = YES;
				ONLY_ACTIVE_ARCH = YES;
				SDKROOT = macosx;
				SWIFT_ACTIVE_COMPILATION_CONDITIONS = DEBUG;
				SWIFT_OPTIMIZATION_LEVEL = "-Onone";
				VERSIONING_SYSTEM = "apple-generic";
				VERSION_INFO_PREFIX = "";
			};
			name = Debug;
		};
		EA986EC129C9C237003611C5 /* Release */ = {
			isa = XCBuildConfiguration;
			buildSettings = {
				ALWAYS_SEARCH_USER_PATHS = NO;
				CLANG_ANALYZER_NONNULL = YES;
				CLANG_ANALYZER_NUMBER_OBJECT_CONVERSION = YES_AGGRESSIVE;
				CLANG_CXX_LANGUAGE_STANDARD = "gnu++20";
				CLANG_ENABLE_MODULES = YES;
				CLANG_ENABLE_OBJC_ARC = YES;
				CLANG_ENABLE_OBJC_WEAK = YES;
				CLANG_WARN_BLOCK_CAPTURE_AUTORELEASING = YES;
				CLANG_WARN_BOOL_CONVERSION = YES;
				CLANG_WARN_COMMA = YES;
				CLANG_WARN_CONSTANT_CONVERSION = YES;
				CLANG_WARN_DEPRECATED_OBJC_IMPLEMENTATIONS = YES;
				CLANG_WARN_DIRECT_OBJC_ISA_USAGE = YES_ERROR;
				CLANG_WARN_DOCUMENTATION_COMMENTS = YES;
				CLANG_WARN_EMPTY_BODY = YES;
				CLANG_WARN_ENUM_CONVERSION = YES;
				CLANG_WARN_INFINITE_RECURSION = YES;
				CLANG_WARN_INT_CONVERSION = YES;
				CLANG_WARN_NON_LITERAL_NULL_CONVERSION = YES;
				CLANG_WARN_OBJC_IMPLICIT_RETAIN_SELF = YES;
				CLANG_WARN_OBJC_LITERAL_CONVERSION = YES;
				CLANG_WARN_OBJC_ROOT_CLASS = YES_ERROR;
				CLANG_WARN_QUOTED_INCLUDE_IN_FRAMEWORK_HEADER = YES;
				CLANG_WARN_RANGE_LOOP_ANALYSIS = YES;
				CLANG_WARN_STRICT_PROTOTYPES = YES;
				CLANG_WARN_SUSPICIOUS_MOVE = YES;
				CLANG_WARN_UNGUARDED_AVAILABILITY = YES_AGGRESSIVE;
				CLANG_WARN_UNREACHABLE_CODE = YES;
				CLANG_WARN__DUPLICATE_METHOD_MATCH = YES;
				COPY_PHASE_STRIP = NO;
				CURRENT_PROJECT_VERSION = 1;
				DEAD_CODE_STRIPPING = YES;
				DEBUG_INFORMATION_FORMAT = "dwarf-with-dsym";
				ENABLE_NS_ASSERTIONS = NO;
				ENABLE_STRICT_OBJC_MSGSEND = YES;
				GCC_C_LANGUAGE_STANDARD = gnu11;
				GCC_NO_COMMON_BLOCKS = YES;
				GCC_WARN_64_TO_32_BIT_CONVERSION = YES;
				GCC_WARN_ABOUT_RETURN_TYPE = YES_ERROR;
				GCC_WARN_UNDECLARED_SELECTOR = YES;
				GCC_WARN_UNINITIALIZED_AUTOS = YES_AGGRESSIVE;
				GCC_WARN_UNUSED_FUNCTION = YES;
				GCC_WARN_UNUSED_VARIABLE = YES;
				MACOSX_DEPLOYMENT_TARGET = 12.6;
				MTL_ENABLE_DEBUG_INFO = NO;
				MTL_FAST_MATH = YES;
				SDKROOT = macosx;
				SWIFT_COMPILATION_MODE = wholemodule;
				SWIFT_OPTIMIZATION_LEVEL = "-O";
				VERSIONING_SYSTEM = "apple-generic";
				VERSION_INFO_PREFIX = "";
			};
			name = Release;
		};
		EA986EC329C9C237003611C5 /* Debug */ = {
			isa = XCBuildConfiguration;
			buildSettings = {
				CODE_SIGN_IDENTITY = "";
				CODE_SIGN_STYLE = Automatic;
				COMBINE_HIDPI_IMAGES = YES;
				CURRENT_PROJECT_VERSION = 1;
				DEAD_CODE_STRIPPING = YES;
				DEFINES_MODULE = YES;
				DEVELOPMENT_TEAM = CUCRU7QZBE;
				DYLIB_COMPATIBILITY_VERSION = 1;
				DYLIB_CURRENT_VERSION = 1;
				DYLIB_INSTALL_NAME_BASE = "@rpath";
				ENABLE_MODULE_VERIFIER = YES;
				GENERATE_INFOPLIST_FILE = YES;
				INFOPLIST_KEY_NSHumanReadableCopyright = "";
				INSTALL_PATH = "$(LOCAL_LIBRARY_DIR)/Frameworks";
				LD_RUNPATH_SEARCH_PATHS = (
					"$(inherited)",
					"@executable_path/../Frameworks",
					"@loader_path/Frameworks",
				);
				MARKETING_VERSION = 1.0;
				MODULE_VERIFIER_SUPPORTED_LANGUAGES = "objective-c objective-c++";
				MODULE_VERIFIER_SUPPORTED_LANGUAGE_STANDARDS = "gnu11 gnu++20";
				PRODUCT_BUNDLE_IDENTIFIER = Ljubo.EssentialFeed;
				PRODUCT_NAME = "$(TARGET_NAME:c99extidentifier)";
				SKIP_INSTALL = YES;
				SUPPORTED_PLATFORMS = "macosx iphoneos iphonesimulator";
				SWIFT_EMIT_LOC_STRINGS = YES;
				SWIFT_VERSION = 5.0;
			};
			name = Debug;
		};
		EA986EC429C9C237003611C5 /* Release */ = {
			isa = XCBuildConfiguration;
			buildSettings = {
				CODE_SIGN_IDENTITY = "";
				CODE_SIGN_STYLE = Automatic;
				COMBINE_HIDPI_IMAGES = YES;
				CURRENT_PROJECT_VERSION = 1;
				DEAD_CODE_STRIPPING = YES;
				DEFINES_MODULE = YES;
				DEVELOPMENT_TEAM = CUCRU7QZBE;
				DYLIB_COMPATIBILITY_VERSION = 1;
				DYLIB_CURRENT_VERSION = 1;
				DYLIB_INSTALL_NAME_BASE = "@rpath";
				ENABLE_MODULE_VERIFIER = YES;
				GENERATE_INFOPLIST_FILE = YES;
				INFOPLIST_KEY_NSHumanReadableCopyright = "";
				INSTALL_PATH = "$(LOCAL_LIBRARY_DIR)/Frameworks";
				LD_RUNPATH_SEARCH_PATHS = (
					"$(inherited)",
					"@executable_path/../Frameworks",
					"@loader_path/Frameworks",
				);
				MARKETING_VERSION = 1.0;
				MODULE_VERIFIER_SUPPORTED_LANGUAGES = "objective-c objective-c++";
				MODULE_VERIFIER_SUPPORTED_LANGUAGE_STANDARDS = "gnu11 gnu++20";
				PRODUCT_BUNDLE_IDENTIFIER = Ljubo.EssentialFeed;
				PRODUCT_NAME = "$(TARGET_NAME:c99extidentifier)";
				SKIP_INSTALL = YES;
				SUPPORTED_PLATFORMS = "macosx iphoneos iphonesimulator";
				SWIFT_EMIT_LOC_STRINGS = YES;
				SWIFT_VERSION = 5.0;
			};
			name = Release;
		};
		EA986EC629C9C237003611C5 /* Debug */ = {
			isa = XCBuildConfiguration;
			buildSettings = {
				ALWAYS_EMBED_SWIFT_STANDARD_LIBRARIES = YES;
				CODE_SIGN_STYLE = Automatic;
				CURRENT_PROJECT_VERSION = 1;
				DEAD_CODE_STRIPPING = YES;
				DEVELOPMENT_TEAM = CUCRU7QZBE;
				GENERATE_INFOPLIST_FILE = YES;
				MARKETING_VERSION = 1.0;
				PRODUCT_BUNDLE_IDENTIFIER = Ljubo.EssentialFeedTests;
				PRODUCT_NAME = "$(TARGET_NAME)";
				SUPPORTED_PLATFORMS = "macosx iphoneos iphonesimulator";
				SWIFT_EMIT_LOC_STRINGS = NO;
				SWIFT_VERSION = 5.0;
			};
			name = Debug;
		};
		EA986EC729C9C237003611C5 /* Release */ = {
			isa = XCBuildConfiguration;
			buildSettings = {
				ALWAYS_EMBED_SWIFT_STANDARD_LIBRARIES = YES;
				CODE_SIGN_STYLE = Automatic;
				CURRENT_PROJECT_VERSION = 1;
				DEAD_CODE_STRIPPING = YES;
				DEVELOPMENT_TEAM = CUCRU7QZBE;
				GENERATE_INFOPLIST_FILE = YES;
				MARKETING_VERSION = 1.0;
				PRODUCT_BUNDLE_IDENTIFIER = Ljubo.EssentialFeedTests;
				PRODUCT_NAME = "$(TARGET_NAME)";
				SUPPORTED_PLATFORMS = "macosx iphoneos iphonesimulator";
				SWIFT_EMIT_LOC_STRINGS = NO;
				SWIFT_VERSION = 5.0;
			};
			name = Release;
		};
		EACD00852A615C480015FB29 /* Debug */ = {
			isa = XCBuildConfiguration;
			buildSettings = {
				CODE_SIGN_STYLE = Automatic;
				CURRENT_PROJECT_VERSION = 1;
				DEAD_CODE_STRIPPING = YES;
				DEVELOPMENT_TEAM = CUCRU7QZBE;
				GENERATE_INFOPLIST_FILE = YES;
				MACOSX_DEPLOYMENT_TARGET = 12.6;
				MARKETING_VERSION = 1.0;
				PRODUCT_BUNDLE_IDENTIFIER = Katana.EssentialFeedCacheIntegrationTests;
				PRODUCT_NAME = "$(TARGET_NAME)";
				SUPPORTED_PLATFORMS = "macosx iphoneos iphonesimulator";
				SWIFT_EMIT_LOC_STRINGS = NO;
				SWIFT_VERSION = 5.0;
			};
			name = Debug;
		};
		EACD00862A615C480015FB29 /* Release */ = {
			isa = XCBuildConfiguration;
			buildSettings = {
				CODE_SIGN_STYLE = Automatic;
				CURRENT_PROJECT_VERSION = 1;
				DEAD_CODE_STRIPPING = YES;
				DEVELOPMENT_TEAM = CUCRU7QZBE;
				GENERATE_INFOPLIST_FILE = YES;
				MACOSX_DEPLOYMENT_TARGET = 12.6;
				MARKETING_VERSION = 1.0;
				PRODUCT_BUNDLE_IDENTIFIER = Katana.EssentialFeedCacheIntegrationTests;
				PRODUCT_NAME = "$(TARGET_NAME)";
				SUPPORTED_PLATFORMS = "macosx iphoneos iphonesimulator";
				SWIFT_EMIT_LOC_STRINGS = NO;
				SWIFT_VERSION = 5.0;
			};
			name = Release;
		};
		EAE8DFDA29E5B55000B57096 /* Debug */ = {
			isa = XCBuildConfiguration;
			buildSettings = {
				CODE_SIGN_STYLE = Automatic;
				CURRENT_PROJECT_VERSION = 1;
				DEAD_CODE_STRIPPING = YES;
				DEVELOPMENT_TEAM = CUCRU7QZBE;
				GENERATE_INFOPLIST_FILE = YES;
				MARKETING_VERSION = 1.0;
				PRODUCT_BUNDLE_IDENTIFIER = Example.EssentialFeedAPIEndToEndTests;
				PRODUCT_NAME = "$(TARGET_NAME)";
				SUPPORTED_PLATFORMS = "macosx iphoneos iphonesimulator";
				SWIFT_EMIT_LOC_STRINGS = NO;
				SWIFT_VERSION = 5.0;
			};
			name = Debug;
		};
		EAE8DFDB29E5B55000B57096 /* Release */ = {
			isa = XCBuildConfiguration;
			buildSettings = {
				CODE_SIGN_STYLE = Automatic;
				CURRENT_PROJECT_VERSION = 1;
				DEAD_CODE_STRIPPING = YES;
				DEVELOPMENT_TEAM = CUCRU7QZBE;
				GENERATE_INFOPLIST_FILE = YES;
				MARKETING_VERSION = 1.0;
				PRODUCT_BUNDLE_IDENTIFIER = Example.EssentialFeedAPIEndToEndTests;
				PRODUCT_NAME = "$(TARGET_NAME)";
				SUPPORTED_PLATFORMS = "macosx iphoneos iphonesimulator";
				SWIFT_EMIT_LOC_STRINGS = NO;
				SWIFT_VERSION = 5.0;
			};
			name = Release;
		};
/* End XCBuildConfiguration section */

/* Begin XCConfigurationList section */
		EA74D3642A850D9D00288942 /* Build configuration list for PBXNativeTarget "EssentialFeediOS" */ = {
			isa = XCConfigurationList;
			buildConfigurations = (
				EA74D3652A850D9D00288942 /* Debug */,
				EA74D3662A850D9D00288942 /* Release */,
			);
			defaultConfigurationIsVisible = 0;
			defaultConfigurationName = Release;
		};
		EA74D3672A850D9D00288942 /* Build configuration list for PBXNativeTarget "EssentialFeediOSTests" */ = {
			isa = XCConfigurationList;
			buildConfigurations = (
				EA74D3682A850D9D00288942 /* Debug */,
				EA74D3692A850D9D00288942 /* Release */,
			);
			defaultConfigurationIsVisible = 0;
			defaultConfigurationName = Release;
		};
		EA986EA829C9C237003611C5 /* Build configuration list for PBXProject "EssentialFeed" */ = {
			isa = XCConfigurationList;
			buildConfigurations = (
				EA986EC029C9C237003611C5 /* Debug */,
				EA986EC129C9C237003611C5 /* Release */,
			);
			defaultConfigurationIsVisible = 0;
			defaultConfigurationName = Release;
		};
		EA986EC229C9C237003611C5 /* Build configuration list for PBXNativeTarget "EssentialFeed" */ = {
			isa = XCConfigurationList;
			buildConfigurations = (
				EA986EC329C9C237003611C5 /* Debug */,
				EA986EC429C9C237003611C5 /* Release */,
			);
			defaultConfigurationIsVisible = 0;
			defaultConfigurationName = Release;
		};
		EA986EC529C9C237003611C5 /* Build configuration list for PBXNativeTarget "EssentialFeedTests" */ = {
			isa = XCConfigurationList;
			buildConfigurations = (
				EA986EC629C9C237003611C5 /* Debug */,
				EA986EC729C9C237003611C5 /* Release */,
			);
			defaultConfigurationIsVisible = 0;
			defaultConfigurationName = Release;
		};
		EACD00872A615C480015FB29 /* Build configuration list for PBXNativeTarget "EssentialFeedCacheIntegrationTests" */ = {
			isa = XCConfigurationList;
			buildConfigurations = (
				EACD00852A615C480015FB29 /* Debug */,
				EACD00862A615C480015FB29 /* Release */,
			);
			defaultConfigurationIsVisible = 0;
			defaultConfigurationName = Release;
		};
		EAE8DFDC29E5B55000B57096 /* Build configuration list for PBXNativeTarget "EssentialFeedAPIEndToEndTests" */ = {
			isa = XCConfigurationList;
			buildConfigurations = (
				EAE8DFDA29E5B55000B57096 /* Debug */,
				EAE8DFDB29E5B55000B57096 /* Release */,
			);
			defaultConfigurationIsVisible = 0;
			defaultConfigurationName = Release;
		};
/* End XCConfigurationList section */

/* Begin XCVersionGroup section */
		EA49190B2A60068E000B4D2D /* FeedStore.xcdatamodeld */ = {
			isa = XCVersionGroup;
			children = (
				EA49190C2A60068E000B4D2D /* FeedStore.xcdatamodel */,
			);
			currentVersion = EA49190C2A60068E000B4D2D /* FeedStore.xcdatamodel */;
			path = FeedStore.xcdatamodeld;
			sourceTree = "<group>";
			versionGroupType = wrapper.xcdatamodel;
		};
/* End XCVersionGroup section */
	};
	rootObject = EA986EA529C9C237003611C5 /* Project object */;
}
