// !$*UTF8*$!
{
	archiveVersion = 1;
	classes = {
	};
	objectVersion = 56;
	objects = {

/* Begin PBXBuildFile section */
		EA02C90E29E5C6AC00DA4D0C /*  XCTestCase+MemoryLeakTracking.swift in Sources */ = {isa = PBXBuildFile; fileRef = EA97C5CA29DD90A1003587F9 /*  XCTestCase+MemoryLeakTracking.swift */; };
		EA0A5F432A55C6E7002DC287 /* ValidateFeedCacheUseCaseTests.swift in Sources */ = {isa = PBXBuildFile; fileRef = EA0A5F422A55C6E7002DC287 /* ValidateFeedCacheUseCaseTests.swift */; };
		EA1340112ABC60BC00E30AAC /* Feed.storyboard in Resources */ = {isa = PBXBuildFile; fileRef = EA1340102ABC60BC00E30AAC /* Feed.storyboard */; };
		EA1340132ABC61E300E30AAC /* Feed.xcassets in Resources */ = {isa = PBXBuildFile; fileRef = EA1340122ABC61E300E30AAC /* Feed.xcassets */; };
		EA1C26752A8E36F9007AAE8A /* UIView+Shimmering.swift in Sources */ = {isa = PBXBuildFile; fileRef = EA1C26742A8E36F9007AAE8A /* UIView+Shimmering.swift */; };
		EA2701C22A6155BD00BD25C7 /* CoreDataHelpers.swift in Sources */ = {isa = PBXBuildFile; fileRef = EA2701C12A6155BD00BD25C7 /* CoreDataHelpers.swift */; };
		EA2701C42A61565D00BD25C7 /* ManagedCache.swift in Sources */ = {isa = PBXBuildFile; fileRef = EA2701C32A61565D00BD25C7 /* ManagedCache.swift */; };
		EA2701C62A61566800BD25C7 /* ManagedFeedImage.swift in Sources */ = {isa = PBXBuildFile; fileRef = EA2701C52A61566800BD25C7 /* ManagedFeedImage.swift */; };
		EA3A193229E4154C00FB4ABA /* URLSessionHTTPClient.swift in Sources */ = {isa = PBXBuildFile; fileRef = EA3A193129E4154C00FB4ABA /* URLSessionHTTPClient.swift */; };
		EA41C52129CB5BD200733FB1 /* RemoteFeedLoader.swift in Sources */ = {isa = PBXBuildFile; fileRef = EA41C52029CB5BD200733FB1 /* RemoteFeedLoader.swift */; };
		EA44AC062AA5EC84003DEA68 /* FeedViewControllerTests+LoaderSpy.swift in Sources */ = {isa = PBXBuildFile; fileRef = EA44AC052AA5EC84003DEA68 /* FeedViewControllerTests+LoaderSpy.swift */; };
		EA44AC0A2AA5ED11003DEA68 /* FeedViewControllerTests+Assertions.swift in Sources */ = {isa = PBXBuildFile; fileRef = EA44AC092AA5ED11003DEA68 /* FeedViewControllerTests+Assertions.swift */; };
		EA44AC0C2AA5F0A0003DEA68 /* FeedViewController+TestHelpers.swift in Sources */ = {isa = PBXBuildFile; fileRef = EA44AC0B2AA5F0A0003DEA68 /* FeedViewController+TestHelpers.swift */; };
		EA44AC0F2AA5F207003DEA68 /* UIRefreshControl+TestHelpers.swift in Sources */ = {isa = PBXBuildFile; fileRef = EA44AC0E2AA5F207003DEA68 /* UIRefreshControl+TestHelpers.swift */; };
		EA44AC112AA5F24A003DEA68 /* UIImage+TestHelpers.swift in Sources */ = {isa = PBXBuildFile; fileRef = EA44AC102AA5F24A003DEA68 /* UIImage+TestHelpers.swift */; };
		EA44AC152AA5F2B8003DEA68 /* UIButton+TestHelpers.swift in Sources */ = {isa = PBXBuildFile; fileRef = EA44AC142AA5F2B8003DEA68 /* UIButton+TestHelpers.swift */; };
		EA44AC172AA5F2F5003DEA68 /* FeedImageCell+TestHelpers.swift in Sources */ = {isa = PBXBuildFile; fileRef = EA44AC162AA5F2F5003DEA68 /* FeedImageCell+TestHelpers.swift */; };
		EA463E8F2AA72DA9009EADD1 /* FeedImageCellController.swift in Sources */ = {isa = PBXBuildFile; fileRef = EA463E8E2AA72DA9009EADD1 /* FeedImageCellController.swift */; };
		EA49190D2A60068E000B4D2D /* FeedStore.xcdatamodeld in Sources */ = {isa = PBXBuildFile; fileRef = EA49190B2A60068E000B4D2D /* FeedStore.xcdatamodeld */; };
		EA4BA5A82B4D9530007504DB /* HTTPClientSpy.swift in Sources */ = {isa = PBXBuildFile; fileRef = EA4BA5A72B4D9530007504DB /* HTTPClientSpy.swift */; };
		EA4F95B729D5AB0800CF016E /* HTTPClient.swift in Sources */ = {isa = PBXBuildFile; fileRef = EA4F95B629D5AB0800CF016E /* HTTPClient.swift */; };
		EA5DA3DE2B0FC3D70013AA16 /* FeedPresenter.swift in Sources */ = {isa = PBXBuildFile; fileRef = EA5DA3DD2B0FC3D70013AA16 /* FeedPresenter.swift */; };
		EA5DA3DF2B0FC4940013AA16 /* Feed.strings in Resources */ = {isa = PBXBuildFile; fileRef = EA5DA3D82B0F6A700013AA16 /* Feed.strings */; };
		EA5DA3E12B0FC50F0013AA16 /* FeedViewModel.swift in Sources */ = {isa = PBXBuildFile; fileRef = EA5DA3E02B0FC50F0013AA16 /* FeedViewModel.swift */; };
		EA5EE78F2B4BFF8C0071E4BC /* FeedImagePresenterTests.swift in Sources */ = {isa = PBXBuildFile; fileRef = EA5EE78E2B4BFF8C0071E4BC /* FeedImagePresenterTests.swift */; };
		EA65C7322A8A36680096BDC8 /* FeedViewController.swift in Sources */ = {isa = PBXBuildFile; fileRef = EA65C7312A8A36680096BDC8 /* FeedViewController.swift */; };
		EA6F301B2A571E2900C683A5 /* FeedCachePolicy.swift in Sources */ = {isa = PBXBuildFile; fileRef = EA6F301A2A571E2900C683A5 /* FeedCachePolicy.swift */; };
		EA7143B72A8B860300E0D33F /* FeedImageCell.swift in Sources */ = {isa = PBXBuildFile; fileRef = EA7143B62A8B860300E0D33F /* FeedImageCell.swift */; };
		EA73B88A2AEBD3A100FAABC2 /* ErrorView.swift in Sources */ = {isa = PBXBuildFile; fileRef = EA73B8892AEBD3A100FAABC2 /* ErrorView.swift */; };
		EA74D35D2A850D9C00288942 /* EssentialFeediOS.framework in Frameworks */ = {isa = PBXBuildFile; fileRef = EA74D3532A850D9C00288942 /* EssentialFeediOS.framework */; };
		EA761F522A449EBA005D6E7F /* LoadFeedFromCacheUseCaseTests.swift in Sources */ = {isa = PBXBuildFile; fileRef = EA761F512A449EBA005D6E7F /* LoadFeedFromCacheUseCaseTests.swift */; };
		EA761F552A44A000005D6E7F /* FeedStoreSpy.swift in Sources */ = {isa = PBXBuildFile; fileRef = EA761F542A44A000005D6E7F /* FeedStoreSpy.swift */; };
		EA7A14F72AA780100072A526 /* FeedUIComposer.swift in Sources */ = {isa = PBXBuildFile; fileRef = EA7A14F62AA780100072A526 /* FeedUIComposer.swift */; };
		EA7A9E602A5E9812004E879B /* FeedStoreSpecs.swift in Sources */ = {isa = PBXBuildFile; fileRef = EA7A9E5F2A5E9812004E879B /* FeedStoreSpecs.swift */; };
		EA7A9E622A5E9912004E879B /* XCTestCase+FeedStoreSpecs.swift in Sources */ = {isa = PBXBuildFile; fileRef = EA7A9E612A5E9912004E879B /* XCTestCase+FeedStoreSpecs.swift */; };
		EA7A9E642A5EB738004E879B /* XCTestCase+FailableRetrieveFeedStoreSpecs.swift in Sources */ = {isa = PBXBuildFile; fileRef = EA7A9E632A5EB738004E879B /* XCTestCase+FailableRetrieveFeedStoreSpecs.swift */; };
		EA7A9E662A5EB7EA004E879B /* XCTestCase+FailableInsertFeedStoreSpecs.swift in Sources */ = {isa = PBXBuildFile; fileRef = EA7A9E652A5EB7EA004E879B /* XCTestCase+FailableInsertFeedStoreSpecs.swift */; };
		EA7A9E682A5EB8C6004E879B /* XCTestCase+FailableDeleteFeedStoreSpecs.swift in Sources */ = {isa = PBXBuildFile; fileRef = EA7A9E672A5EB8C6004E879B /* XCTestCase+FailableDeleteFeedStoreSpecs.swift */; };
		EA8396D02A444DFF00B41E0A /* RemoteFeedItem.swift in Sources */ = {isa = PBXBuildFile; fileRef = EA8396CF2A444DFF00B41E0A /* RemoteFeedItem.swift */; };
		EA8396D22A444E6000B41E0A /* LocalFeedImage.swift in Sources */ = {isa = PBXBuildFile; fileRef = EA8396D12A444E6000B41E0A /* LocalFeedImage.swift */; };
		EA8D74732B4EFA1300A44777 /* LoadFeedImageDataFromCacheUseCaseTests.swift in Sources */ = {isa = PBXBuildFile; fileRef = EA8D74722B4EFA1300A44777 /* LoadFeedImageDataFromCacheUseCaseTests.swift */; };
		EA9165E02A56D7090075AA52 /* FeedCacheTestHelpers.swift in Sources */ = {isa = PBXBuildFile; fileRef = EA9165DF2A56D7090075AA52 /* FeedCacheTestHelpers.swift */; };
		EA918CBA2B4C1C0D00481422 /* FeedImagePresenter.swift in Sources */ = {isa = PBXBuildFile; fileRef = EA918CB92B4C1C0D00481422 /* FeedImagePresenter.swift */; };
		EA918CBC2B4C218900481422 /* FeedImageViewModel.swift in Sources */ = {isa = PBXBuildFile; fileRef = EA918CBB2B4C218900481422 /* FeedImageViewModel.swift */; };
		EA923F0E2B052D0900544617 /* FeedPresenterTests.swift in Sources */ = {isa = PBXBuildFile; fileRef = EA923F0D2B052D0900544617 /* FeedPresenterTests.swift */; };
		EA92B3E42B4C6952006B2383 /* FeedImageDataLoader.swift in Sources */ = {isa = PBXBuildFile; fileRef = EA91D7232AA0AEDE007B9485 /* FeedImageDataLoader.swift */; };
		EA92B3E62B4C6A2F006B2383 /* LoadFeedImageDataFromRemoteUseCaseTests.swift in Sources */ = {isa = PBXBuildFile; fileRef = EA92B3E52B4C6A2F006B2383 /* LoadFeedImageDataFromRemoteUseCaseTests.swift */; };
		EA9372392B4D5DBA009894C3 /* SharedTestHelpers.swift in Sources */ = {isa = PBXBuildFile; fileRef = EA9165E12A56D8DE0075AA52 /* SharedTestHelpers.swift */; };
		EA9372D329D6CD2B00AE997C /* FeedItemsMapper.swift in Sources */ = {isa = PBXBuildFile; fileRef = EA9372D229D6CD2B00AE997C /* FeedItemsMapper.swift */; };
		EA9677D12AC2EB79009E8A3A /* MainQueueDispatchDecorator.swift in Sources */ = {isa = PBXBuildFile; fileRef = EA9677D02AC2EB79009E8A3A /* MainQueueDispatchDecorator.swift */; };
		EA9677D32AC2EC4F009E8A3A /* WeakRefVirtualProxy.swift in Sources */ = {isa = PBXBuildFile; fileRef = EA9677D22AC2EC4F009E8A3A /* WeakRefVirtualProxy.swift */; };
		EA9677D52AC2ECF3009E8A3A /* FeedImageDataLoaderPresentationAdapter.swift in Sources */ = {isa = PBXBuildFile; fileRef = EA9677D42AC2ECF3009E8A3A /* FeedImageDataLoaderPresentationAdapter.swift */; };
		EA9677D72AC2ED57009E8A3A /* FeedLoaderPresentationAdapter.swift in Sources */ = {isa = PBXBuildFile; fileRef = EA9677D62AC2ED57009E8A3A /* FeedLoaderPresentationAdapter.swift */; };
		EA9677D92AC2ED9F009E8A3A /* FeedViewAdapter.swift in Sources */ = {isa = PBXBuildFile; fileRef = EA9677D82AC2ED9F009E8A3A /* FeedViewAdapter.swift */; };
		EA9794392B4EBAB300814237 /* HTTPURLResponse.swift in Sources */ = {isa = PBXBuildFile; fileRef = EA9794382B4EBAB300814237 /* HTTPURLResponse.swift */; };
		EA97943B2B4EBBF400814237 /* URLProtocolStub.swift in Sources */ = {isa = PBXBuildFile; fileRef = EA97943A2B4EBBF400814237 /* URLProtocolStub.swift */; };
		EA97C5CB29DD90A1003587F9 /*  XCTestCase+MemoryLeakTracking.swift in Sources */ = {isa = PBXBuildFile; fileRef = EA97C5CA29DD90A1003587F9 /*  XCTestCase+MemoryLeakTracking.swift */; };
		EA986EB329C9C237003611C5 /* EssentialFeed.docc in Sources */ = {isa = PBXBuildFile; fileRef = EA986EB229C9C237003611C5 /* EssentialFeed.docc */; };
		EA986EB929C9C237003611C5 /* EssentialFeed.framework in Frameworks */ = {isa = PBXBuildFile; fileRef = EA986EAE29C9C237003611C5 /* EssentialFeed.framework */; };
		EA986EBE29C9C237003611C5 /* EssentialFeedTests.swift in Sources */ = {isa = PBXBuildFile; fileRef = EA986EBD29C9C237003611C5 /* EssentialFeedTests.swift */; };
		EA986EBF29C9C237003611C5 /* EssentialFeed.h in Headers */ = {isa = PBXBuildFile; fileRef = EA986EB129C9C237003611C5 /* EssentialFeed.h */; settings = {ATTRIBUTES = (Public, ); }; };
		EA986EC929C9C253003611C5 /* FeedImage.swift in Sources */ = {isa = PBXBuildFile; fileRef = EA986EC829C9C253003611C5 /* FeedImage.swift */; };
		EA986ECB29C9C2FD003611C5 /* FeedLoader.swift in Sources */ = {isa = PBXBuildFile; fileRef = EA986ECA29C9C2FD003611C5 /* FeedLoader.swift */; };
		EA986ED429C9F02B003611C5 /* LoadFeedFromRemoteUseCaseTests.swift in Sources */ = {isa = PBXBuildFile; fileRef = EA986ED329C9F02B003611C5 /* LoadFeedFromRemoteUseCaseTests.swift */; };
		EA9B1C992B10A77200964947 /* FeedLoadingViewModel.swift in Sources */ = {isa = PBXBuildFile; fileRef = EA9B1C982B10A77200964947 /* FeedLoadingViewModel.swift */; };
		EA9B1C9B2B10A7B700964947 /* FeedErrorViewModel.swift in Sources */ = {isa = PBXBuildFile; fileRef = EA9B1C9A2B10A7B700964947 /* FeedErrorViewModel.swift */; };
		EA9B1C9E2B10AC8E00964947 /* FeedLocalizationTests.swift in Sources */ = {isa = PBXBuildFile; fileRef = EA6ABEA02AC1A855001BE02F /* FeedLocalizationTests.swift */; };
		EAACE5C829DC2F3B003E8D82 /* URLSessionHTTPClientTests.swift in Sources */ = {isa = PBXBuildFile; fileRef = EAACE5C729DC2F3B003E8D82 /* URLSessionHTTPClientTests.swift */; };
		EAAF66DF2B4D97D6003A997B /* RemoteFeedImageDataLoader.swift in Sources */ = {isa = PBXBuildFile; fileRef = EAAF66DE2B4D97D6003A997B /* RemoteFeedImageDataLoader.swift */; };
		EAB01C3F2B4FC86900870F52 /* FeedImageDataStore.swift in Sources */ = {isa = PBXBuildFile; fileRef = EAB01C3E2B4FC86900870F52 /* FeedImageDataStore.swift */; };
		EAB01C412B4FC88800870F52 /* LocalFeedImageDataLoader.swift in Sources */ = {isa = PBXBuildFile; fileRef = EAB01C402B4FC88800870F52 /* LocalFeedImageDataLoader.swift */; };
		EAB01C432B4FD0FD00870F52 /* FeedImageDataStoreSpy.swift in Sources */ = {isa = PBXBuildFile; fileRef = EAB01C422B4FD0FD00870F52 /* FeedImageDataStoreSpy.swift */; };
		EAB6FC1D2A436BA50031157D /* LocalFeedLoader.swift in Sources */ = {isa = PBXBuildFile; fileRef = EAB6FC1C2A436BA50031157D /* LocalFeedLoader.swift */; };
		EAB6FC1F2A436CEE0031157D /* FeedStore.swift in Sources */ = {isa = PBXBuildFile; fileRef = EAB6FC1E2A436CEE0031157D /* FeedStore.swift */; };
		EAC2600F2AFBDE9300B494C9 /* UIRefreshControl+Helpers.swift in Sources */ = {isa = PBXBuildFile; fileRef = EAC2600E2AFBDE9300B494C9 /* UIRefreshControl+Helpers.swift */; };
		EACCE6862A5ECFF5009457E8 /* CoreDataFeedStoreTests.swift in Sources */ = {isa = PBXBuildFile; fileRef = EACCE6852A5ECFF5009457E8 /* CoreDataFeedStoreTests.swift */; };
		EACCE6882A5ED06F009457E8 /* CoreDataFeedStore.swift in Sources */ = {isa = PBXBuildFile; fileRef = EACCE6872A5ED06F009457E8 /* CoreDataFeedStore.swift */; };
		EACD00812A615C480015FB29 /* EssentialFeedCacheIntegrationTests.swift in Sources */ = {isa = PBXBuildFile; fileRef = EACD00802A615C480015FB29 /* EssentialFeedCacheIntegrationTests.swift */; };
		EACD00822A615C480015FB29 /* EssentialFeed.framework in Frameworks */ = {isa = PBXBuildFile; fileRef = EA986EAE29C9C237003611C5 /* EssentialFeed.framework */; };
		EACD00882A6160200015FB29 /*  XCTestCase+MemoryLeakTracking.swift in Sources */ = {isa = PBXBuildFile; fileRef = EA97C5CA29DD90A1003587F9 /*  XCTestCase+MemoryLeakTracking.swift */; };
		EAD0AC582A4070AE00F37D73 /* CacheFeedUseCaseTests.swift in Sources */ = {isa = PBXBuildFile; fileRef = EAD0AC572A4070AE00F37D73 /* CacheFeedUseCaseTests.swift */; };
		EAD6DB812A61626D008CFC4D /* SharedTestHelpers.swift in Sources */ = {isa = PBXBuildFile; fileRef = EA9165E12A56D8DE0075AA52 /* SharedTestHelpers.swift */; };
		EAD6DB822A616273008CFC4D /* FeedCacheTestHelpers.swift in Sources */ = {isa = PBXBuildFile; fileRef = EA9165DF2A56D7090075AA52 /* FeedCacheTestHelpers.swift */; };
		EADCABFA2ABD8DCC005C87DA /* UITableView+Dequeueing.swift in Sources */ = {isa = PBXBuildFile; fileRef = EADCABF92ABD8DCC005C87DA /* UITableView+Dequeueing.swift */; };
		EADCABFC2ABD901B005C87DA /* UllmageView+Animations.swift in Sources */ = {isa = PBXBuildFile; fileRef = EADCABFB2ABD901B005C87DA /* UllmageView+Animations.swift */; };
		EADCAC002ABDC859005C87DA /* FeedViewControllerTests+Localization.swift in Sources */ = {isa = PBXBuildFile; fileRef = EADCABFF2ABDC859005C87DA /* FeedViewControllerTests+Localization.swift */; };
		EAE8DFD629E5B55000B57096 /* EssentialFeedAPIEndToEndTests.swift in Sources */ = {isa = PBXBuildFile; fileRef = EAE8DFD529E5B55000B57096 /* EssentialFeedAPIEndToEndTests.swift */; };
		EAE8DFD729E5B55000B57096 /* EssentialFeed.framework in Frameworks */ = {isa = PBXBuildFile; fileRef = EA986EAE29C9C237003611C5 /* EssentialFeed.framework */; };
		EAF4ABB12A862D1A00D108C3 /* FeedUIIntegrationTests.swift in Sources */ = {isa = PBXBuildFile; fileRef = EAF4ABB02A862D1A00D108C3 /* FeedUIIntegrationTests.swift */; };
		EAF4ABB32A863D3500D108C3 /* EssentialFeed.framework in Frameworks */ = {isa = PBXBuildFile; fileRef = EA986EAE29C9C237003611C5 /* EssentialFeed.framework */; platformFilter = ios; };
		EAF4ABB42A863D3500D108C3 /* EssentialFeed.framework in Embed Frameworks */ = {isa = PBXBuildFile; fileRef = EA986EAE29C9C237003611C5 /* EssentialFeed.framework */; platformFilter = ios; settings = {ATTRIBUTES = (CodeSignOnCopy, RemoveHeadersOnCopy, ); }; };
		EAF4ABB82A86420800D108C3 /*  XCTestCase+MemoryLeakTracking.swift in Sources */ = {isa = PBXBuildFile; fileRef = EA97C5CA29DD90A1003587F9 /*  XCTestCase+MemoryLeakTracking.swift */; };
/* End PBXBuildFile section */

/* Begin PBXContainerItemProxy section */
		EA74D35E2A850D9C00288942 /* PBXContainerItemProxy */ = {
			isa = PBXContainerItemProxy;
			containerPortal = EA986EA529C9C237003611C5 /* Project object */;
			proxyType = 1;
			remoteGlobalIDString = EA74D3522A850D9C00288942;
			remoteInfo = EssentialFeediOS;
		};
		EA986EBA29C9C237003611C5 /* PBXContainerItemProxy */ = {
			isa = PBXContainerItemProxy;
			containerPortal = EA986EA529C9C237003611C5 /* Project object */;
			proxyType = 1;
			remoteGlobalIDString = EA986EAD29C9C237003611C5;
			remoteInfo = EssentialFeed;
		};
		EACD00832A615C480015FB29 /* PBXContainerItemProxy */ = {
			isa = PBXContainerItemProxy;
			containerPortal = EA986EA529C9C237003611C5 /* Project object */;
			proxyType = 1;
			remoteGlobalIDString = EA986EAD29C9C237003611C5;
			remoteInfo = EssentialFeed;
		};
		EAE8DFD829E5B55000B57096 /* PBXContainerItemProxy */ = {
			isa = PBXContainerItemProxy;
			containerPortal = EA986EA529C9C237003611C5 /* Project object */;
			proxyType = 1;
			remoteGlobalIDString = EA986EAD29C9C237003611C5;
			remoteInfo = EssentialFeed;
		};
		EAF4ABB52A863D3500D108C3 /* PBXContainerItemProxy */ = {
			isa = PBXContainerItemProxy;
			containerPortal = EA986EA529C9C237003611C5 /* Project object */;
			proxyType = 1;
			remoteGlobalIDString = EA986EAD29C9C237003611C5;
			remoteInfo = EssentialFeed;
		};
/* End PBXContainerItemProxy section */

/* Begin PBXCopyFilesBuildPhase section */
		EAF4ABB72A863D3500D108C3 /* Embed Frameworks */ = {
			isa = PBXCopyFilesBuildPhase;
			buildActionMask = 2147483647;
			dstPath = "";
			dstSubfolderSpec = 10;
			files = (
				EAF4ABB42A863D3500D108C3 /* EssentialFeed.framework in Embed Frameworks */,
			);
			name = "Embed Frameworks";
			runOnlyForDeploymentPostprocessing = 0;
		};
/* End PBXCopyFilesBuildPhase section */

/* Begin PBXFileReference section */
		EA0A5F422A55C6E7002DC287 /* ValidateFeedCacheUseCaseTests.swift */ = {isa = PBXFileReference; lastKnownFileType = sourcecode.swift; path = ValidateFeedCacheUseCaseTests.swift; sourceTree = "<group>"; };
		EA1340102ABC60BC00E30AAC /* Feed.storyboard */ = {isa = PBXFileReference; lastKnownFileType = file.storyboard; path = Feed.storyboard; sourceTree = "<group>"; };
		EA1340122ABC61E300E30AAC /* Feed.xcassets */ = {isa = PBXFileReference; lastKnownFileType = folder.assetcatalog; path = Feed.xcassets; sourceTree = "<group>"; };
		EA1C26742A8E36F9007AAE8A /* UIView+Shimmering.swift */ = {isa = PBXFileReference; lastKnownFileType = sourcecode.swift; path = "UIView+Shimmering.swift"; sourceTree = "<group>"; };
		EA2701C12A6155BD00BD25C7 /* CoreDataHelpers.swift */ = {isa = PBXFileReference; lastKnownFileType = sourcecode.swift; path = CoreDataHelpers.swift; sourceTree = "<group>"; };
		EA2701C32A61565D00BD25C7 /* ManagedCache.swift */ = {isa = PBXFileReference; lastKnownFileType = sourcecode.swift; path = ManagedCache.swift; sourceTree = "<group>"; };
		EA2701C52A61566800BD25C7 /* ManagedFeedImage.swift */ = {isa = PBXFileReference; lastKnownFileType = sourcecode.swift; path = ManagedFeedImage.swift; sourceTree = "<group>"; };
		EA3A193129E4154C00FB4ABA /* URLSessionHTTPClient.swift */ = {isa = PBXFileReference; lastKnownFileType = sourcecode.swift; path = URLSessionHTTPClient.swift; sourceTree = "<group>"; };
		EA41C52029CB5BD200733FB1 /* RemoteFeedLoader.swift */ = {isa = PBXFileReference; lastKnownFileType = sourcecode.swift; path = RemoteFeedLoader.swift; sourceTree = "<group>"; };
		EA44AC052AA5EC84003DEA68 /* FeedViewControllerTests+LoaderSpy.swift */ = {isa = PBXFileReference; lastKnownFileType = sourcecode.swift; path = "FeedViewControllerTests+LoaderSpy.swift"; sourceTree = "<group>"; };
		EA44AC092AA5ED11003DEA68 /* FeedViewControllerTests+Assertions.swift */ = {isa = PBXFileReference; lastKnownFileType = sourcecode.swift; path = "FeedViewControllerTests+Assertions.swift"; sourceTree = "<group>"; };
		EA44AC0B2AA5F0A0003DEA68 /* FeedViewController+TestHelpers.swift */ = {isa = PBXFileReference; lastKnownFileType = sourcecode.swift; path = "FeedViewController+TestHelpers.swift"; sourceTree = "<group>"; };
		EA44AC0E2AA5F207003DEA68 /* UIRefreshControl+TestHelpers.swift */ = {isa = PBXFileReference; lastKnownFileType = sourcecode.swift; path = "UIRefreshControl+TestHelpers.swift"; sourceTree = "<group>"; };
		EA44AC102AA5F24A003DEA68 /* UIImage+TestHelpers.swift */ = {isa = PBXFileReference; lastKnownFileType = sourcecode.swift; path = "UIImage+TestHelpers.swift"; sourceTree = "<group>"; };
		EA44AC142AA5F2B8003DEA68 /* UIButton+TestHelpers.swift */ = {isa = PBXFileReference; lastKnownFileType = sourcecode.swift; path = "UIButton+TestHelpers.swift"; sourceTree = "<group>"; };
		EA44AC162AA5F2F5003DEA68 /* FeedImageCell+TestHelpers.swift */ = {isa = PBXFileReference; lastKnownFileType = sourcecode.swift; path = "FeedImageCell+TestHelpers.swift"; sourceTree = "<group>"; };
		EA463E8E2AA72DA9009EADD1 /* FeedImageCellController.swift */ = {isa = PBXFileReference; lastKnownFileType = sourcecode.swift; path = FeedImageCellController.swift; sourceTree = "<group>"; };
		EA49190C2A60068E000B4D2D /* FeedStore.xcdatamodel */ = {isa = PBXFileReference; lastKnownFileType = wrapper.xcdatamodel; path = FeedStore.xcdatamodel; sourceTree = "<group>"; };
		EA4BA5A72B4D9530007504DB /* HTTPClientSpy.swift */ = {isa = PBXFileReference; lastKnownFileType = sourcecode.swift; path = HTTPClientSpy.swift; sourceTree = "<group>"; };
		EA4F95B629D5AB0800CF016E /* HTTPClient.swift */ = {isa = PBXFileReference; lastKnownFileType = sourcecode.swift; path = HTTPClient.swift; sourceTree = "<group>"; };
		EA5DA3D72B0F6A700013AA16 /* en */ = {isa = PBXFileReference; lastKnownFileType = text.plist.strings; name = en; path = en.lproj/Feed.strings; sourceTree = "<group>"; };
		EA5DA3D92B0F6A730013AA16 /* el */ = {isa = PBXFileReference; lastKnownFileType = text.plist.strings; name = el; path = el.lproj/Feed.strings; sourceTree = "<group>"; };
		EA5DA3DA2B0F6A740013AA16 /* pt-BR */ = {isa = PBXFileReference; lastKnownFileType = text.plist.strings; name = "pt-BR"; path = "pt-BR.lproj/Feed.strings"; sourceTree = "<group>"; };
		EA5DA3DB2B0F6A740013AA16 /* sr-Latn */ = {isa = PBXFileReference; lastKnownFileType = text.plist.strings; name = "sr-Latn"; path = "sr-Latn.lproj/Feed.strings"; sourceTree = "<group>"; };
		EA5DA3DD2B0FC3D70013AA16 /* FeedPresenter.swift */ = {isa = PBXFileReference; lastKnownFileType = sourcecode.swift; path = FeedPresenter.swift; sourceTree = "<group>"; };
		EA5DA3E02B0FC50F0013AA16 /* FeedViewModel.swift */ = {isa = PBXFileReference; lastKnownFileType = sourcecode.swift; path = FeedViewModel.swift; sourceTree = "<group>"; };
		EA5EE78E2B4BFF8C0071E4BC /* FeedImagePresenterTests.swift */ = {isa = PBXFileReference; lastKnownFileType = sourcecode.swift; path = FeedImagePresenterTests.swift; sourceTree = "<group>"; };
		EA65C7312A8A36680096BDC8 /* FeedViewController.swift */ = {isa = PBXFileReference; lastKnownFileType = sourcecode.swift; path = FeedViewController.swift; sourceTree = "<group>"; };
		EA6ABEA02AC1A855001BE02F /* FeedLocalizationTests.swift */ = {isa = PBXFileReference; lastKnownFileType = sourcecode.swift; path = FeedLocalizationTests.swift; sourceTree = "<group>"; };
		EA6F301A2A571E2900C683A5 /* FeedCachePolicy.swift */ = {isa = PBXFileReference; lastKnownFileType = sourcecode.swift; path = FeedCachePolicy.swift; sourceTree = "<group>"; };
		EA7143B62A8B860300E0D33F /* FeedImageCell.swift */ = {isa = PBXFileReference; lastKnownFileType = sourcecode.swift; path = FeedImageCell.swift; sourceTree = "<group>"; };
		EA73B8892AEBD3A100FAABC2 /* ErrorView.swift */ = {isa = PBXFileReference; lastKnownFileType = sourcecode.swift; path = ErrorView.swift; sourceTree = "<group>"; };
		EA74D3532A850D9C00288942 /* EssentialFeediOS.framework */ = {isa = PBXFileReference; explicitFileType = wrapper.framework; includeInIndex = 0; path = EssentialFeediOS.framework; sourceTree = BUILT_PRODUCTS_DIR; };
		EA74D35C2A850D9C00288942 /* EssentialFeediOSTests.xctest */ = {isa = PBXFileReference; explicitFileType = wrapper.cfbundle; includeInIndex = 0; path = EssentialFeediOSTests.xctest; sourceTree = BUILT_PRODUCTS_DIR; };
		EA761F512A449EBA005D6E7F /* LoadFeedFromCacheUseCaseTests.swift */ = {isa = PBXFileReference; lastKnownFileType = sourcecode.swift; path = LoadFeedFromCacheUseCaseTests.swift; sourceTree = "<group>"; };
		EA761F542A44A000005D6E7F /* FeedStoreSpy.swift */ = {isa = PBXFileReference; lastKnownFileType = sourcecode.swift; path = FeedStoreSpy.swift; sourceTree = "<group>"; };
		EA7A14F62AA780100072A526 /* FeedUIComposer.swift */ = {isa = PBXFileReference; lastKnownFileType = sourcecode.swift; path = FeedUIComposer.swift; sourceTree = "<group>"; };
		EA7A9E5F2A5E9812004E879B /* FeedStoreSpecs.swift */ = {isa = PBXFileReference; lastKnownFileType = sourcecode.swift; path = FeedStoreSpecs.swift; sourceTree = "<group>"; };
		EA7A9E612A5E9912004E879B /* XCTestCase+FeedStoreSpecs.swift */ = {isa = PBXFileReference; lastKnownFileType = sourcecode.swift; path = "XCTestCase+FeedStoreSpecs.swift"; sourceTree = "<group>"; };
		EA7A9E632A5EB738004E879B /* XCTestCase+FailableRetrieveFeedStoreSpecs.swift */ = {isa = PBXFileReference; lastKnownFileType = sourcecode.swift; path = "XCTestCase+FailableRetrieveFeedStoreSpecs.swift"; sourceTree = "<group>"; };
		EA7A9E652A5EB7EA004E879B /* XCTestCase+FailableInsertFeedStoreSpecs.swift */ = {isa = PBXFileReference; lastKnownFileType = sourcecode.swift; path = "XCTestCase+FailableInsertFeedStoreSpecs.swift"; sourceTree = "<group>"; };
		EA7A9E672A5EB8C6004E879B /* XCTestCase+FailableDeleteFeedStoreSpecs.swift */ = {isa = PBXFileReference; lastKnownFileType = sourcecode.swift; path = "XCTestCase+FailableDeleteFeedStoreSpecs.swift"; sourceTree = "<group>"; };
		EA8396CF2A444DFF00B41E0A /* RemoteFeedItem.swift */ = {isa = PBXFileReference; lastKnownFileType = sourcecode.swift; path = RemoteFeedItem.swift; sourceTree = "<group>"; };
		EA8396D12A444E6000B41E0A /* LocalFeedImage.swift */ = {isa = PBXFileReference; lastKnownFileType = sourcecode.swift; path = LocalFeedImage.swift; sourceTree = "<group>"; };
		EA8D74722B4EFA1300A44777 /* LoadFeedImageDataFromCacheUseCaseTests.swift */ = {isa = PBXFileReference; lastKnownFileType = sourcecode.swift; path = LoadFeedImageDataFromCacheUseCaseTests.swift; sourceTree = "<group>"; };
		EA9165DF2A56D7090075AA52 /* FeedCacheTestHelpers.swift */ = {isa = PBXFileReference; lastKnownFileType = sourcecode.swift; path = FeedCacheTestHelpers.swift; sourceTree = "<group>"; };
		EA9165E12A56D8DE0075AA52 /* SharedTestHelpers.swift */ = {isa = PBXFileReference; lastKnownFileType = sourcecode.swift; path = SharedTestHelpers.swift; sourceTree = "<group>"; };
		EA918CB92B4C1C0D00481422 /* FeedImagePresenter.swift */ = {isa = PBXFileReference; lastKnownFileType = sourcecode.swift; path = FeedImagePresenter.swift; sourceTree = "<group>"; };
		EA918CBB2B4C218900481422 /* FeedImageViewModel.swift */ = {isa = PBXFileReference; lastKnownFileType = sourcecode.swift; path = FeedImageViewModel.swift; sourceTree = "<group>"; };
		EA91D7232AA0AEDE007B9485 /* FeedImageDataLoader.swift */ = {isa = PBXFileReference; lastKnownFileType = sourcecode.swift; path = FeedImageDataLoader.swift; sourceTree = "<group>"; };
		EA923F0D2B052D0900544617 /* FeedPresenterTests.swift */ = {isa = PBXFileReference; lastKnownFileType = sourcecode.swift; path = FeedPresenterTests.swift; sourceTree = "<group>"; };
		EA92B3E52B4C6A2F006B2383 /* LoadFeedImageDataFromRemoteUseCaseTests.swift */ = {isa = PBXFileReference; lastKnownFileType = sourcecode.swift; path = LoadFeedImageDataFromRemoteUseCaseTests.swift; sourceTree = "<group>"; };
		EA9372D229D6CD2B00AE997C /* FeedItemsMapper.swift */ = {isa = PBXFileReference; lastKnownFileType = sourcecode.swift; path = FeedItemsMapper.swift; sourceTree = "<group>"; };
		EA9677D02AC2EB79009E8A3A /* MainQueueDispatchDecorator.swift */ = {isa = PBXFileReference; lastKnownFileType = sourcecode.swift; path = MainQueueDispatchDecorator.swift; sourceTree = "<group>"; };
		EA9677D22AC2EC4F009E8A3A /* WeakRefVirtualProxy.swift */ = {isa = PBXFileReference; lastKnownFileType = sourcecode.swift; path = WeakRefVirtualProxy.swift; sourceTree = "<group>"; };
		EA9677D42AC2ECF3009E8A3A /* FeedImageDataLoaderPresentationAdapter.swift */ = {isa = PBXFileReference; lastKnownFileType = sourcecode.swift; path = FeedImageDataLoaderPresentationAdapter.swift; sourceTree = "<group>"; };
		EA9677D62AC2ED57009E8A3A /* FeedLoaderPresentationAdapter.swift */ = {isa = PBXFileReference; lastKnownFileType = sourcecode.swift; path = FeedLoaderPresentationAdapter.swift; sourceTree = "<group>"; };
		EA9677D82AC2ED9F009E8A3A /* FeedViewAdapter.swift */ = {isa = PBXFileReference; lastKnownFileType = sourcecode.swift; path = FeedViewAdapter.swift; sourceTree = "<group>"; };
		EA9794382B4EBAB300814237 /* HTTPURLResponse.swift */ = {isa = PBXFileReference; lastKnownFileType = sourcecode.swift; path = HTTPURLResponse.swift; sourceTree = "<group>"; };
		EA97943A2B4EBBF400814237 /* URLProtocolStub.swift */ = {isa = PBXFileReference; lastKnownFileType = sourcecode.swift; path = URLProtocolStub.swift; sourceTree = "<group>"; };
		EA97C5CA29DD90A1003587F9 /*  XCTestCase+MemoryLeakTracking.swift */ = {isa = PBXFileReference; lastKnownFileType = sourcecode.swift; path = " XCTestCase+MemoryLeakTracking.swift"; sourceTree = "<group>"; };
		EA986EAE29C9C237003611C5 /* EssentialFeed.framework */ = {isa = PBXFileReference; explicitFileType = wrapper.framework; includeInIndex = 0; path = EssentialFeed.framework; sourceTree = BUILT_PRODUCTS_DIR; };
		EA986EB129C9C237003611C5 /* EssentialFeed.h */ = {isa = PBXFileReference; lastKnownFileType = sourcecode.c.h; path = EssentialFeed.h; sourceTree = "<group>"; };
		EA986EB229C9C237003611C5 /* EssentialFeed.docc */ = {isa = PBXFileReference; lastKnownFileType = folder.documentationcatalog; path = EssentialFeed.docc; sourceTree = "<group>"; };
		EA986EB829C9C237003611C5 /* EssentialFeedTests.xctest */ = {isa = PBXFileReference; explicitFileType = wrapper.cfbundle; includeInIndex = 0; path = EssentialFeedTests.xctest; sourceTree = BUILT_PRODUCTS_DIR; };
		EA986EBD29C9C237003611C5 /* EssentialFeedTests.swift */ = {isa = PBXFileReference; lastKnownFileType = sourcecode.swift; path = EssentialFeedTests.swift; sourceTree = "<group>"; };
		EA986EC829C9C253003611C5 /* FeedImage.swift */ = {isa = PBXFileReference; lastKnownFileType = sourcecode.swift; path = FeedImage.swift; sourceTree = "<group>"; };
		EA986ECA29C9C2FD003611C5 /* FeedLoader.swift */ = {isa = PBXFileReference; lastKnownFileType = sourcecode.swift; path = FeedLoader.swift; sourceTree = "<group>"; };
		EA986ED329C9F02B003611C5 /* LoadFeedFromRemoteUseCaseTests.swift */ = {isa = PBXFileReference; lastKnownFileType = sourcecode.swift; path = LoadFeedFromRemoteUseCaseTests.swift; sourceTree = "<group>"; };
		EA9B1C982B10A77200964947 /* FeedLoadingViewModel.swift */ = {isa = PBXFileReference; lastKnownFileType = sourcecode.swift; path = FeedLoadingViewModel.swift; sourceTree = "<group>"; };
		EA9B1C9A2B10A7B700964947 /* FeedErrorViewModel.swift */ = {isa = PBXFileReference; lastKnownFileType = sourcecode.swift; path = FeedErrorViewModel.swift; sourceTree = "<group>"; };
		EAACE5C729DC2F3B003E8D82 /* URLSessionHTTPClientTests.swift */ = {isa = PBXFileReference; lastKnownFileType = sourcecode.swift; path = URLSessionHTTPClientTests.swift; sourceTree = "<group>"; };
		EAAF66DE2B4D97D6003A997B /* RemoteFeedImageDataLoader.swift */ = {isa = PBXFileReference; lastKnownFileType = sourcecode.swift; path = RemoteFeedImageDataLoader.swift; sourceTree = "<group>"; };
		EAB01C3E2B4FC86900870F52 /* FeedImageDataStore.swift */ = {isa = PBXFileReference; lastKnownFileType = sourcecode.swift; path = FeedImageDataStore.swift; sourceTree = "<group>"; };
		EAB01C402B4FC88800870F52 /* LocalFeedImageDataLoader.swift */ = {isa = PBXFileReference; lastKnownFileType = sourcecode.swift; path = LocalFeedImageDataLoader.swift; sourceTree = "<group>"; };
		EAB01C422B4FD0FD00870F52 /* FeedImageDataStoreSpy.swift */ = {isa = PBXFileReference; lastKnownFileType = sourcecode.swift; path = FeedImageDataStoreSpy.swift; sourceTree = "<group>"; };
		EAB6FC1C2A436BA50031157D /* LocalFeedLoader.swift */ = {isa = PBXFileReference; lastKnownFileType = sourcecode.swift; path = LocalFeedLoader.swift; sourceTree = "<group>"; };
		EAB6FC1E2A436CEE0031157D /* FeedStore.swift */ = {isa = PBXFileReference; lastKnownFileType = sourcecode.swift; path = FeedStore.swift; sourceTree = "<group>"; };
		EAC2600E2AFBDE9300B494C9 /* UIRefreshControl+Helpers.swift */ = {isa = PBXFileReference; lastKnownFileType = sourcecode.swift; path = "UIRefreshControl+Helpers.swift"; sourceTree = "<group>"; };
		EACCE6852A5ECFF5009457E8 /* CoreDataFeedStoreTests.swift */ = {isa = PBXFileReference; lastKnownFileType = sourcecode.swift; path = CoreDataFeedStoreTests.swift; sourceTree = "<group>"; };
		EACCE6872A5ED06F009457E8 /* CoreDataFeedStore.swift */ = {isa = PBXFileReference; lastKnownFileType = sourcecode.swift; path = CoreDataFeedStore.swift; sourceTree = "<group>"; };
		EACD007E2A615C480015FB29 /* EssentialFeedCacheIntegrationTests.xctest */ = {isa = PBXFileReference; explicitFileType = wrapper.cfbundle; includeInIndex = 0; path = EssentialFeedCacheIntegrationTests.xctest; sourceTree = BUILT_PRODUCTS_DIR; };
		EACD00802A615C480015FB29 /* EssentialFeedCacheIntegrationTests.swift */ = {isa = PBXFileReference; lastKnownFileType = sourcecode.swift; path = EssentialFeedCacheIntegrationTests.swift; sourceTree = "<group>"; };
		EAD0AC572A4070AE00F37D73 /* CacheFeedUseCaseTests.swift */ = {isa = PBXFileReference; lastKnownFileType = sourcecode.swift; path = CacheFeedUseCaseTests.swift; sourceTree = "<group>"; };
		EADCABF92ABD8DCC005C87DA /* UITableView+Dequeueing.swift */ = {isa = PBXFileReference; lastKnownFileType = sourcecode.swift; path = "UITableView+Dequeueing.swift"; sourceTree = "<group>"; };
		EADCABFB2ABD901B005C87DA /* UllmageView+Animations.swift */ = {isa = PBXFileReference; lastKnownFileType = sourcecode.swift; path = "UllmageView+Animations.swift"; sourceTree = "<group>"; };
		EADCABFF2ABDC859005C87DA /* FeedViewControllerTests+Localization.swift */ = {isa = PBXFileReference; lastKnownFileType = sourcecode.swift; path = "FeedViewControllerTests+Localization.swift"; sourceTree = "<group>"; };
		EAE8DFD329E5B55000B57096 /* EssentialFeedAPIEndToEndTests.xctest */ = {isa = PBXFileReference; explicitFileType = wrapper.cfbundle; includeInIndex = 0; path = EssentialFeedAPIEndToEndTests.xctest; sourceTree = BUILT_PRODUCTS_DIR; };
		EAE8DFD529E5B55000B57096 /* EssentialFeedAPIEndToEndTests.swift */ = {isa = PBXFileReference; lastKnownFileType = sourcecode.swift; path = EssentialFeedAPIEndToEndTests.swift; sourceTree = "<group>"; };
		EAF4ABAF2A862D1A00D108C3 /* EssentialFeediOSTests-Bridging-Header.h */ = {isa = PBXFileReference; lastKnownFileType = sourcecode.c.h; path = "EssentialFeediOSTests-Bridging-Header.h"; sourceTree = "<group>"; };
		EAF4ABB02A862D1A00D108C3 /* FeedUIIntegrationTests.swift */ = {isa = PBXFileReference; lastKnownFileType = sourcecode.swift; path = FeedUIIntegrationTests.swift; sourceTree = "<group>"; };
/* End PBXFileReference section */

/* Begin PBXFrameworksBuildPhase section */
		EA74D3502A850D9C00288942 /* Frameworks */ = {
			isa = PBXFrameworksBuildPhase;
			buildActionMask = 2147483647;
			files = (
				EAF4ABB32A863D3500D108C3 /* EssentialFeed.framework in Frameworks */,
			);
			runOnlyForDeploymentPostprocessing = 0;
		};
		EA74D3592A850D9C00288942 /* Frameworks */ = {
			isa = PBXFrameworksBuildPhase;
			buildActionMask = 2147483647;
			files = (
				EA74D35D2A850D9C00288942 /* EssentialFeediOS.framework in Frameworks */,
			);
			runOnlyForDeploymentPostprocessing = 0;
		};
		EA986EAB29C9C237003611C5 /* Frameworks */ = {
			isa = PBXFrameworksBuildPhase;
			buildActionMask = 2147483647;
			files = (
			);
			runOnlyForDeploymentPostprocessing = 0;
		};
		EA986EB529C9C237003611C5 /* Frameworks */ = {
			isa = PBXFrameworksBuildPhase;
			buildActionMask = 2147483647;
			files = (
				EA986EB929C9C237003611C5 /* EssentialFeed.framework in Frameworks */,
			);
			runOnlyForDeploymentPostprocessing = 0;
		};
		EACD007B2A615C480015FB29 /* Frameworks */ = {
			isa = PBXFrameworksBuildPhase;
			buildActionMask = 2147483647;
			files = (
				EACD00822A615C480015FB29 /* EssentialFeed.framework in Frameworks */,
			);
			runOnlyForDeploymentPostprocessing = 0;
		};
		EAE8DFD029E5B55000B57096 /* Frameworks */ = {
			isa = PBXFrameworksBuildPhase;
			buildActionMask = 2147483647;
			files = (
				EAE8DFD729E5B55000B57096 /* EssentialFeed.framework in Frameworks */,
			);
			runOnlyForDeploymentPostprocessing = 0;
		};
/* End PBXFrameworksBuildPhase section */

/* Begin PBXGroup section */
		EA2701BE2A61546900BD25C7 /* Infrastructure */ = {
			isa = PBXGroup;
			children = (
				EA2701BF2A6154F700BD25C7 /* CoreData */,
			);
			path = Infrastructure;
			sourceTree = "<group>";
		};
		EA2701BF2A6154F700BD25C7 /* CoreData */ = {
			isa = PBXGroup;
			children = (
				EACCE6872A5ED06F009457E8 /* CoreDataFeedStore.swift */,
				EA49190B2A60068E000B4D2D /* FeedStore.xcdatamodeld */,
				EA2701C12A6155BD00BD25C7 /* CoreDataHelpers.swift */,
				EA2701C32A61565D00BD25C7 /* ManagedCache.swift */,
				EA2701C52A61566800BD25C7 /* ManagedFeedImage.swift */,
			);
			path = CoreData;
			sourceTree = "<group>";
		};
		EA41C51F29CB5B9A00733FB1 /* Feed API */ = {
			isa = PBXGroup;
			children = (
				EA9794372B4EBAA200814237 /* Helpers */,
				EA41C52029CB5BD200733FB1 /* RemoteFeedLoader.swift */,
				EA9372D229D6CD2B00AE997C /* FeedItemsMapper.swift */,
				EA4F95B629D5AB0800CF016E /* HTTPClient.swift */,
				EA3A193129E4154C00FB4ABA /* URLSessionHTTPClient.swift */,
				EA8396CF2A444DFF00B41E0A /* RemoteFeedItem.swift */,
				EAAF66DE2B4D97D6003A997B /* RemoteFeedImageDataLoader.swift */,
			);
			path = "Feed API";
			sourceTree = "<group>";
		};
		EA44AC032AA5EB7E003DEA68 /* Feed UI */ = {
			isa = PBXGroup;
			children = (
				EAF4ABB02A862D1A00D108C3 /* FeedUIIntegrationTests.swift */,
				EA44AC042AA5EC68003DEA68 /* Helpers */,
			);
			path = "Feed UI";
			sourceTree = "<group>";
		};
		EA44AC042AA5EC68003DEA68 /* Helpers */ = {
			isa = PBXGroup;
			children = (
				EA44AC052AA5EC84003DEA68 /* FeedViewControllerTests+LoaderSpy.swift */,
				EA44AC092AA5ED11003DEA68 /* FeedViewControllerTests+Assertions.swift */,
				EA44AC0B2AA5F0A0003DEA68 /* FeedViewController+TestHelpers.swift */,
				EA44AC162AA5F2F5003DEA68 /* FeedImageCell+TestHelpers.swift */,
				EADCABFF2ABDC859005C87DA /* FeedViewControllerTests+Localization.swift */,
				EA44AC0E2AA5F207003DEA68 /* UIRefreshControl+TestHelpers.swift */,
				EA44AC102AA5F24A003DEA68 /* UIImage+TestHelpers.swift */,
				EA44AC142AA5F2B8003DEA68 /* UIButton+TestHelpers.swift */,
			);
			path = Helpers;
			sourceTree = "<group>";
		};
		EA4BA5A62B4D94F7007504DB /* Helpers */ = {
			isa = PBXGroup;
			children = (
				EA4BA5A72B4D9530007504DB /* HTTPClientSpy.swift */,
				EA97943A2B4EBBF400814237 /* URLProtocolStub.swift */,
			);
			path = Helpers;
			sourceTree = "<group>";
		};
		EA5DA3DC2B0FC3AC0013AA16 /* Feed Presentation */ = {
			isa = PBXGroup;
			children = (
				EA5DA3DD2B0FC3D70013AA16 /* FeedPresenter.swift */,
				EA918CB92B4C1C0D00481422 /* FeedImagePresenter.swift */,
				EA918CBB2B4C218900481422 /* FeedImageViewModel.swift */,
				EA5DA3E02B0FC50F0013AA16 /* FeedViewModel.swift */,
				EA9B1C982B10A77200964947 /* FeedLoadingViewModel.swift */,
				EA9B1C9A2B10A7B700964947 /* FeedErrorViewModel.swift */,
				EA5DA3D82B0F6A700013AA16 /* Feed.strings */,
			);
			path = "Feed Presentation";
			sourceTree = "<group>";
		};
		EA74D3542A850D9C00288942 /* EssentialFeediOS */ = {
			isa = PBXGroup;
			children = (
				EA91D7202AA0AE90007B9485 /* Feed UI */,
			);
			path = EssentialFeediOS;
			sourceTree = "<group>";
		};
		EA74D3602A850D9D00288942 /* EssentialFeediOSTests */ = {
			isa = PBXGroup;
			children = (
				EA44AC032AA5EB7E003DEA68 /* Feed UI */,
				EAF4ABAF2A862D1A00D108C3 /* EssentialFeediOSTests-Bridging-Header.h */,
			);
			path = EssentialFeediOSTests;
			sourceTree = "<group>";
		};
		EA761F532A449FE9005D6E7F /* Helpers */ = {
			isa = PBXGroup;
			children = (
				EA761F542A44A000005D6E7F /* FeedStoreSpy.swift */,
				EA9165DF2A56D7090075AA52 /* FeedCacheTestHelpers.swift */,
				EAB01C422B4FD0FD00870F52 /* FeedImageDataStoreSpy.swift */,
			);
			path = Helpers;
			sourceTree = "<group>";
		};
		EA7A14F52AA780070072A526 /* Composers */ = {
			isa = PBXGroup;
			children = (
				EA7A14F62AA780100072A526 /* FeedUIComposer.swift */,
				EA9677D02AC2EB79009E8A3A /* MainQueueDispatchDecorator.swift */,
				EA9677D22AC2EC4F009E8A3A /* WeakRefVirtualProxy.swift */,
				EA9677D42AC2ECF3009E8A3A /* FeedImageDataLoaderPresentationAdapter.swift */,
				EA9677D62AC2ED57009E8A3A /* FeedLoaderPresentationAdapter.swift */,
				EA9677D82AC2ED9F009E8A3A /* FeedViewAdapter.swift */,
			);
			path = Composers;
			sourceTree = "<group>";
		};
		EA7A9E6A2A5EBA60004E879B /* FeedStoreSpecs */ = {
			isa = PBXGroup;
			children = (
				EA7A9E5F2A5E9812004E879B /* FeedStoreSpecs.swift */,
				EA7A9E612A5E9912004E879B /* XCTestCase+FeedStoreSpecs.swift */,
				EA7A9E632A5EB738004E879B /* XCTestCase+FailableRetrieveFeedStoreSpecs.swift */,
				EA7A9E652A5EB7EA004E879B /* XCTestCase+FailableInsertFeedStoreSpecs.swift */,
				EA7A9E672A5EB8C6004E879B /* XCTestCase+FailableDeleteFeedStoreSpecs.swift */,
			);
			path = FeedStoreSpecs;
			sourceTree = "<group>";
		};
		EA91D7202AA0AE90007B9485 /* Feed UI */ = {
			isa = PBXGroup;
			children = (
				EA7A14F52AA780070072A526 /* Composers */,
				EA91D7212AA0AE9E007B9485 /* Controllers */,
				EA91D7222AA0AEAF007B9485 /* Views */,
			);
			path = "Feed UI";
			sourceTree = "<group>";
		};
		EA91D7212AA0AE9E007B9485 /* Controllers */ = {
			isa = PBXGroup;
			children = (
				EA65C7312A8A36680096BDC8 /* FeedViewController.swift */,
				EA463E8E2AA72DA9009EADD1 /* FeedImageCellController.swift */,
			);
			path = Controllers;
			sourceTree = "<group>";
		};
		EA91D7222AA0AEAF007B9485 /* Views */ = {
			isa = PBXGroup;
			children = (
				EAC2600B2AFBDD1500B494C9 /* Helpers */,
				EA7143B62A8B860300E0D33F /* FeedImageCell.swift */,
				EA1340102ABC60BC00E30AAC /* Feed.storyboard */,
				EA1340122ABC61E300E30AAC /* Feed.xcassets */,
				EA73B8892AEBD3A100FAABC2 /* ErrorView.swift */,
			);
			path = Views;
			sourceTree = "<group>";
		};
		EA923F0C2B052CD300544617 /* Feed Presentation */ = {
			isa = PBXGroup;
			children = (
				EA923F0D2B052D0900544617 /* FeedPresenterTests.swift */,
				EA6ABEA02AC1A855001BE02F /* FeedLocalizationTests.swift */,
				EA5EE78E2B4BFF8C0071E4BC /* FeedImagePresenterTests.swift */,
			);
			path = "Feed Presentation";
			sourceTree = "<group>";
		};
		EA9372D429D6F33700AE997C /* Feed API */ = {
			isa = PBXGroup;
			children = (
				EA4BA5A62B4D94F7007504DB /* Helpers */,
				EA986ED329C9F02B003611C5 /* LoadFeedFromRemoteUseCaseTests.swift */,
				EAACE5C729DC2F3B003E8D82 /* URLSessionHTTPClientTests.swift */,
				EA92B3E52B4C6A2F006B2383 /* LoadFeedImageDataFromRemoteUseCaseTests.swift */,
			);
			path = "Feed API";
			sourceTree = "<group>";
		};
		EA9794372B4EBAA200814237 /* Helpers */ = {
			isa = PBXGroup;
			children = (
				EA9794382B4EBAB300814237 /* HTTPURLResponse.swift */,
			);
			path = Helpers;
			sourceTree = "<group>";
		};
		EA97C5C929DD905C003587F9 /* Helpers */ = {
			isa = PBXGroup;
			children = (
				EA97C5CA29DD90A1003587F9 /*  XCTestCase+MemoryLeakTracking.swift */,
				EA9165E12A56D8DE0075AA52 /* SharedTestHelpers.swift */,
			);
			path = Helpers;
			sourceTree = "<group>";
		};
		EA986EA429C9C237003611C5 = {
			isa = PBXGroup;
			children = (
				EA986EB029C9C237003611C5 /* EssentialFeed */,
				EA986EBC29C9C237003611C5 /* EssentialFeedTests */,
				EAE8DFD429E5B55000B57096 /* EssentialFeedAPIEndToEndTests */,
				EACD007F2A615C480015FB29 /* EssentialFeedCacheIntegrationTests */,
				EA74D3542A850D9C00288942 /* EssentialFeediOS */,
				EA74D3602A850D9D00288942 /* EssentialFeediOSTests */,
				EA986EAF29C9C237003611C5 /* Products */,
				EAF4ABB22A863D3500D108C3 /* Frameworks */,
			);
			sourceTree = "<group>";
		};
		EA986EAF29C9C237003611C5 /* Products */ = {
			isa = PBXGroup;
			children = (
				EA986EAE29C9C237003611C5 /* EssentialFeed.framework */,
				EA986EB829C9C237003611C5 /* EssentialFeedTests.xctest */,
				EAE8DFD329E5B55000B57096 /* EssentialFeedAPIEndToEndTests.xctest */,
				EACD007E2A615C480015FB29 /* EssentialFeedCacheIntegrationTests.xctest */,
				EA74D3532A850D9C00288942 /* EssentialFeediOS.framework */,
				EA74D35C2A850D9C00288942 /* EssentialFeediOSTests.xctest */,
			);
			name = Products;
			sourceTree = "<group>";
		};
		EA986EB029C9C237003611C5 /* EssentialFeed */ = {
			isa = PBXGroup;
			children = (
				EAB6FC1B2A436B990031157D /* Feed Cache */,
				EA986ECD29C9C957003611C5 /* Feed Feature */,
				EA41C51F29CB5B9A00733FB1 /* Feed API */,
				EA5DA3DC2B0FC3AC0013AA16 /* Feed Presentation */,
				EA986EB129C9C237003611C5 /* EssentialFeed.h */,
				EA986EB229C9C237003611C5 /* EssentialFeed.docc */,
			);
			path = EssentialFeed;
			sourceTree = "<group>";
		};
		EA986EBC29C9C237003611C5 /* EssentialFeedTests */ = {
			isa = PBXGroup;
			children = (
				EA923F0C2B052CD300544617 /* Feed Presentation */,
				EA97C5C929DD905C003587F9 /* Helpers */,
				EAD0AC562A40706E00F37D73 /* Feed Cache */,
				EA9372D429D6F33700AE997C /* Feed API */,
				EA986EBD29C9C237003611C5 /* EssentialFeedTests.swift */,
			);
			path = EssentialFeedTests;
			sourceTree = "<group>";
		};
		EA986ECD29C9C957003611C5 /* Feed Feature */ = {
			isa = PBXGroup;
			children = (
				EA986EC829C9C253003611C5 /* FeedImage.swift */,
				EA986ECA29C9C2FD003611C5 /* FeedLoader.swift */,
				EA91D7232AA0AEDE007B9485 /* FeedImageDataLoader.swift */,
			);
			path = "Feed Feature";
			sourceTree = "<group>";
		};
		EAB6FC1B2A436B990031157D /* Feed Cache */ = {
			isa = PBXGroup;
			children = (
				EA2701BE2A61546900BD25C7 /* Infrastructure */,
				EAB6FC1C2A436BA50031157D /* LocalFeedLoader.swift */,
				EAB6FC1E2A436CEE0031157D /* FeedStore.swift */,
				EA8396D12A444E6000B41E0A /* LocalFeedImage.swift */,
				EA6F301A2A571E2900C683A5 /* FeedCachePolicy.swift */,
				EAB01C3E2B4FC86900870F52 /* FeedImageDataStore.swift */,
				EAB01C402B4FC88800870F52 /* LocalFeedImageDataLoader.swift */,
			);
			path = "Feed Cache";
			sourceTree = "<group>";
		};
		EAC2600B2AFBDD1500B494C9 /* Helpers */ = {
			isa = PBXGroup;
			children = (
				EA1C26742A8E36F9007AAE8A /* UIView+Shimmering.swift */,
				EADCABF92ABD8DCC005C87DA /* UITableView+Dequeueing.swift */,
				EADCABFB2ABD901B005C87DA /* UllmageView+Animations.swift */,
				EAC2600E2AFBDE9300B494C9 /* UIRefreshControl+Helpers.swift */,
			);
			path = Helpers;
			sourceTree = "<group>";
		};
		EACD007F2A615C480015FB29 /* EssentialFeedCacheIntegrationTests */ = {
			isa = PBXGroup;
			children = (
				EACD00802A615C480015FB29 /* EssentialFeedCacheIntegrationTests.swift */,
			);
			path = EssentialFeedCacheIntegrationTests;
			sourceTree = "<group>";
		};
		EAD0AC562A40706E00F37D73 /* Feed Cache */ = {
			isa = PBXGroup;
			children = (
				EA761F532A449FE9005D6E7F /* Helpers */,
				EA7A9E6A2A5EBA60004E879B /* FeedStoreSpecs */,
				EAD0AC572A4070AE00F37D73 /* CacheFeedUseCaseTests.swift */,
				EA761F512A449EBA005D6E7F /* LoadFeedFromCacheUseCaseTests.swift */,
				EA0A5F422A55C6E7002DC287 /* ValidateFeedCacheUseCaseTests.swift */,
				EACCE6852A5ECFF5009457E8 /* CoreDataFeedStoreTests.swift */,
				EA8D74722B4EFA1300A44777 /* LoadFeedImageDataFromCacheUseCaseTests.swift */,
			);
			path = "Feed Cache";
			sourceTree = "<group>";
		};
		EAE8DFD429E5B55000B57096 /* EssentialFeedAPIEndToEndTests */ = {
			isa = PBXGroup;
			children = (
				EAE8DFD529E5B55000B57096 /* EssentialFeedAPIEndToEndTests.swift */,
			);
			path = EssentialFeedAPIEndToEndTests;
			sourceTree = "<group>";
		};
		EAF4ABB22A863D3500D108C3 /* Frameworks */ = {
			isa = PBXGroup;
			children = (
			);
			name = Frameworks;
			sourceTree = "<group>";
		};
/* End PBXGroup section */

/* Begin PBXHeadersBuildPhase section */
		EA74D34E2A850D9C00288942 /* Headers */ = {
			isa = PBXHeadersBuildPhase;
			buildActionMask = 2147483647;
			files = (
			);
			runOnlyForDeploymentPostprocessing = 0;
		};
		EA986EA929C9C237003611C5 /* Headers */ = {
			isa = PBXHeadersBuildPhase;
			buildActionMask = 2147483647;
			files = (
				EA986EBF29C9C237003611C5 /* EssentialFeed.h in Headers */,
			);
			runOnlyForDeploymentPostprocessing = 0;
		};
/* End PBXHeadersBuildPhase section */

/* Begin PBXNativeTarget section */
		EA74D3522A850D9C00288942 /* EssentialFeediOS */ = {
			isa = PBXNativeTarget;
			buildConfigurationList = EA74D3642A850D9D00288942 /* Build configuration list for PBXNativeTarget "EssentialFeediOS" */;
			buildPhases = (
				EA74D34E2A850D9C00288942 /* Headers */,
				EA74D34F2A850D9C00288942 /* Sources */,
				EA74D3502A850D9C00288942 /* Frameworks */,
				EA74D3512A850D9C00288942 /* Resources */,
				EAF4ABB72A863D3500D108C3 /* Embed Frameworks */,
			);
			buildRules = (
			);
			dependencies = (
				EAF4ABB62A863D3500D108C3 /* PBXTargetDependency */,
			);
			name = EssentialFeediOS;
			productName = EssentialFeediOS;
			productReference = EA74D3532A850D9C00288942 /* EssentialFeediOS.framework */;
			productType = "com.apple.product-type.framework";
		};
		EA74D35B2A850D9C00288942 /* EssentialFeediOSTests */ = {
			isa = PBXNativeTarget;
			buildConfigurationList = EA74D3672A850D9D00288942 /* Build configuration list for PBXNativeTarget "EssentialFeediOSTests" */;
			buildPhases = (
				EA74D3582A850D9C00288942 /* Sources */,
				EA74D3592A850D9C00288942 /* Frameworks */,
				EA74D35A2A850D9C00288942 /* Resources */,
			);
			buildRules = (
			);
			dependencies = (
				EA74D35F2A850D9C00288942 /* PBXTargetDependency */,
			);
			name = EssentialFeediOSTests;
			productName = EssentialFeediOSTests;
			productReference = EA74D35C2A850D9C00288942 /* EssentialFeediOSTests.xctest */;
			productType = "com.apple.product-type.bundle.unit-test";
		};
		EA986EAD29C9C237003611C5 /* EssentialFeed */ = {
			isa = PBXNativeTarget;
			buildConfigurationList = EA986EC229C9C237003611C5 /* Build configuration list for PBXNativeTarget "EssentialFeed" */;
			buildPhases = (
				EA986EA929C9C237003611C5 /* Headers */,
				EA986EAA29C9C237003611C5 /* Sources */,
				EA986EAB29C9C237003611C5 /* Frameworks */,
				EA986EAC29C9C237003611C5 /* Resources */,
			);
			buildRules = (
			);
			dependencies = (
			);
			name = EssentialFeed;
			productName = EssentialFeed;
			productReference = EA986EAE29C9C237003611C5 /* EssentialFeed.framework */;
			productType = "com.apple.product-type.framework";
		};
		EA986EB729C9C237003611C5 /* EssentialFeedTests */ = {
			isa = PBXNativeTarget;
			buildConfigurationList = EA986EC529C9C237003611C5 /* Build configuration list for PBXNativeTarget "EssentialFeedTests" */;
			buildPhases = (
				EA986EB429C9C237003611C5 /* Sources */,
				EA986EB529C9C237003611C5 /* Frameworks */,
				EA986EB629C9C237003611C5 /* Resources */,
			);
			buildRules = (
			);
			dependencies = (
				EA986EBB29C9C237003611C5 /* PBXTargetDependency */,
			);
			name = EssentialFeedTests;
			productName = EssentialFeedTests;
			productReference = EA986EB829C9C237003611C5 /* EssentialFeedTests.xctest */;
			productType = "com.apple.product-type.bundle.unit-test";
		};
		EACD007D2A615C480015FB29 /* EssentialFeedCacheIntegrationTests */ = {
			isa = PBXNativeTarget;
			buildConfigurationList = EACD00872A615C480015FB29 /* Build configuration list for PBXNativeTarget "EssentialFeedCacheIntegrationTests" */;
			buildPhases = (
				EACD007A2A615C480015FB29 /* Sources */,
				EACD007B2A615C480015FB29 /* Frameworks */,
				EACD007C2A615C480015FB29 /* Resources */,
			);
			buildRules = (
			);
			dependencies = (
				EACD00842A615C480015FB29 /* PBXTargetDependency */,
			);
			name = EssentialFeedCacheIntegrationTests;
			productName = EssentialFeedCacheIntegrationTests;
			productReference = EACD007E2A615C480015FB29 /* EssentialFeedCacheIntegrationTests.xctest */;
			productType = "com.apple.product-type.bundle.unit-test";
		};
		EAE8DFD229E5B55000B57096 /* EssentialFeedAPIEndToEndTests */ = {
			isa = PBXNativeTarget;
			buildConfigurationList = EAE8DFDC29E5B55000B57096 /* Build configuration list for PBXNativeTarget "EssentialFeedAPIEndToEndTests" */;
			buildPhases = (
				EAE8DFCF29E5B55000B57096 /* Sources */,
				EAE8DFD029E5B55000B57096 /* Frameworks */,
				EAE8DFD129E5B55000B57096 /* Resources */,
			);
			buildRules = (
			);
			dependencies = (
				EAE8DFD929E5B55000B57096 /* PBXTargetDependency */,
			);
			name = EssentialFeedAPIEndToEndTests;
			productName = EssentialFeedAPIEndToEndTests;
			productReference = EAE8DFD329E5B55000B57096 /* EssentialFeedAPIEndToEndTests.xctest */;
			productType = "com.apple.product-type.bundle.unit-test";
		};
/* End PBXNativeTarget section */

/* Begin PBXProject section */
		EA986EA529C9C237003611C5 /* Project object */ = {
			isa = PBXProject;
			attributes = {
				BuildIndependentTargetsInParallel = 1;
				LastSwiftUpdateCheck = 1430;
				LastUpgradeCheck = 1430;
				TargetAttributes = {
					EA74D3522A850D9C00288942 = {
						CreatedOnToolsVersion = 14.3.1;
						LastSwiftMigration = 1430;
					};
					EA74D35B2A850D9C00288942 = {
						CreatedOnToolsVersion = 14.3.1;
						LastSwiftMigration = 1430;
					};
					EA986EAD29C9C237003611C5 = {
						CreatedOnToolsVersion = 14.2;
					};
					EA986EB729C9C237003611C5 = {
						CreatedOnToolsVersion = 14.2;
					};
					EACD007D2A615C480015FB29 = {
						CreatedOnToolsVersion = 14.3;
					};
					EAE8DFD229E5B55000B57096 = {
						CreatedOnToolsVersion = 14.2;
					};
				};
			};
			buildConfigurationList = EA986EA829C9C237003611C5 /* Build configuration list for PBXProject "EssentialFeed" */;
			compatibilityVersion = "Xcode 14.0";
			developmentRegion = en;
			hasScannedForEncodings = 0;
			knownRegions = (
				en,
				Base,
				"pt-BR",
				el,
				"sr-Latn",
			);
			mainGroup = EA986EA429C9C237003611C5;
			productRefGroup = EA986EAF29C9C237003611C5 /* Products */;
			projectDirPath = "";
			projectRoot = "";
			targets = (
				EA986EAD29C9C237003611C5 /* EssentialFeed */,
				EA986EB729C9C237003611C5 /* EssentialFeedTests */,
				EAE8DFD229E5B55000B57096 /* EssentialFeedAPIEndToEndTests */,
				EACD007D2A615C480015FB29 /* EssentialFeedCacheIntegrationTests */,
				EA74D3522A850D9C00288942 /* EssentialFeediOS */,
				EA74D35B2A850D9C00288942 /* EssentialFeediOSTests */,
			);
		};
/* End PBXProject section */

/* Begin PBXResourcesBuildPhase section */
		EA74D3512A850D9C00288942 /* Resources */ = {
			isa = PBXResourcesBuildPhase;
			buildActionMask = 2147483647;
			files = (
				EA1340112ABC60BC00E30AAC /* Feed.storyboard in Resources */,
				EA1340132ABC61E300E30AAC /* Feed.xcassets in Resources */,
			);
			runOnlyForDeploymentPostprocessing = 0;
		};
		EA74D35A2A850D9C00288942 /* Resources */ = {
			isa = PBXResourcesBuildPhase;
			buildActionMask = 2147483647;
			files = (
			);
			runOnlyForDeploymentPostprocessing = 0;
		};
		EA986EAC29C9C237003611C5 /* Resources */ = {
			isa = PBXResourcesBuildPhase;
			buildActionMask = 2147483647;
			files = (
				EA5DA3DF2B0FC4940013AA16 /* Feed.strings in Resources */,
			);
			runOnlyForDeploymentPostprocessing = 0;
		};
		EA986EB629C9C237003611C5 /* Resources */ = {
			isa = PBXResourcesBuildPhase;
			buildActionMask = 2147483647;
			files = (
			);
			runOnlyForDeploymentPostprocessing = 0;
		};
		EACD007C2A615C480015FB29 /* Resources */ = {
			isa = PBXResourcesBuildPhase;
			buildActionMask = 2147483647;
			files = (
			);
			runOnlyForDeploymentPostprocessing = 0;
		};
		EAE8DFD129E5B55000B57096 /* Resources */ = {
			isa = PBXResourcesBuildPhase;
			buildActionMask = 2147483647;
			files = (
			);
			runOnlyForDeploymentPostprocessing = 0;
		};
/* End PBXResourcesBuildPhase section */

/* Begin PBXSourcesBuildPhase section */
		EA74D34F2A850D9C00288942 /* Sources */ = {
			isa = PBXSourcesBuildPhase;
			buildActionMask = 2147483647;
			files = (
				EA73B88A2AEBD3A100FAABC2 /* ErrorView.swift in Sources */,
				EAC2600F2AFBDE9300B494C9 /* UIRefreshControl+Helpers.swift in Sources */,
				EA1C26752A8E36F9007AAE8A /* UIView+Shimmering.swift in Sources */,
				EADCABFC2ABD901B005C87DA /* UllmageView+Animations.swift in Sources */,
				EADCABFA2ABD8DCC005C87DA /* UITableView+Dequeueing.swift in Sources */,
				EA9677D72AC2ED57009E8A3A /* FeedLoaderPresentationAdapter.swift in Sources */,
				EA9677D32AC2EC4F009E8A3A /* WeakRefVirtualProxy.swift in Sources */,
				EA65C7322A8A36680096BDC8 /* FeedViewController.swift in Sources */,
				EA9677D12AC2EB79009E8A3A /* MainQueueDispatchDecorator.swift in Sources */,
				EA7143B72A8B860300E0D33F /* FeedImageCell.swift in Sources */,
				EA9677D52AC2ECF3009E8A3A /* FeedImageDataLoaderPresentationAdapter.swift in Sources */,
				EA463E8F2AA72DA9009EADD1 /* FeedImageCellController.swift in Sources */,
				EA9677D92AC2ED9F009E8A3A /* FeedViewAdapter.swift in Sources */,
				EA7A14F72AA780100072A526 /* FeedUIComposer.swift in Sources */,
			);
			runOnlyForDeploymentPostprocessing = 0;
		};
		EA74D3582A850D9C00288942 /* Sources */ = {
			isa = PBXSourcesBuildPhase;
			buildActionMask = 2147483647;
			files = (
				EAF4ABB82A86420800D108C3 /*  XCTestCase+MemoryLeakTracking.swift in Sources */,
				EA44AC0F2AA5F207003DEA68 /* UIRefreshControl+TestHelpers.swift in Sources */,
				EA44AC062AA5EC84003DEA68 /* FeedViewControllerTests+LoaderSpy.swift in Sources */,
				EA44AC112AA5F24A003DEA68 /* UIImage+TestHelpers.swift in Sources */,
				EA44AC172AA5F2F5003DEA68 /* FeedImageCell+TestHelpers.swift in Sources */,
				EAF4ABB12A862D1A00D108C3 /* FeedUIIntegrationTests.swift in Sources */,
				EA44AC152AA5F2B8003DEA68 /* UIButton+TestHelpers.swift in Sources */,
				EADCAC002ABDC859005C87DA /* FeedViewControllerTests+Localization.swift in Sources */,
				EA44AC0C2AA5F0A0003DEA68 /* FeedViewController+TestHelpers.swift in Sources */,
				EA44AC0A2AA5ED11003DEA68 /* FeedViewControllerTests+Assertions.swift in Sources */,
			);
			runOnlyForDeploymentPostprocessing = 0;
		};
		EA986EAA29C9C237003611C5 /* Sources */ = {
			isa = PBXSourcesBuildPhase;
			buildActionMask = 2147483647;
			files = (
				EA5DA3E12B0FC50F0013AA16 /* FeedViewModel.swift in Sources */,
				EA8396D22A444E6000B41E0A /* LocalFeedImage.swift in Sources */,
				EA9794392B4EBAB300814237 /* HTTPURLResponse.swift in Sources */,
				EA49190D2A60068E000B4D2D /* FeedStore.xcdatamodeld in Sources */,
				EA9B1C9B2B10A7B700964947 /* FeedErrorViewModel.swift in Sources */,
				EAB6FC1F2A436CEE0031157D /* FeedStore.swift in Sources */,
				EA3A193229E4154C00FB4ABA /* URLSessionHTTPClient.swift in Sources */,
				EA918CBA2B4C1C0D00481422 /* FeedImagePresenter.swift in Sources */,
				EA5DA3DE2B0FC3D70013AA16 /* FeedPresenter.swift in Sources */,
				EA9372D329D6CD2B00AE997C /* FeedItemsMapper.swift in Sources */,
				EA9B1C992B10A77200964947 /* FeedLoadingViewModel.swift in Sources */,
				EA41C52129CB5BD200733FB1 /* RemoteFeedLoader.swift in Sources */,
				EA2701C22A6155BD00BD25C7 /* CoreDataHelpers.swift in Sources */,
				EA92B3E42B4C6952006B2383 /* FeedImageDataLoader.swift in Sources */,
				EA4F95B729D5AB0800CF016E /* HTTPClient.swift in Sources */,
				EACCE6882A5ED06F009457E8 /* CoreDataFeedStore.swift in Sources */,
				EAB01C3F2B4FC86900870F52 /* FeedImageDataStore.swift in Sources */,
				EA2701C42A61565D00BD25C7 /* ManagedCache.swift in Sources */,
				EA986ECB29C9C2FD003611C5 /* FeedLoader.swift in Sources */,
				EA8396D02A444DFF00B41E0A /* RemoteFeedItem.swift in Sources */,
				EA6F301B2A571E2900C683A5 /* FeedCachePolicy.swift in Sources */,
				EA986EC929C9C253003611C5 /* FeedImage.swift in Sources */,
				EA918CBC2B4C218900481422 /* FeedImageViewModel.swift in Sources */,
				EAAF66DF2B4D97D6003A997B /* RemoteFeedImageDataLoader.swift in Sources */,
				EAB01C412B4FC88800870F52 /* LocalFeedImageDataLoader.swift in Sources */,
				EA2701C62A61566800BD25C7 /* ManagedFeedImage.swift in Sources */,
				EAB6FC1D2A436BA50031157D /* LocalFeedLoader.swift in Sources */,
				EA986EB329C9C237003611C5 /* EssentialFeed.docc in Sources */,
			);
			runOnlyForDeploymentPostprocessing = 0;
		};
		EA986EB429C9C237003611C5 /* Sources */ = {
			isa = PBXSourcesBuildPhase;
			buildActionMask = 2147483647;
			files = (
				EA7A9E622A5E9912004E879B /* XCTestCase+FeedStoreSpecs.swift in Sources */,
				EA986ED429C9F02B003611C5 /* LoadFeedFromRemoteUseCaseTests.swift in Sources */,
				EA9B1C9E2B10AC8E00964947 /* FeedLocalizationTests.swift in Sources */,
				EA97943B2B4EBBF400814237 /* URLProtocolStub.swift in Sources */,
				EA5EE78F2B4BFF8C0071E4BC /* FeedImagePresenterTests.swift in Sources */,
				EACCE6862A5ECFF5009457E8 /* CoreDataFeedStoreTests.swift in Sources */,
				EA7A9E642A5EB738004E879B /* XCTestCase+FailableRetrieveFeedStoreSpecs.swift in Sources */,
				EAACE5C829DC2F3B003E8D82 /* URLSessionHTTPClientTests.swift in Sources */,
				EA923F0E2B052D0900544617 /* FeedPresenterTests.swift in Sources */,
				EA97C5CB29DD90A1003587F9 /*  XCTestCase+MemoryLeakTracking.swift in Sources */,
				EA92B3E62B4C6A2F006B2383 /* LoadFeedImageDataFromRemoteUseCaseTests.swift in Sources */,
				EAD0AC582A4070AE00F37D73 /* CacheFeedUseCaseTests.swift in Sources */,
				EA9165E02A56D7090075AA52 /* FeedCacheTestHelpers.swift in Sources */,
				EA9372392B4D5DBA009894C3 /* SharedTestHelpers.swift in Sources */,
				EA0A5F432A55C6E7002DC287 /* ValidateFeedCacheUseCaseTests.swift in Sources */,
				EA761F552A44A000005D6E7F /* FeedStoreSpy.swift in Sources */,
				EAB01C432B4FD0FD00870F52 /* FeedImageDataStoreSpy.swift in Sources */,
				EA761F522A449EBA005D6E7F /* LoadFeedFromCacheUseCaseTests.swift in Sources */,
				EA8D74732B4EFA1300A44777 /* LoadFeedImageDataFromCacheUseCaseTests.swift in Sources */,
				EA7A9E682A5EB8C6004E879B /* XCTestCase+FailableDeleteFeedStoreSpecs.swift in Sources */,
				EA7A9E602A5E9812004E879B /* FeedStoreSpecs.swift in Sources */,
				EA986EBE29C9C237003611C5 /* EssentialFeedTests.swift in Sources */,
				EA4BA5A82B4D9530007504DB /* HTTPClientSpy.swift in Sources */,
				EA7A9E662A5EB7EA004E879B /* XCTestCase+FailableInsertFeedStoreSpecs.swift in Sources */,
			);
			runOnlyForDeploymentPostprocessing = 0;
		};
		EACD007A2A615C480015FB29 /* Sources */ = {
			isa = PBXSourcesBuildPhase;
			buildActionMask = 2147483647;
			files = (
				EAD6DB822A616273008CFC4D /* FeedCacheTestHelpers.swift in Sources */,
				EACD00882A6160200015FB29 /*  XCTestCase+MemoryLeakTracking.swift in Sources */,
				EACD00812A615C480015FB29 /* EssentialFeedCacheIntegrationTests.swift in Sources */,
				EAD6DB812A61626D008CFC4D /* SharedTestHelpers.swift in Sources */,
			);
			runOnlyForDeploymentPostprocessing = 0;
		};
		EAE8DFCF29E5B55000B57096 /* Sources */ = {
			isa = PBXSourcesBuildPhase;
			buildActionMask = 2147483647;
			files = (
				EA02C90E29E5C6AC00DA4D0C /*  XCTestCase+MemoryLeakTracking.swift in Sources */,
				EAE8DFD629E5B55000B57096 /* EssentialFeedAPIEndToEndTests.swift in Sources */,
			);
			runOnlyForDeploymentPostprocessing = 0;
		};
/* End PBXSourcesBuildPhase section */

/* Begin PBXTargetDependency section */
		EA74D35F2A850D9C00288942 /* PBXTargetDependency */ = {
			isa = PBXTargetDependency;
			target = EA74D3522A850D9C00288942 /* EssentialFeediOS */;
			targetProxy = EA74D35E2A850D9C00288942 /* PBXContainerItemProxy */;
		};
		EA986EBB29C9C237003611C5 /* PBXTargetDependency */ = {
			isa = PBXTargetDependency;
			target = EA986EAD29C9C237003611C5 /* EssentialFeed */;
			targetProxy = EA986EBA29C9C237003611C5 /* PBXContainerItemProxy */;
		};
		EACD00842A615C480015FB29 /* PBXTargetDependency */ = {
			isa = PBXTargetDependency;
			target = EA986EAD29C9C237003611C5 /* EssentialFeed */;
			targetProxy = EACD00832A615C480015FB29 /* PBXContainerItemProxy */;
		};
		EAE8DFD929E5B55000B57096 /* PBXTargetDependency */ = {
			isa = PBXTargetDependency;
			target = EA986EAD29C9C237003611C5 /* EssentialFeed */;
			targetProxy = EAE8DFD829E5B55000B57096 /* PBXContainerItemProxy */;
		};
		EAF4ABB62A863D3500D108C3 /* PBXTargetDependency */ = {
			isa = PBXTargetDependency;
			platformFilter = ios;
			target = EA986EAD29C9C237003611C5 /* EssentialFeed */;
			targetProxy = EAF4ABB52A863D3500D108C3 /* PBXContainerItemProxy */;
		};
/* End PBXTargetDependency section */

/* Begin PBXVariantGroup section */
		EA5DA3D82B0F6A700013AA16 /* Feed.strings */ = {
			isa = PBXVariantGroup;
			children = (
				EA5DA3D72B0F6A700013AA16 /* en */,
				EA5DA3D92B0F6A730013AA16 /* el */,
				EA5DA3DA2B0F6A740013AA16 /* pt-BR */,
				EA5DA3DB2B0F6A740013AA16 /* sr-Latn */,
			);
			name = Feed.strings;
			sourceTree = "<group>";
		};
/* End PBXVariantGroup section */

/* Begin XCBuildConfiguration section */
		EA74D3652A850D9D00288942 /* Debug */ = {
			isa = XCBuildConfiguration;
			buildSettings = {
				CLANG_ENABLE_MODULES = YES;
				CODE_SIGN_STYLE = Automatic;
				CURRENT_PROJECT_VERSION = 1;
				DEFINES_MODULE = YES;
				DEVELOPMENT_TEAM = CUCRU7QZBE;
				DYLIB_COMPATIBILITY_VERSION = 1;
				DYLIB_CURRENT_VERSION = 1;
				DYLIB_INSTALL_NAME_BASE = "@rpath";
				ENABLE_MODULE_VERIFIER = YES;
				GENERATE_INFOPLIST_FILE = YES;
				INFOPLIST_KEY_NSHumanReadableCopyright = "";
				INSTALL_PATH = "$(LOCAL_LIBRARY_DIR)/Frameworks";
				IPHONEOS_DEPLOYMENT_TARGET = 16.0;
				LD_RUNPATH_SEARCH_PATHS = (
					"$(inherited)",
					"@executable_path/Frameworks",
					"@loader_path/Frameworks",
				);
				MARKETING_VERSION = 1.0;
				MODULE_VERIFIER_SUPPORTED_LANGUAGES = "objective-c objective-c++";
				MODULE_VERIFIER_SUPPORTED_LANGUAGE_STANDARDS = "gnu11 gnu++20";
				PRODUCT_BUNDLE_IDENTIFIER = Katana.EssentialFeediOS;
				PRODUCT_NAME = "$(TARGET_NAME:c99extidentifier)";
				SDKROOT = iphoneos;
				SKIP_INSTALL = YES;
				SWIFT_EMIT_LOC_STRINGS = YES;
				SWIFT_OPTIMIZATION_LEVEL = "-Onone";
				SWIFT_VERSION = 5.0;
				TARGETED_DEVICE_FAMILY = "1,2";
			};
			name = Debug;
		};
		EA74D3662A850D9D00288942 /* Release */ = {
			isa = XCBuildConfiguration;
			buildSettings = {
				CLANG_ENABLE_MODULES = YES;
				CODE_SIGN_STYLE = Automatic;
				CURRENT_PROJECT_VERSION = 1;
				DEFINES_MODULE = YES;
				DEVELOPMENT_TEAM = CUCRU7QZBE;
				DYLIB_COMPATIBILITY_VERSION = 1;
				DYLIB_CURRENT_VERSION = 1;
				DYLIB_INSTALL_NAME_BASE = "@rpath";
				ENABLE_MODULE_VERIFIER = YES;
				GENERATE_INFOPLIST_FILE = YES;
				INFOPLIST_KEY_NSHumanReadableCopyright = "";
				INSTALL_PATH = "$(LOCAL_LIBRARY_DIR)/Frameworks";
				IPHONEOS_DEPLOYMENT_TARGET = 16.0;
				LD_RUNPATH_SEARCH_PATHS = (
					"$(inherited)",
					"@executable_path/Frameworks",
					"@loader_path/Frameworks",
				);
				MARKETING_VERSION = 1.0;
				MODULE_VERIFIER_SUPPORTED_LANGUAGES = "objective-c objective-c++";
				MODULE_VERIFIER_SUPPORTED_LANGUAGE_STANDARDS = "gnu11 gnu++20";
				PRODUCT_BUNDLE_IDENTIFIER = Katana.EssentialFeediOS;
				PRODUCT_NAME = "$(TARGET_NAME:c99extidentifier)";
				SDKROOT = iphoneos;
				SKIP_INSTALL = YES;
				SWIFT_EMIT_LOC_STRINGS = YES;
				SWIFT_VERSION = 5.0;
				TARGETED_DEVICE_FAMILY = "1,2";
				VALIDATE_PRODUCT = YES;
			};
			name = Release;
		};
		EA74D3682A850D9D00288942 /* Debug */ = {
			isa = XCBuildConfiguration;
			buildSettings = {
				ALWAYS_EMBED_SWIFT_STANDARD_LIBRARIES = YES;
				CLANG_ENABLE_MODULES = YES;
				CODE_SIGN_STYLE = Automatic;
				CURRENT_PROJECT_VERSION = 1;
				DEVELOPMENT_TEAM = CUCRU7QZBE;
				GENERATE_INFOPLIST_FILE = YES;
				IPHONEOS_DEPLOYMENT_TARGET = 16.0;
				MARKETING_VERSION = 1.0;
				PRODUCT_BUNDLE_IDENTIFIER = Katana.EssentialFeediOSTests;
				PRODUCT_NAME = "$(TARGET_NAME)";
				SDKROOT = iphoneos;
				SWIFT_EMIT_LOC_STRINGS = NO;
				SWIFT_OBJC_BRIDGING_HEADER = "EssentialFeediOSTests/EssentialFeediOSTests-Bridging-Header.h";
				SWIFT_OPTIMIZATION_LEVEL = "-Onone";
				SWIFT_VERSION = 5.0;
				TARGETED_DEVICE_FAMILY = "1,2";
			};
			name = Debug;
		};
		EA74D3692A850D9D00288942 /* Release */ = {
			isa = XCBuildConfiguration;
			buildSettings = {
				ALWAYS_EMBED_SWIFT_STANDARD_LIBRARIES = YES;
				CLANG_ENABLE_MODULES = YES;
				CODE_SIGN_STYLE = Automatic;
				CURRENT_PROJECT_VERSION = 1;
				DEVELOPMENT_TEAM = CUCRU7QZBE;
				GENERATE_INFOPLIST_FILE = YES;
				IPHONEOS_DEPLOYMENT_TARGET = 16.0;
				MARKETING_VERSION = 1.0;
				PRODUCT_BUNDLE_IDENTIFIER = Katana.EssentialFeediOSTests;
				PRODUCT_NAME = "$(TARGET_NAME)";
				SDKROOT = iphoneos;
				SWIFT_EMIT_LOC_STRINGS = NO;
				SWIFT_OBJC_BRIDGING_HEADER = "EssentialFeediOSTests/EssentialFeediOSTests-Bridging-Header.h";
				SWIFT_VERSION = 5.0;
				TARGETED_DEVICE_FAMILY = "1,2";
				VALIDATE_PRODUCT = YES;
			};
			name = Release;
		};
		EA986EC029C9C237003611C5 /* Debug */ = {
			isa = XCBuildConfiguration;
			buildSettings = {
				ALWAYS_SEARCH_USER_PATHS = NO;
				CLANG_ANALYZER_LOCALIZABILITY_NONLOCALIZED = YES;
				CLANG_ANALYZER_NONNULL = YES;
				CLANG_ANALYZER_NUMBER_OBJECT_CONVERSION = YES_AGGRESSIVE;
				CLANG_CXX_LANGUAGE_STANDARD = "gnu++20";
				CLANG_ENABLE_MODULES = YES;
				CLANG_ENABLE_OBJC_ARC = YES;
				CLANG_ENABLE_OBJC_WEAK = YES;
				CLANG_WARN_BLOCK_CAPTURE_AUTORELEASING = YES;
				CLANG_WARN_BOOL_CONVERSION = YES;
				CLANG_WARN_COMMA = YES;
				CLANG_WARN_CONSTANT_CONVERSION = YES;
				CLANG_WARN_DEPRECATED_OBJC_IMPLEMENTATIONS = YES;
				CLANG_WARN_DIRECT_OBJC_ISA_USAGE = YES_ERROR;
				CLANG_WARN_DOCUMENTATION_COMMENTS = YES;
				CLANG_WARN_EMPTY_BODY = YES;
				CLANG_WARN_ENUM_CONVERSION = YES;
				CLANG_WARN_INFINITE_RECURSION = YES;
				CLANG_WARN_INT_CONVERSION = YES;
				CLANG_WARN_NON_LITERAL_NULL_CONVERSION = YES;
				CLANG_WARN_OBJC_IMPLICIT_RETAIN_SELF = YES;
				CLANG_WARN_OBJC_LITERAL_CONVERSION = YES;
				CLANG_WARN_OBJC_ROOT_CLASS = YES_ERROR;
				CLANG_WARN_QUOTED_INCLUDE_IN_FRAMEWORK_HEADER = YES;
				CLANG_WARN_RANGE_LOOP_ANALYSIS = YES;
				CLANG_WARN_STRICT_PROTOTYPES = YES;
				CLANG_WARN_SUSPICIOUS_MOVE = YES;
				CLANG_WARN_UNGUARDED_AVAILABILITY = YES_AGGRESSIVE;
				CLANG_WARN_UNREACHABLE_CODE = YES;
				CLANG_WARN__DUPLICATE_METHOD_MATCH = YES;
				COPY_PHASE_STRIP = NO;
				CURRENT_PROJECT_VERSION = 1;
				DEAD_CODE_STRIPPING = YES;
				DEBUG_INFORMATION_FORMAT = dwarf;
				ENABLE_STRICT_OBJC_MSGSEND = YES;
				ENABLE_TESTABILITY = YES;
				GCC_C_LANGUAGE_STANDARD = gnu11;
				GCC_DYNAMIC_NO_PIC = NO;
				GCC_NO_COMMON_BLOCKS = YES;
				GCC_OPTIMIZATION_LEVEL = 0;
				GCC_PREPROCESSOR_DEFINITIONS = (
					"DEBUG=1",
					"$(inherited)",
				);
				GCC_WARN_64_TO_32_BIT_CONVERSION = YES;
				GCC_WARN_ABOUT_RETURN_TYPE = YES_ERROR;
				GCC_WARN_UNDECLARED_SELECTOR = YES;
				GCC_WARN_UNINITIALIZED_AUTOS = YES_AGGRESSIVE;
				GCC_WARN_UNUSED_FUNCTION = YES;
				GCC_WARN_UNUSED_VARIABLE = YES;
				MACOSX_DEPLOYMENT_TARGET = 12.6;
				MTL_ENABLE_DEBUG_INFO = INCLUDE_SOURCE;
				MTL_FAST_MATH = YES;
				ONLY_ACTIVE_ARCH = YES;
				SDKROOT = macosx;
				SWIFT_ACTIVE_COMPILATION_CONDITIONS = DEBUG;
				SWIFT_OPTIMIZATION_LEVEL = "-Onone";
				VERSIONING_SYSTEM = "apple-generic";
				VERSION_INFO_PREFIX = "";
			};
			name = Debug;
		};
		EA986EC129C9C237003611C5 /* Release */ = {
			isa = XCBuildConfiguration;
			buildSettings = {
				ALWAYS_SEARCH_USER_PATHS = NO;
				CLANG_ANALYZER_LOCALIZABILITY_NONLOCALIZED = YES;
				CLANG_ANALYZER_NONNULL = YES;
				CLANG_ANALYZER_NUMBER_OBJECT_CONVERSION = YES_AGGRESSIVE;
				CLANG_CXX_LANGUAGE_STANDARD = "gnu++20";
				CLANG_ENABLE_MODULES = YES;
				CLANG_ENABLE_OBJC_ARC = YES;
				CLANG_ENABLE_OBJC_WEAK = YES;
				CLANG_WARN_BLOCK_CAPTURE_AUTORELEASING = YES;
				CLANG_WARN_BOOL_CONVERSION = YES;
				CLANG_WARN_COMMA = YES;
				CLANG_WARN_CONSTANT_CONVERSION = YES;
				CLANG_WARN_DEPRECATED_OBJC_IMPLEMENTATIONS = YES;
				CLANG_WARN_DIRECT_OBJC_ISA_USAGE = YES_ERROR;
				CLANG_WARN_DOCUMENTATION_COMMENTS = YES;
				CLANG_WARN_EMPTY_BODY = YES;
				CLANG_WARN_ENUM_CONVERSION = YES;
				CLANG_WARN_INFINITE_RECURSION = YES;
				CLANG_WARN_INT_CONVERSION = YES;
				CLANG_WARN_NON_LITERAL_NULL_CONVERSION = YES;
				CLANG_WARN_OBJC_IMPLICIT_RETAIN_SELF = YES;
				CLANG_WARN_OBJC_LITERAL_CONVERSION = YES;
				CLANG_WARN_OBJC_ROOT_CLASS = YES_ERROR;
				CLANG_WARN_QUOTED_INCLUDE_IN_FRAMEWORK_HEADER = YES;
				CLANG_WARN_RANGE_LOOP_ANALYSIS = YES;
				CLANG_WARN_STRICT_PROTOTYPES = YES;
				CLANG_WARN_SUSPICIOUS_MOVE = YES;
				CLANG_WARN_UNGUARDED_AVAILABILITY = YES_AGGRESSIVE;
				CLANG_WARN_UNREACHABLE_CODE = YES;
				CLANG_WARN__DUPLICATE_METHOD_MATCH = YES;
				COPY_PHASE_STRIP = NO;
				CURRENT_PROJECT_VERSION = 1;
				DEAD_CODE_STRIPPING = YES;
				DEBUG_INFORMATION_FORMAT = "dwarf-with-dsym";
				ENABLE_NS_ASSERTIONS = NO;
				ENABLE_STRICT_OBJC_MSGSEND = YES;
				GCC_C_LANGUAGE_STANDARD = gnu11;
				GCC_NO_COMMON_BLOCKS = YES;
				GCC_WARN_64_TO_32_BIT_CONVERSION = YES;
				GCC_WARN_ABOUT_RETURN_TYPE = YES_ERROR;
				GCC_WARN_UNDECLARED_SELECTOR = YES;
				GCC_WARN_UNINITIALIZED_AUTOS = YES_AGGRESSIVE;
				GCC_WARN_UNUSED_FUNCTION = YES;
				GCC_WARN_UNUSED_VARIABLE = YES;
				MACOSX_DEPLOYMENT_TARGET = 12.6;
				MTL_ENABLE_DEBUG_INFO = NO;
				MTL_FAST_MATH = YES;
				SDKROOT = macosx;
				SWIFT_COMPILATION_MODE = wholemodule;
				SWIFT_OPTIMIZATION_LEVEL = "-O";
				VERSIONING_SYSTEM = "apple-generic";
				VERSION_INFO_PREFIX = "";
			};
			name = Release;
		};
		EA986EC329C9C237003611C5 /* Debug */ = {
			isa = XCBuildConfiguration;
			buildSettings = {
				CODE_SIGN_IDENTITY = "";
				CODE_SIGN_STYLE = Automatic;
				COMBINE_HIDPI_IMAGES = YES;
				CURRENT_PROJECT_VERSION = 1;
				DEAD_CODE_STRIPPING = YES;
				DEFINES_MODULE = YES;
				DEVELOPMENT_TEAM = CUCRU7QZBE;
				DYLIB_COMPATIBILITY_VERSION = 1;
				DYLIB_CURRENT_VERSION = 1;
				DYLIB_INSTALL_NAME_BASE = "@rpath";
				ENABLE_MODULE_VERIFIER = YES;
				GENERATE_INFOPLIST_FILE = YES;
				INFOPLIST_KEY_NSHumanReadableCopyright = "";
				INSTALL_PATH = "$(LOCAL_LIBRARY_DIR)/Frameworks";
				IPHONEOS_DEPLOYMENT_TARGET = 16.0;
				LD_RUNPATH_SEARCH_PATHS = (
					"$(inherited)",
					"@executable_path/../Frameworks",
					"@loader_path/Frameworks",
				);
				MARKETING_VERSION = 1.0;
				MODULE_VERIFIER_SUPPORTED_LANGUAGES = "objective-c objective-c++";
				MODULE_VERIFIER_SUPPORTED_LANGUAGE_STANDARDS = "gnu11 gnu++20";
				PRODUCT_BUNDLE_IDENTIFIER = Ljubo.EssentialFeed;
				PRODUCT_NAME = "$(TARGET_NAME:c99extidentifier)";
				SKIP_INSTALL = YES;
				SUPPORTED_PLATFORMS = "macosx iphoneos iphonesimulator";
				SWIFT_EMIT_LOC_STRINGS = YES;
				SWIFT_VERSION = 5.0;
			};
			name = Debug;
		};
		EA986EC429C9C237003611C5 /* Release */ = {
			isa = XCBuildConfiguration;
			buildSettings = {
				CODE_SIGN_IDENTITY = "";
				CODE_SIGN_STYLE = Automatic;
				COMBINE_HIDPI_IMAGES = YES;
				CURRENT_PROJECT_VERSION = 1;
				DEAD_CODE_STRIPPING = YES;
				DEFINES_MODULE = YES;
				DEVELOPMENT_TEAM = CUCRU7QZBE;
				DYLIB_COMPATIBILITY_VERSION = 1;
				DYLIB_CURRENT_VERSION = 1;
				DYLIB_INSTALL_NAME_BASE = "@rpath";
				ENABLE_MODULE_VERIFIER = YES;
				GENERATE_INFOPLIST_FILE = YES;
				INFOPLIST_KEY_NSHumanReadableCopyright = "";
				INSTALL_PATH = "$(LOCAL_LIBRARY_DIR)/Frameworks";
				IPHONEOS_DEPLOYMENT_TARGET = 16.0;
				LD_RUNPATH_SEARCH_PATHS = (
					"$(inherited)",
					"@executable_path/../Frameworks",
					"@loader_path/Frameworks",
				);
				MARKETING_VERSION = 1.0;
				MODULE_VERIFIER_SUPPORTED_LANGUAGES = "objective-c objective-c++";
				MODULE_VERIFIER_SUPPORTED_LANGUAGE_STANDARDS = "gnu11 gnu++20";
				PRODUCT_BUNDLE_IDENTIFIER = Ljubo.EssentialFeed;
				PRODUCT_NAME = "$(TARGET_NAME:c99extidentifier)";
				SKIP_INSTALL = YES;
				SUPPORTED_PLATFORMS = "macosx iphoneos iphonesimulator";
				SWIFT_EMIT_LOC_STRINGS = YES;
				SWIFT_VERSION = 5.0;
			};
			name = Release;
		};
		EA986EC629C9C237003611C5 /* Debug */ = {
			isa = XCBuildConfiguration;
			buildSettings = {
				ALWAYS_EMBED_SWIFT_STANDARD_LIBRARIES = YES;
				CODE_SIGN_STYLE = Automatic;
				CURRENT_PROJECT_VERSION = 1;
				DEAD_CODE_STRIPPING = YES;
				DEVELOPMENT_TEAM = CUCRU7QZBE;
				GENERATE_INFOPLIST_FILE = YES;
				IPHONEOS_DEPLOYMENT_TARGET = 16.0;
				MARKETING_VERSION = 1.0;
				PRODUCT_BUNDLE_IDENTIFIER = Ljubo.EssentialFeedTests;
				PRODUCT_NAME = "$(TARGET_NAME)";
				SUPPORTED_PLATFORMS = "macosx iphoneos iphonesimulator";
				SWIFT_EMIT_LOC_STRINGS = NO;
				SWIFT_VERSION = 5.0;
				TVOS_DEPLOYMENT_TARGET = 16.0;
			};
			name = Debug;
		};
		EA986EC729C9C237003611C5 /* Release */ = {
			isa = XCBuildConfiguration;
			buildSettings = {
				ALWAYS_EMBED_SWIFT_STANDARD_LIBRARIES = YES;
				CODE_SIGN_STYLE = Automatic;
				CURRENT_PROJECT_VERSION = 1;
				DEAD_CODE_STRIPPING = YES;
				DEVELOPMENT_TEAM = CUCRU7QZBE;
				GENERATE_INFOPLIST_FILE = YES;
				IPHONEOS_DEPLOYMENT_TARGET = 16.0;
				MARKETING_VERSION = 1.0;
				PRODUCT_BUNDLE_IDENTIFIER = Ljubo.EssentialFeedTests;
				PRODUCT_NAME = "$(TARGET_NAME)";
				SUPPORTED_PLATFORMS = "macosx iphoneos iphonesimulator";
				SWIFT_EMIT_LOC_STRINGS = NO;
				SWIFT_VERSION = 5.0;
				TVOS_DEPLOYMENT_TARGET = 16.0;
			};
			name = Release;
		};
		EACD00852A615C480015FB29 /* Debug */ = {
			isa = XCBuildConfiguration;
			buildSettings = {
				CODE_SIGN_STYLE = Automatic;
				CURRENT_PROJECT_VERSION = 1;
				DEAD_CODE_STRIPPING = YES;
				DEVELOPMENT_TEAM = CUCRU7QZBE;
				GENERATE_INFOPLIST_FILE = YES;
				MACOSX_DEPLOYMENT_TARGET = 12.6;
				MARKETING_VERSION = 1.0;
				PRODUCT_BUNDLE_IDENTIFIER = Katana.EssentialFeedCacheIntegrationTests;
				PRODUCT_NAME = "$(TARGET_NAME)";
				SUPPORTED_PLATFORMS = "macosx iphoneos iphonesimulator";
				SWIFT_EMIT_LOC_STRINGS = NO;
				SWIFT_VERSION = 5.0;
			};
			name = Debug;
		};
		EACD00862A615C480015FB29 /* Release */ = {
			isa = XCBuildConfiguration;
			buildSettings = {
				CODE_SIGN_STYLE = Automatic;
				CURRENT_PROJECT_VERSION = 1;
				DEAD_CODE_STRIPPING = YES;
				DEVELOPMENT_TEAM = CUCRU7QZBE;
				GENERATE_INFOPLIST_FILE = YES;
				MACOSX_DEPLOYMENT_TARGET = 12.6;
				MARKETING_VERSION = 1.0;
				PRODUCT_BUNDLE_IDENTIFIER = Katana.EssentialFeedCacheIntegrationTests;
				PRODUCT_NAME = "$(TARGET_NAME)";
				SUPPORTED_PLATFORMS = "macosx iphoneos iphonesimulator";
				SWIFT_EMIT_LOC_STRINGS = NO;
				SWIFT_VERSION = 5.0;
			};
			name = Release;
		};
		EAE8DFDA29E5B55000B57096 /* Debug */ = {
			isa = XCBuildConfiguration;
			buildSettings = {
				CODE_SIGN_STYLE = Automatic;
				CURRENT_PROJECT_VERSION = 1;
				DEAD_CODE_STRIPPING = YES;
				DEVELOPMENT_TEAM = CUCRU7QZBE;
				GENERATE_INFOPLIST_FILE = YES;
				MARKETING_VERSION = 1.0;
				PRODUCT_BUNDLE_IDENTIFIER = Example.EssentialFeedAPIEndToEndTests;
				PRODUCT_NAME = "$(TARGET_NAME)";
				SUPPORTED_PLATFORMS = "macosx iphoneos iphonesimulator";
				SWIFT_EMIT_LOC_STRINGS = NO;
				SWIFT_VERSION = 5.0;
			};
			name = Debug;
		};
		EAE8DFDB29E5B55000B57096 /* Release */ = {
			isa = XCBuildConfiguration;
			buildSettings = {
				CODE_SIGN_STYLE = Automatic;
				CURRENT_PROJECT_VERSION = 1;
				DEAD_CODE_STRIPPING = YES;
				DEVELOPMENT_TEAM = CUCRU7QZBE;
				GENERATE_INFOPLIST_FILE = YES;
				MARKETING_VERSION = 1.0;
				PRODUCT_BUNDLE_IDENTIFIER = Example.EssentialFeedAPIEndToEndTests;
				PRODUCT_NAME = "$(TARGET_NAME)";
				SUPPORTED_PLATFORMS = "macosx iphoneos iphonesimulator";
				SWIFT_EMIT_LOC_STRINGS = NO;
				SWIFT_VERSION = 5.0;
			};
			name = Release;
		};
/* End XCBuildConfiguration section */

/* Begin XCConfigurationList section */
		EA74D3642A850D9D00288942 /* Build configuration list for PBXNativeTarget "EssentialFeediOS" */ = {
			isa = XCConfigurationList;
			buildConfigurations = (
				EA74D3652A850D9D00288942 /* Debug */,
				EA74D3662A850D9D00288942 /* Release */,
			);
			defaultConfigurationIsVisible = 0;
			defaultConfigurationName = Release;
		};
		EA74D3672A850D9D00288942 /* Build configuration list for PBXNativeTarget "EssentialFeediOSTests" */ = {
			isa = XCConfigurationList;
			buildConfigurations = (
				EA74D3682A850D9D00288942 /* Debug */,
				EA74D3692A850D9D00288942 /* Release */,
			);
			defaultConfigurationIsVisible = 0;
			defaultConfigurationName = Release;
		};
		EA986EA829C9C237003611C5 /* Build configuration list for PBXProject "EssentialFeed" */ = {
			isa = XCConfigurationList;
			buildConfigurations = (
				EA986EC029C9C237003611C5 /* Debug */,
				EA986EC129C9C237003611C5 /* Release */,
			);
			defaultConfigurationIsVisible = 0;
			defaultConfigurationName = Release;
		};
		EA986EC229C9C237003611C5 /* Build configuration list for PBXNativeTarget "EssentialFeed" */ = {
			isa = XCConfigurationList;
			buildConfigurations = (
				EA986EC329C9C237003611C5 /* Debug */,
				EA986EC429C9C237003611C5 /* Release */,
			);
			defaultConfigurationIsVisible = 0;
			defaultConfigurationName = Release;
		};
		EA986EC529C9C237003611C5 /* Build configuration list for PBXNativeTarget "EssentialFeedTests" */ = {
			isa = XCConfigurationList;
			buildConfigurations = (
				EA986EC629C9C237003611C5 /* Debug */,
				EA986EC729C9C237003611C5 /* Release */,
			);
			defaultConfigurationIsVisible = 0;
			defaultConfigurationName = Release;
		};
		EACD00872A615C480015FB29 /* Build configuration list for PBXNativeTarget "EssentialFeedCacheIntegrationTests" */ = {
			isa = XCConfigurationList;
			buildConfigurations = (
				EACD00852A615C480015FB29 /* Debug */,
				EACD00862A615C480015FB29 /* Release */,
			);
			defaultConfigurationIsVisible = 0;
			defaultConfigurationName = Release;
		};
		EAE8DFDC29E5B55000B57096 /* Build configuration list for PBXNativeTarget "EssentialFeedAPIEndToEndTests" */ = {
			isa = XCConfigurationList;
			buildConfigurations = (
				EAE8DFDA29E5B55000B57096 /* Debug */,
				EAE8DFDB29E5B55000B57096 /* Release */,
			);
			defaultConfigurationIsVisible = 0;
			defaultConfigurationName = Release;
		};
/* End XCConfigurationList section */

/* Begin XCVersionGroup section */
		EA49190B2A60068E000B4D2D /* FeedStore.xcdatamodeld */ = {
			isa = XCVersionGroup;
			children = (
				EA49190C2A60068E000B4D2D /* FeedStore.xcdatamodel */,
			);
			currentVersion = EA49190C2A60068E000B4D2D /* FeedStore.xcdatamodel */;
			path = FeedStore.xcdatamodeld;
			sourceTree = "<group>";
			versionGroupType = wrapper.xcdatamodel;
		};
/* End XCVersionGroup section */
	};
	rootObject = EA986EA529C9C237003611C5 /* Project object */;
}
