// !$*UTF8*$!
{
	archiveVersion = 1;
	classes = {
	};
	objectVersion = 56;
	objects = {

/* Begin PBXBuildFile section */
		EA02C90E29E5C6AC00DA4D0C /*  XCTestCase+MemoryLeakTracking.swift in Sources */ = {isa = PBXBuildFile; fileRef = EA97C5CA29DD90A1003587F9 /*  XCTestCase+MemoryLeakTracking.swift */; };
		EA0A5F432A55C6E7002DC287 /* ValidateFeedCacheUseCaseTests.swift in Sources */ = {isa = PBXBuildFile; fileRef = EA0A5F422A55C6E7002DC287 /* ValidateFeedCacheUseCaseTests.swift */; };
		EA0F2BB42A5C2515003ED55E /* CodableFeedStore.swift in Sources */ = {isa = PBXBuildFile; fileRef = EA0F2BB32A5C2515003ED55E /* CodableFeedStore.swift */; };
		EA3A193229E4154C00FB4ABA /* URLSessionHTTPClient.swift in Sources */ = {isa = PBXBuildFile; fileRef = EA3A193129E4154C00FB4ABA /* URLSessionHTTPClient.swift */; };
		EA41C52129CB5BD200733FB1 /* RemoteFeedLoader.swift in Sources */ = {isa = PBXBuildFile; fileRef = EA41C52029CB5BD200733FB1 /* RemoteFeedLoader.swift */; };
		EA4F95B729D5AB0800CF016E /* HTTPClient.swift in Sources */ = {isa = PBXBuildFile; fileRef = EA4F95B629D5AB0800CF016E /* HTTPClient.swift */; };
		EA6F301B2A571E2900C683A5 /* FeedCachePolicy.swift in Sources */ = {isa = PBXBuildFile; fileRef = EA6F301A2A571E2900C683A5 /* FeedCachePolicy.swift */; };
		EA70818D2A583E9900542562 /* CodableFeedStoreTests.swift in Sources */ = {isa = PBXBuildFile; fileRef = EA70818C2A583E9900542562 /* CodableFeedStoreTests.swift */; };
		EA761F522A449EBA005D6E7F /* LoadFeedFromCacheUseCaseTests.swift in Sources */ = {isa = PBXBuildFile; fileRef = EA761F512A449EBA005D6E7F /* LoadFeedFromCacheUseCaseTests.swift */; };
		EA761F552A44A000005D6E7F /* FeedStoreSpy.swift in Sources */ = {isa = PBXBuildFile; fileRef = EA761F542A44A000005D6E7F /* FeedStoreSpy.swift */; };
		EA8396D02A444DFF00B41E0A /* RemoteFeedItem.swift in Sources */ = {isa = PBXBuildFile; fileRef = EA8396CF2A444DFF00B41E0A /* RemoteFeedItem.swift */; };
		EA8396D22A444E6000B41E0A /* LocalFeedImage.swift in Sources */ = {isa = PBXBuildFile; fileRef = EA8396D12A444E6000B41E0A /* LocalFeedImage.swift */; };
		EA9165E02A56D7090075AA52 /* FeedCacheTestHelpers.swift in Sources */ = {isa = PBXBuildFile; fileRef = EA9165DF2A56D7090075AA52 /* FeedCacheTestHelpers.swift */; };
		EA9165E22A56D8DE0075AA52 /* SharedTestHelpers.swift in Sources */ = {isa = PBXBuildFile; fileRef = EA9165E12A56D8DE0075AA52 /* SharedTestHelpers.swift */; };
		EA9372D329D6CD2B00AE997C /* FeedItemsMapper.swift in Sources */ = {isa = PBXBuildFile; fileRef = EA9372D229D6CD2B00AE997C /* FeedItemsMapper.swift */; };
		EA97C5CB29DD90A1003587F9 /*  XCTestCase+MemoryLeakTracking.swift in Sources */ = {isa = PBXBuildFile; fileRef = EA97C5CA29DD90A1003587F9 /*  XCTestCase+MemoryLeakTracking.swift */; };
		EA986EB329C9C237003611C5 /* EssentialFeed.docc in Sources */ = {isa = PBXBuildFile; fileRef = EA986EB229C9C237003611C5 /* EssentialFeed.docc */; };
		EA986EB929C9C237003611C5 /* EssentialFeed.framework in Frameworks */ = {isa = PBXBuildFile; fileRef = EA986EAE29C9C237003611C5 /* EssentialFeed.framework */; };
		EA986EBE29C9C237003611C5 /* EssentialFeedTests.swift in Sources */ = {isa = PBXBuildFile; fileRef = EA986EBD29C9C237003611C5 /* EssentialFeedTests.swift */; };
		EA986EBF29C9C237003611C5 /* EssentialFeed.h in Headers */ = {isa = PBXBuildFile; fileRef = EA986EB129C9C237003611C5 /* EssentialFeed.h */; settings = {ATTRIBUTES = (Public, ); }; };
		EA986EC929C9C253003611C5 /* FeedImage.swift in Sources */ = {isa = PBXBuildFile; fileRef = EA986EC829C9C253003611C5 /* FeedImage.swift */; };
		EA986ECB29C9C2FD003611C5 /* FeedLoader.swift in Sources */ = {isa = PBXBuildFile; fileRef = EA986ECA29C9C2FD003611C5 /* FeedLoader.swift */; };
		EA986ED429C9F02B003611C5 /* LoadFeedFromRemoteUseCaseTests.swift in Sources */ = {isa = PBXBuildFile; fileRef = EA986ED329C9F02B003611C5 /* LoadFeedFromRemoteUseCaseTests.swift */; };
		EAACE5C829DC2F3B003E8D82 /* URLSessionHTTPClientTests.swift in Sources */ = {isa = PBXBuildFile; fileRef = EAACE5C729DC2F3B003E8D82 /* URLSessionHTTPClientTests.swift */; };
		EAB6FC1D2A436BA50031157D /* LocalFeedLoader.swift in Sources */ = {isa = PBXBuildFile; fileRef = EAB6FC1C2A436BA50031157D /* LocalFeedLoader.swift */; };
		EAB6FC1F2A436CEE0031157D /* FeedStore.swift in Sources */ = {isa = PBXBuildFile; fileRef = EAB6FC1E2A436CEE0031157D /* FeedStore.swift */; };
		EAD0AC582A4070AE00F37D73 /* CacheFeedUseCaseTests.swift in Sources */ = {isa = PBXBuildFile; fileRef = EAD0AC572A4070AE00F37D73 /* CacheFeedUseCaseTests.swift */; };
		EAE8DFD629E5B55000B57096 /* EssentialFeedAPIEndToEndTests.swift in Sources */ = {isa = PBXBuildFile; fileRef = EAE8DFD529E5B55000B57096 /* EssentialFeedAPIEndToEndTests.swift */; };
		EAE8DFD729E5B55000B57096 /* EssentialFeed.framework in Frameworks */ = {isa = PBXBuildFile; fileRef = EA986EAE29C9C237003611C5 /* EssentialFeed.framework */; };
/* End PBXBuildFile section */

/* Begin PBXContainerItemProxy section */
		EA986EBA29C9C237003611C5 /* PBXContainerItemProxy */ = {
			isa = PBXContainerItemProxy;
			containerPortal = EA986EA529C9C237003611C5 /* Project object */;
			proxyType = 1;
			remoteGlobalIDString = EA986EAD29C9C237003611C5;
			remoteInfo = EssentialFeed;
		};
		EAE8DFD829E5B55000B57096 /* PBXContainerItemProxy */ = {
			isa = PBXContainerItemProxy;
			containerPortal = EA986EA529C9C237003611C5 /* Project object */;
			proxyType = 1;
			remoteGlobalIDString = EA986EAD29C9C237003611C5;
			remoteInfo = EssentialFeed;
		};
/* End PBXContainerItemProxy section */

/* Begin PBXFileReference section */
		EA0A5F422A55C6E7002DC287 /* ValidateFeedCacheUseCaseTests.swift */ = {isa = PBXFileReference; lastKnownFileType = sourcecode.swift; path = ValidateFeedCacheUseCaseTests.swift; sourceTree = "<group>"; };
		EA0F2BB32A5C2515003ED55E /* CodableFeedStore.swift */ = {isa = PBXFileReference; lastKnownFileType = sourcecode.swift; path = CodableFeedStore.swift; sourceTree = "<group>"; };
		EA3A193129E4154C00FB4ABA /* URLSessionHTTPClient.swift */ = {isa = PBXFileReference; lastKnownFileType = sourcecode.swift; path = URLSessionHTTPClient.swift; sourceTree = "<group>"; };
		EA41C52029CB5BD200733FB1 /* RemoteFeedLoader.swift */ = {isa = PBXFileReference; lastKnownFileType = sourcecode.swift; path = RemoteFeedLoader.swift; sourceTree = "<group>"; };
		EA4F95B629D5AB0800CF016E /* HTTPClient.swift */ = {isa = PBXFileReference; lastKnownFileType = sourcecode.swift; path = HTTPClient.swift; sourceTree = "<group>"; };
		EA6F301A2A571E2900C683A5 /* FeedCachePolicy.swift */ = {isa = PBXFileReference; lastKnownFileType = sourcecode.swift; path = FeedCachePolicy.swift; sourceTree = "<group>"; };
		EA70818C2A583E9900542562 /* CodableFeedStoreTests.swift */ = {isa = PBXFileReference; lastKnownFileType = sourcecode.swift; path = CodableFeedStoreTests.swift; sourceTree = "<group>"; };
		EA761F512A449EBA005D6E7F /* LoadFeedFromCacheUseCaseTests.swift */ = {isa = PBXFileReference; lastKnownFileType = sourcecode.swift; path = LoadFeedFromCacheUseCaseTests.swift; sourceTree = "<group>"; };
		EA761F542A44A000005D6E7F /* FeedStoreSpy.swift */ = {isa = PBXFileReference; lastKnownFileType = sourcecode.swift; path = FeedStoreSpy.swift; sourceTree = "<group>"; };
		EA8396CF2A444DFF00B41E0A /* RemoteFeedItem.swift */ = {isa = PBXFileReference; lastKnownFileType = sourcecode.swift; path = RemoteFeedItem.swift; sourceTree = "<group>"; };
		EA8396D12A444E6000B41E0A /* LocalFeedImage.swift */ = {isa = PBXFileReference; lastKnownFileType = sourcecode.swift; path = LocalFeedImage.swift; sourceTree = "<group>"; };
		EA9165DF2A56D7090075AA52 /* FeedCacheTestHelpers.swift */ = {isa = PBXFileReference; lastKnownFileType = sourcecode.swift; path = FeedCacheTestHelpers.swift; sourceTree = "<group>"; };
		EA9165E12A56D8DE0075AA52 /* SharedTestHelpers.swift */ = {isa = PBXFileReference; lastKnownFileType = sourcecode.swift; path = SharedTestHelpers.swift; sourceTree = "<group>"; };
		EA9372D229D6CD2B00AE997C /* FeedItemsMapper.swift */ = {isa = PBXFileReference; lastKnownFileType = sourcecode.swift; path = FeedItemsMapper.swift; sourceTree = "<group>"; };
		EA97C5CA29DD90A1003587F9 /*  XCTestCase+MemoryLeakTracking.swift */ = {isa = PBXFileReference; lastKnownFileType = sourcecode.swift; path = " XCTestCase+MemoryLeakTracking.swift"; sourceTree = "<group>"; };
		EA986EAE29C9C237003611C5 /* EssentialFeed.framework */ = {isa = PBXFileReference; explicitFileType = wrapper.framework; includeInIndex = 0; path = EssentialFeed.framework; sourceTree = BUILT_PRODUCTS_DIR; };
		EA986EB129C9C237003611C5 /* EssentialFeed.h */ = {isa = PBXFileReference; lastKnownFileType = sourcecode.c.h; path = EssentialFeed.h; sourceTree = "<group>"; };
		EA986EB229C9C237003611C5 /* EssentialFeed.docc */ = {isa = PBXFileReference; lastKnownFileType = folder.documentationcatalog; path = EssentialFeed.docc; sourceTree = "<group>"; };
		EA986EB829C9C237003611C5 /* EssentialFeedTests.xctest */ = {isa = PBXFileReference; explicitFileType = wrapper.cfbundle; includeInIndex = 0; path = EssentialFeedTests.xctest; sourceTree = BUILT_PRODUCTS_DIR; };
		EA986EBD29C9C237003611C5 /* EssentialFeedTests.swift */ = {isa = PBXFileReference; lastKnownFileType = sourcecode.swift; path = EssentialFeedTests.swift; sourceTree = "<group>"; };
		EA986EC829C9C253003611C5 /* FeedImage.swift */ = {isa = PBXFileReference; lastKnownFileType = sourcecode.swift; path = FeedImage.swift; sourceTree = "<group>"; };
		EA986ECA29C9C2FD003611C5 /* FeedLoader.swift */ = {isa = PBXFileReference; lastKnownFileType = sourcecode.swift; path = FeedLoader.swift; sourceTree = "<group>"; };
		EA986ED329C9F02B003611C5 /* LoadFeedFromRemoteUseCaseTests.swift */ = {isa = PBXFileReference; lastKnownFileType = sourcecode.swift; path = LoadFeedFromRemoteUseCaseTests.swift; sourceTree = "<group>"; };
		EAACE5C729DC2F3B003E8D82 /* URLSessionHTTPClientTests.swift */ = {isa = PBXFileReference; lastKnownFileType = sourcecode.swift; path = URLSessionHTTPClientTests.swift; sourceTree = "<group>"; };
		EAB6FC1C2A436BA50031157D /* LocalFeedLoader.swift */ = {isa = PBXFileReference; lastKnownFileType = sourcecode.swift; path = LocalFeedLoader.swift; sourceTree = "<group>"; };
		EAB6FC1E2A436CEE0031157D /* FeedStore.swift */ = {isa = PBXFileReference; lastKnownFileType = sourcecode.swift; path = FeedStore.swift; sourceTree = "<group>"; };
		EAD0AC572A4070AE00F37D73 /* CacheFeedUseCaseTests.swift */ = {isa = PBXFileReference; lastKnownFileType = sourcecode.swift; path = CacheFeedUseCaseTests.swift; sourceTree = "<group>"; };
		EAE8DFD329E5B55000B57096 /* EssentialFeedAPIEndToEndTests.xctest */ = {isa = PBXFileReference; explicitFileType = wrapper.cfbundle; includeInIndex = 0; path = EssentialFeedAPIEndToEndTests.xctest; sourceTree = BUILT_PRODUCTS_DIR; };
		EAE8DFD529E5B55000B57096 /* EssentialFeedAPIEndToEndTests.swift */ = {isa = PBXFileReference; lastKnownFileType = sourcecode.swift; path = EssentialFeedAPIEndToEndTests.swift; sourceTree = "<group>"; };
/* End PBXFileReference section */

/* Begin PBXFrameworksBuildPhase section */
		EA986EAB29C9C237003611C5 /* Frameworks */ = {
			isa = PBXFrameworksBuildPhase;
			buildActionMask = 2147483647;
			files = (
			);
			runOnlyForDeploymentPostprocessing = 0;
		};
		EA986EB529C9C237003611C5 /* Frameworks */ = {
			isa = PBXFrameworksBuildPhase;
			buildActionMask = 2147483647;
			files = (
				EA986EB929C9C237003611C5 /* EssentialFeed.framework in Frameworks */,
			);
			runOnlyForDeploymentPostprocessing = 0;
		};
		EAE8DFD029E5B55000B57096 /* Frameworks */ = {
			isa = PBXFrameworksBuildPhase;
			buildActionMask = 2147483647;
			files = (
				EAE8DFD729E5B55000B57096 /* EssentialFeed.framework in Frameworks */,
			);
			runOnlyForDeploymentPostprocessing = 0;
		};
/* End PBXFrameworksBuildPhase section */

/* Begin PBXGroup section */
		EA41C51F29CB5B9A00733FB1 /* Feed API */ = {
			isa = PBXGroup;
			children = (
				EA41C52029CB5BD200733FB1 /* RemoteFeedLoader.swift */,
				EA9372D229D6CD2B00AE997C /* FeedItemsMapper.swift */,
				EA4F95B629D5AB0800CF016E /* HTTPClient.swift */,
				EA3A193129E4154C00FB4ABA /* URLSessionHTTPClient.swift */,
				EA8396CF2A444DFF00B41E0A /* RemoteFeedItem.swift */,
			);
			path = "Feed API";
			sourceTree = "<group>";
		};
		EA761F532A449FE9005D6E7F /* Helpers */ = {
			isa = PBXGroup;
			children = (
				EA761F542A44A000005D6E7F /* FeedStoreSpy.swift */,
				EA9165DF2A56D7090075AA52 /* FeedCacheTestHelpers.swift */,
			);
			path = Helpers;
			sourceTree = "<group>";
		};
		EA9372D429D6F33700AE997C /* Feed API */ = {
			isa = PBXGroup;
			children = (
				EA986ED329C9F02B003611C5 /* LoadFeedFromRemoteUseCaseTests.swift */,
				EAACE5C729DC2F3B003E8D82 /* URLSessionHTTPClientTests.swift */,
			);
			path = "Feed API";
			sourceTree = "<group>";
		};
		EA97C5C929DD905C003587F9 /* Helpers */ = {
			isa = PBXGroup;
			children = (
				EA97C5CA29DD90A1003587F9 /*  XCTestCase+MemoryLeakTracking.swift */,
				EA9165E12A56D8DE0075AA52 /* SharedTestHelpers.swift */,
			);
			path = Helpers;
			sourceTree = "<group>";
		};
		EA986EA429C9C237003611C5 = {
			isa = PBXGroup;
			children = (
				EA986EB029C9C237003611C5 /* EssentialFeed */,
				EA986EBC29C9C237003611C5 /* EssentialFeedTests */,
				EAE8DFD429E5B55000B57096 /* EssentialFeedAPIEndToEndTests */,
				EA986EAF29C9C237003611C5 /* Products */,
			);
			sourceTree = "<group>";
		};
		EA986EAF29C9C237003611C5 /* Products */ = {
			isa = PBXGroup;
			children = (
				EA986EAE29C9C237003611C5 /* EssentialFeed.framework */,
				EA986EB829C9C237003611C5 /* EssentialFeedTests.xctest */,
				EAE8DFD329E5B55000B57096 /* EssentialFeedAPIEndToEndTests.xctest */,
			);
			name = Products;
			sourceTree = "<group>";
		};
		EA986EB029C9C237003611C5 /* EssentialFeed */ = {
			isa = PBXGroup;
			children = (
				EAB6FC1B2A436B990031157D /* Feed Cache */,
				EA986ECD29C9C957003611C5 /* Feed Feature */,
				EA41C51F29CB5B9A00733FB1 /* Feed API */,
				EA986EB129C9C237003611C5 /* EssentialFeed.h */,
				EA986EB229C9C237003611C5 /* EssentialFeed.docc */,
			);
			path = EssentialFeed;
			sourceTree = "<group>";
		};
		EA986EBC29C9C237003611C5 /* EssentialFeedTests */ = {
			isa = PBXGroup;
			children = (
				EA97C5C929DD905C003587F9 /* Helpers */,
				EAD0AC562A40706E00F37D73 /* Feed Cache */,
				EA9372D429D6F33700AE997C /* Feed API */,
				EA986EBD29C9C237003611C5 /* EssentialFeedTests.swift */,
			);
			path = EssentialFeedTests;
			sourceTree = "<group>";
		};
		EA986ECD29C9C957003611C5 /* Feed Feature */ = {
			isa = PBXGroup;
			children = (
				EA986EC829C9C253003611C5 /* FeedImage.swift */,
				EA986ECA29C9C2FD003611C5 /* FeedLoader.swift */,
			);
			path = "Feed Feature";
			sourceTree = "<group>";
		};
		EAB6FC1B2A436B990031157D /* Feed Cache */ = {
			isa = PBXGroup;
			children = (
				EAB6FC1C2A436BA50031157D /* LocalFeedLoader.swift */,
				EAB6FC1E2A436CEE0031157D /* FeedStore.swift */,
				EA8396D12A444E6000B41E0A /* LocalFeedImage.swift */,
				EA6F301A2A571E2900C683A5 /* FeedCachePolicy.swift */,
				EA0F2BB32A5C2515003ED55E /* CodableFeedStore.swift */,
			);
			path = "Feed Cache";
			sourceTree = "<group>";
		};
		EAD0AC562A40706E00F37D73 /* Feed Cache */ = {
			isa = PBXGroup;
			children = (
				EA761F532A449FE9005D6E7F /* Helpers */,
				EAD0AC572A4070AE00F37D73 /* CacheFeedUseCaseTests.swift */,
				EA761F512A449EBA005D6E7F /* LoadFeedFromCacheUseCaseTests.swift */,
				EA0A5F422A55C6E7002DC287 /* ValidateFeedCacheUseCaseTests.swift */,
				EA70818C2A583E9900542562 /* CodableFeedStoreTests.swift */,
			);
			path = "Feed Cache";
			sourceTree = "<group>";
		};
		EAE8DFD429E5B55000B57096 /* EssentialFeedAPIEndToEndTests */ = {
			isa = PBXGroup;
			children = (
				EAE8DFD529E5B55000B57096 /* EssentialFeedAPIEndToEndTests.swift */,
			);
			path = EssentialFeedAPIEndToEndTests;
			sourceTree = "<group>";
		};
/* End PBXGroup section */

/* Begin PBXHeadersBuildPhase section */
		EA986EA929C9C237003611C5 /* Headers */ = {
			isa = PBXHeadersBuildPhase;
			buildActionMask = 2147483647;
			files = (
				EA986EBF29C9C237003611C5 /* EssentialFeed.h in Headers */,
			);
			runOnlyForDeploymentPostprocessing = 0;
		};
/* End PBXHeadersBuildPhase section */

/* Begin PBXNativeTarget section */
		EA986EAD29C9C237003611C5 /* EssentialFeed */ = {
			isa = PBXNativeTarget;
			buildConfigurationList = EA986EC229C9C237003611C5 /* Build configuration list for PBXNativeTarget "EssentialFeed" */;
			buildPhases = (
				EA986EA929C9C237003611C5 /* Headers */,
				EA986EAA29C9C237003611C5 /* Sources */,
				EA986EAB29C9C237003611C5 /* Frameworks */,
				EA986EAC29C9C237003611C5 /* Resources */,
			);
			buildRules = (
			);
			dependencies = (
			);
			name = EssentialFeed;
			productName = EssentialFeed;
			productReference = EA986EAE29C9C237003611C5 /* EssentialFeed.framework */;
			productType = "com.apple.product-type.framework";
		};
		EA986EB729C9C237003611C5 /* EssentialFeedTests */ = {
			isa = PBXNativeTarget;
			buildConfigurationList = EA986EC529C9C237003611C5 /* Build configuration list for PBXNativeTarget "EssentialFeedTests" */;
			buildPhases = (
				EA986EB429C9C237003611C5 /* Sources */,
				EA986EB529C9C237003611C5 /* Frameworks */,
				EA986EB629C9C237003611C5 /* Resources */,
			);
			buildRules = (
			);
			dependencies = (
				EA986EBB29C9C237003611C5 /* PBXTargetDependency */,
			);
			name = EssentialFeedTests;
			productName = EssentialFeedTests;
			productReference = EA986EB829C9C237003611C5 /* EssentialFeedTests.xctest */;
			productType = "com.apple.product-type.bundle.unit-test";
		};
		EAE8DFD229E5B55000B57096 /* EssentialFeedAPIEndToEndTests */ = {
			isa = PBXNativeTarget;
			buildConfigurationList = EAE8DFDC29E5B55000B57096 /* Build configuration list for PBXNativeTarget "EssentialFeedAPIEndToEndTests" */;
			buildPhases = (
				EAE8DFCF29E5B55000B57096 /* Sources */,
				EAE8DFD029E5B55000B57096 /* Frameworks */,
				EAE8DFD129E5B55000B57096 /* Resources */,
			);
			buildRules = (
			);
			dependencies = (
				EAE8DFD929E5B55000B57096 /* PBXTargetDependency */,
			);
			name = EssentialFeedAPIEndToEndTests;
			productName = EssentialFeedAPIEndToEndTests;
			productReference = EAE8DFD329E5B55000B57096 /* EssentialFeedAPIEndToEndTests.xctest */;
			productType = "com.apple.product-type.bundle.unit-test";
		};
/* End PBXNativeTarget section */

/* Begin PBXProject section */
		EA986EA529C9C237003611C5 /* Project object */ = {
			isa = PBXProject;
			attributes = {
				BuildIndependentTargetsInParallel = 1;
				LastSwiftUpdateCheck = 1420;
				LastUpgradeCheck = 1420;
				TargetAttributes = {
					EA986EAD29C9C237003611C5 = {
						CreatedOnToolsVersion = 14.2;
					};
					EA986EB729C9C237003611C5 = {
						CreatedOnToolsVersion = 14.2;
					};
					EAE8DFD229E5B55000B57096 = {
						CreatedOnToolsVersion = 14.2;
					};
				};
			};
			buildConfigurationList = EA986EA829C9C237003611C5 /* Build configuration list for PBXProject "EssentialFeed" */;
			compatibilityVersion = "Xcode 14.0";
			developmentRegion = en;
			hasScannedForEncodings = 0;
			knownRegions = (
				en,
				Base,
			);
			mainGroup = EA986EA429C9C237003611C5;
			productRefGroup = EA986EAF29C9C237003611C5 /* Products */;
			projectDirPath = "";
			projectRoot = "";
			targets = (
				EA986EAD29C9C237003611C5 /* EssentialFeed */,
				EA986EB729C9C237003611C5 /* EssentialFeedTests */,
				EAE8DFD229E5B55000B57096 /* EssentialFeedAPIEndToEndTests */,
			);
		};
/* End PBXProject section */

/* Begin PBXResourcesBuildPhase section */
		EA986EAC29C9C237003611C5 /* Resources */ = {
			isa = PBXResourcesBuildPhase;
			buildActionMask = 2147483647;
			files = (
			);
			runOnlyForDeploymentPostprocessing = 0;
		};
		EA986EB629C9C237003611C5 /* Resources */ = {
			isa = PBXResourcesBuildPhase;
			buildActionMask = 2147483647;
			files = (
			);
			runOnlyForDeploymentPostprocessing = 0;
		};
		EAE8DFD129E5B55000B57096 /* Resources */ = {
			isa = PBXResourcesBuildPhase;
			buildActionMask = 2147483647;
			files = (
			);
			runOnlyForDeploymentPostprocessing = 0;
		};
/* End PBXResourcesBuildPhase section */

/* Begin PBXSourcesBuildPhase section */
		EA986EAA29C9C237003611C5 /* Sources */ = {
			isa = PBXSourcesBuildPhase;
			buildActionMask = 2147483647;
			files = (
				EA8396D22A444E6000B41E0A /* LocalFeedImage.swift in Sources */,
				EAB6FC1F2A436CEE0031157D /* FeedStore.swift in Sources */,
				EA3A193229E4154C00FB4ABA /* URLSessionHTTPClient.swift in Sources */,
				EA9372D329D6CD2B00AE997C /* FeedItemsMapper.swift in Sources */,
				EA41C52129CB5BD200733FB1 /* RemoteFeedLoader.swift in Sources */,
				EA4F95B729D5AB0800CF016E /* HTTPClient.swift in Sources */,
				EA986ECB29C9C2FD003611C5 /* FeedLoader.swift in Sources */,
				EA8396D02A444DFF00B41E0A /* RemoteFeedItem.swift in Sources */,
				EA0F2BB42A5C2515003ED55E /* CodableFeedStore.swift in Sources */,
				EA6F301B2A571E2900C683A5 /* FeedCachePolicy.swift in Sources */,
				EA986EC929C9C253003611C5 /* FeedImage.swift in Sources */,
				EAB6FC1D2A436BA50031157D /* LocalFeedLoader.swift in Sources */,
				EA986EB329C9C237003611C5 /* EssentialFeed.docc in Sources */,
			);
			runOnlyForDeploymentPostprocessing = 0;
		};
		EA986EB429C9C237003611C5 /* Sources */ = {
			isa = PBXSourcesBuildPhase;
			buildActionMask = 2147483647;
			files = (
				EA70818D2A583E9900542562 /* CodableFeedStoreTests.swift in Sources */,
				EA986ED429C9F02B003611C5 /* LoadFeedFromRemoteUseCaseTests.swift in Sources */,
				EAACE5C829DC2F3B003E8D82 /* URLSessionHTTPClientTests.swift in Sources */,
				EA9165E22A56D8DE0075AA52 /* SharedTestHelpers.swift in Sources */,
				EA97C5CB29DD90A1003587F9 /*  XCTestCase+MemoryLeakTracking.swift in Sources */,
				EAD0AC582A4070AE00F37D73 /* CacheFeedUseCaseTests.swift in Sources */,
				EA9165E02A56D7090075AA52 /* FeedCacheTestHelpers.swift in Sources */,
				EA0A5F432A55C6E7002DC287 /* ValidateFeedCacheUseCaseTests.swift in Sources */,
				EA761F552A44A000005D6E7F /* FeedStoreSpy.swift in Sources */,
				EA761F522A449EBA005D6E7F /* LoadFeedFromCacheUseCaseTests.swift in Sources */,
				EA986EBE29C9C237003611C5 /* EssentialFeedTests.swift in Sources */,
			);
			runOnlyForDeploymentPostprocessing = 0;
		};
		EAE8DFCF29E5B55000B57096 /* Sources */ = {
			isa = PBXSourcesBuildPhase;
			buildActionMask = 2147483647;
			files = (
				EA02C90E29E5C6AC00DA4D0C /*  XCTestCase+MemoryLeakTracking.swift in Sources */,
				EAE8DFD629E5B55000B57096 /* EssentialFeedAPIEndToEndTests.swift in Sources */,
			);
			runOnlyForDeploymentPostprocessing = 0;
		};
/* End PBXSourcesBuildPhase section */

/* Begin PBXTargetDependency section */
		EA986EBB29C9C237003611C5 /* PBXTargetDependency */ = {
			isa = PBXTargetDependency;
			target = EA986EAD29C9C237003611C5 /* EssentialFeed */;
			targetProxy = EA986EBA29C9C237003611C5 /* PBXContainerItemProxy */;
		};
		EAE8DFD929E5B55000B57096 /* PBXTargetDependency */ = {
			isa = PBXTargetDependency;
			target = EA986EAD29C9C237003611C5 /* EssentialFeed */;
			targetProxy = EAE8DFD829E5B55000B57096 /* PBXContainerItemProxy */;
		};
/* End PBXTargetDependency section */

/* Begin XCBuildConfiguration section */
		EA986EC029C9C237003611C5 /* Debug */ = {
			isa = XCBuildConfiguration;
			buildSettings = {
				ALWAYS_SEARCH_USER_PATHS = NO;
				CLANG_ANALYZER_NONNULL = YES;
				CLANG_ANALYZER_NUMBER_OBJECT_CONVERSION = YES_AGGRESSIVE;
				CLANG_CXX_LANGUAGE_STANDARD = "gnu++20";
				CLANG_ENABLE_MODULES = YES;
				CLANG_ENABLE_OBJC_ARC = YES;
				CLANG_ENABLE_OBJC_WEAK = YES;
				CLANG_WARN_BLOCK_CAPTURE_AUTORELEASING = YES;
				CLANG_WARN_BOOL_CONVERSION = YES;
				CLANG_WARN_COMMA = YES;
				CLANG_WARN_CONSTANT_CONVERSION = YES;
				CLANG_WARN_DEPRECATED_OBJC_IMPLEMENTATIONS = YES;
				CLANG_WARN_DIRECT_OBJC_ISA_USAGE = YES_ERROR;
				CLANG_WARN_DOCUMENTATION_COMMENTS = YES;
				CLANG_WARN_EMPTY_BODY = YES;
				CLANG_WARN_ENUM_CONVERSION = YES;
				CLANG_WARN_INFINITE_RECURSION = YES;
				CLANG_WARN_INT_CONVERSION = YES;
				CLANG_WARN_NON_LITERAL_NULL_CONVERSION = YES;
				CLANG_WARN_OBJC_IMPLICIT_RETAIN_SELF = YES;
				CLANG_WARN_OBJC_LITERAL_CONVERSION = YES;
				CLANG_WARN_OBJC_ROOT_CLASS = YES_ERROR;
				CLANG_WARN_QUOTED_INCLUDE_IN_FRAMEWORK_HEADER = YES;
				CLANG_WARN_RANGE_LOOP_ANALYSIS = YES;
				CLANG_WARN_STRICT_PROTOTYPES = YES;
				CLANG_WARN_SUSPICIOUS_MOVE = YES;
				CLANG_WARN_UNGUARDED_AVAILABILITY = YES_AGGRESSIVE;
				CLANG_WARN_UNREACHABLE_CODE = YES;
				CLANG_WARN__DUPLICATE_METHOD_MATCH = YES;
				COPY_PHASE_STRIP = NO;
				CURRENT_PROJECT_VERSION = 1;
				DEBUG_INFORMATION_FORMAT = dwarf;
				ENABLE_STRICT_OBJC_MSGSEND = YES;
				ENABLE_TESTABILITY = YES;
				GCC_C_LANGUAGE_STANDARD = gnu11;
				GCC_DYNAMIC_NO_PIC = NO;
				GCC_NO_COMMON_BLOCKS = YES;
				GCC_OPTIMIZATION_LEVEL = 0;
				GCC_PREPROCESSOR_DEFINITIONS = (
					"DEBUG=1",
					"$(inherited)",
				);
				GCC_WARN_64_TO_32_BIT_CONVERSION = YES;
				GCC_WARN_ABOUT_RETURN_TYPE = YES_ERROR;
				GCC_WARN_UNDECLARED_SELECTOR = YES;
				GCC_WARN_UNINITIALIZED_AUTOS = YES_AGGRESSIVE;
				GCC_WARN_UNUSED_FUNCTION = YES;
				GCC_WARN_UNUSED_VARIABLE = YES;
				MACOSX_DEPLOYMENT_TARGET = 12.6;
				MTL_ENABLE_DEBUG_INFO = INCLUDE_SOURCE;
				MTL_FAST_MATH = YES;
				ONLY_ACTIVE_ARCH = YES;
				SDKROOT = macosx;
				SWIFT_ACTIVE_COMPILATION_CONDITIONS = DEBUG;
				SWIFT_OPTIMIZATION_LEVEL = "-Onone";
				VERSIONING_SYSTEM = "apple-generic";
				VERSION_INFO_PREFIX = "";
			};
			name = Debug;
		};
		EA986EC129C9C237003611C5 /* Release */ = {
			isa = XCBuildConfiguration;
			buildSettings = {
				ALWAYS_SEARCH_USER_PATHS = NO;
				CLANG_ANALYZER_NONNULL = YES;
				CLANG_ANALYZER_NUMBER_OBJECT_CONVERSION = YES_AGGRESSIVE;
				CLANG_CXX_LANGUAGE_STANDARD = "gnu++20";
				CLANG_ENABLE_MODULES = YES;
				CLANG_ENABLE_OBJC_ARC = YES;
				CLANG_ENABLE_OBJC_WEAK = YES;
				CLANG_WARN_BLOCK_CAPTURE_AUTORELEASING = YES;
				CLANG_WARN_BOOL_CONVERSION = YES;
				CLANG_WARN_COMMA = YES;
				CLANG_WARN_CONSTANT_CONVERSION = YES;
				CLANG_WARN_DEPRECATED_OBJC_IMPLEMENTATIONS = YES;
				CLANG_WARN_DIRECT_OBJC_ISA_USAGE = YES_ERROR;
				CLANG_WARN_DOCUMENTATION_COMMENTS = YES;
				CLANG_WARN_EMPTY_BODY = YES;
				CLANG_WARN_ENUM_CONVERSION = YES;
				CLANG_WARN_INFINITE_RECURSION = YES;
				CLANG_WARN_INT_CONVERSION = YES;
				CLANG_WARN_NON_LITERAL_NULL_CONVERSION = YES;
				CLANG_WARN_OBJC_IMPLICIT_RETAIN_SELF = YES;
				CLANG_WARN_OBJC_LITERAL_CONVERSION = YES;
				CLANG_WARN_OBJC_ROOT_CLASS = YES_ERROR;
				CLANG_WARN_QUOTED_INCLUDE_IN_FRAMEWORK_HEADER = YES;
				CLANG_WARN_RANGE_LOOP_ANALYSIS = YES;
				CLANG_WARN_STRICT_PROTOTYPES = YES;
				CLANG_WARN_SUSPICIOUS_MOVE = YES;
				CLANG_WARN_UNGUARDED_AVAILABILITY = YES_AGGRESSIVE;
				CLANG_WARN_UNREACHABLE_CODE = YES;
				CLANG_WARN__DUPLICATE_METHOD_MATCH = YES;
				COPY_PHASE_STRIP = NO;
				CURRENT_PROJECT_VERSION = 1;
				DEBUG_INFORMATION_FORMAT = "dwarf-with-dsym";
				ENABLE_NS_ASSERTIONS = NO;
				ENABLE_STRICT_OBJC_MSGSEND = YES;
				GCC_C_LANGUAGE_STANDARD = gnu11;
				GCC_NO_COMMON_BLOCKS = YES;
				GCC_WARN_64_TO_32_BIT_CONVERSION = YES;
				GCC_WARN_ABOUT_RETURN_TYPE = YES_ERROR;
				GCC_WARN_UNDECLARED_SELECTOR = YES;
				GCC_WARN_UNINITIALIZED_AUTOS = YES_AGGRESSIVE;
				GCC_WARN_UNUSED_FUNCTION = YES;
				GCC_WARN_UNUSED_VARIABLE = YES;
				MACOSX_DEPLOYMENT_TARGET = 12.6;
				MTL_ENABLE_DEBUG_INFO = NO;
				MTL_FAST_MATH = YES;
				SDKROOT = macosx;
				SWIFT_COMPILATION_MODE = wholemodule;
				SWIFT_OPTIMIZATION_LEVEL = "-O";
				VERSIONING_SYSTEM = "apple-generic";
				VERSION_INFO_PREFIX = "";
			};
			name = Release;
		};
		EA986EC329C9C237003611C5 /* Debug */ = {
			isa = XCBuildConfiguration;
			buildSettings = {
				CODE_SIGN_STYLE = Automatic;
				COMBINE_HIDPI_IMAGES = YES;
				CURRENT_PROJECT_VERSION = 1;
				DEFINES_MODULE = YES;
				DEVELOPMENT_TEAM = CUCRU7QZBE;
				DYLIB_COMPATIBILITY_VERSION = 1;
				DYLIB_CURRENT_VERSION = 1;
				DYLIB_INSTALL_NAME_BASE = "@rpath";
				GENERATE_INFOPLIST_FILE = YES;
				INFOPLIST_KEY_NSHumanReadableCopyright = "";
				INSTALL_PATH = "$(LOCAL_LIBRARY_DIR)/Frameworks";
				LD_RUNPATH_SEARCH_PATHS = (
					"$(inherited)",
					"@executable_path/../Frameworks",
					"@loader_path/Frameworks",
				);
				MARKETING_VERSION = 1.0;
				PRODUCT_BUNDLE_IDENTIFIER = Ljubo.EssentialFeed;
				PRODUCT_NAME = "$(TARGET_NAME:c99extidentifier)";
				SKIP_INSTALL = YES;
				SWIFT_EMIT_LOC_STRINGS = YES;
				SWIFT_VERSION = 5.0;
			};
			name = Debug;
		};
		EA986EC429C9C237003611C5 /* Release */ = {
			isa = XCBuildConfiguration;
			buildSettings = {
				CODE_SIGN_STYLE = Automatic;
				COMBINE_HIDPI_IMAGES = YES;
				CURRENT_PROJECT_VERSION = 1;
				DEFINES_MODULE = YES;
				DEVELOPMENT_TEAM = CUCRU7QZBE;
				DYLIB_COMPATIBILITY_VERSION = 1;
				DYLIB_CURRENT_VERSION = 1;
				DYLIB_INSTALL_NAME_BASE = "@rpath";
				GENERATE_INFOPLIST_FILE = YES;
				INFOPLIST_KEY_NSHumanReadableCopyright = "";
				INSTALL_PATH = "$(LOCAL_LIBRARY_DIR)/Frameworks";
				LD_RUNPATH_SEARCH_PATHS = (
					"$(inherited)",
					"@executable_path/../Frameworks",
					"@loader_path/Frameworks",
				);
				MARKETING_VERSION = 1.0;
				PRODUCT_BUNDLE_IDENTIFIER = Ljubo.EssentialFeed;
				PRODUCT_NAME = "$(TARGET_NAME:c99extidentifier)";
				SKIP_INSTALL = YES;
				SWIFT_EMIT_LOC_STRINGS = YES;
				SWIFT_VERSION = 5.0;
			};
			name = Release;
		};
		EA986EC629C9C237003611C5 /* Debug */ = {
			isa = XCBuildConfiguration;
			buildSettings = {
				ALWAYS_EMBED_SWIFT_STANDARD_LIBRARIES = YES;
				CODE_SIGN_STYLE = Automatic;
				CURRENT_PROJECT_VERSION = 1;
				DEVELOPMENT_TEAM = CUCRU7QZBE;
				GENERATE_INFOPLIST_FILE = YES;
				MARKETING_VERSION = 1.0;
				PRODUCT_BUNDLE_IDENTIFIER = Ljubo.EssentialFeedTests;
				PRODUCT_NAME = "$(TARGET_NAME)";
				SWIFT_EMIT_LOC_STRINGS = NO;
				SWIFT_VERSION = 5.0;
			};
			name = Debug;
		};
		EA986EC729C9C237003611C5 /* Release */ = {
			isa = XCBuildConfiguration;
			buildSettings = {
				ALWAYS_EMBED_SWIFT_STANDARD_LIBRARIES = YES;
				CODE_SIGN_STYLE = Automatic;
				CURRENT_PROJECT_VERSION = 1;
				DEVELOPMENT_TEAM = CUCRU7QZBE;
				GENERATE_INFOPLIST_FILE = YES;
				MARKETING_VERSION = 1.0;
				PRODUCT_BUNDLE_IDENTIFIER = Ljubo.EssentialFeedTests;
				PRODUCT_NAME = "$(TARGET_NAME)";
				SWIFT_EMIT_LOC_STRINGS = NO;
				SWIFT_VERSION = 5.0;
			};
			name = Release;
		};
		EAE8DFDA29E5B55000B57096 /* Debug */ = {
			isa = XCBuildConfiguration;
			buildSettings = {
				CODE_SIGN_STYLE = Automatic;
				CURRENT_PROJECT_VERSION = 1;
				DEVELOPMENT_TEAM = CUCRU7QZBE;
				GENERATE_INFOPLIST_FILE = YES;
				MARKETING_VERSION = 1.0;
				PRODUCT_BUNDLE_IDENTIFIER = Example.EssentialFeedAPIEndToEndTests;
				PRODUCT_NAME = "$(TARGET_NAME)";
				SWIFT_EMIT_LOC_STRINGS = NO;
				SWIFT_VERSION = 5.0;
			};
			name = Debug;
		};
		EAE8DFDB29E5B55000B57096 /* Release */ = {
			isa = XCBuildConfiguration;
			buildSettings = {
				CODE_SIGN_STYLE = Automatic;
				CURRENT_PROJECT_VERSION = 1;
				DEVELOPMENT_TEAM = CUCRU7QZBE;
				GENERATE_INFOPLIST_FILE = YES;
				MARKETING_VERSION = 1.0;
				PRODUCT_BUNDLE_IDENTIFIER = Example.EssentialFeedAPIEndToEndTests;
				PRODUCT_NAME = "$(TARGET_NAME)";
				SWIFT_EMIT_LOC_STRINGS = NO;
				SWIFT_VERSION = 5.0;
			};
			name = Release;
		};
/* End XCBuildConfiguration section */

/* Begin XCConfigurationList section */
		EA986EA829C9C237003611C5 /* Build configuration list for PBXProject "EssentialFeed" */ = {
			isa = XCConfigurationList;
			buildConfigurations = (
				EA986EC029C9C237003611C5 /* Debug */,
				EA986EC129C9C237003611C5 /* Release */,
			);
			defaultConfigurationIsVisible = 0;
			defaultConfigurationName = Release;
		};
		EA986EC229C9C237003611C5 /* Build configuration list for PBXNativeTarget "EssentialFeed" */ = {
			isa = XCConfigurationList;
			buildConfigurations = (
				EA986EC329C9C237003611C5 /* Debug */,
				EA986EC429C9C237003611C5 /* Release */,
			);
			defaultConfigurationIsVisible = 0;
			defaultConfigurationName = Release;
		};
		EA986EC529C9C237003611C5 /* Build configuration list for PBXNativeTarget "EssentialFeedTests" */ = {
			isa = XCConfigurationList;
			buildConfigurations = (
				EA986EC629C9C237003611C5 /* Debug */,
				EA986EC729C9C237003611C5 /* Release */,
			);
			defaultConfigurationIsVisible = 0;
			defaultConfigurationName = Release;
		};
		EAE8DFDC29E5B55000B57096 /* Build configuration list for PBXNativeTarget "EssentialFeedAPIEndToEndTests" */ = {
			isa = XCConfigurationList;
			buildConfigurations = (
				EAE8DFDA29E5B55000B57096 /* Debug */,
				EAE8DFDB29E5B55000B57096 /* Release */,
			);
			defaultConfigurationIsVisible = 0;
			defaultConfigurationName = Release;
		};
/* End XCConfigurationList section */
	};
	rootObject = EA986EA529C9C237003611C5 /* Project object */;
}
