// !$*UTF8*$!
{
	archiveVersion = 1;
	classes = {
	};
	objectVersion = 56;
	objects = {

/* Begin PBXBuildFile section */
		EA12B8102B59353F0011B585 /* FeedLoaderCacheDecorator.swift in Sources */ = {isa = PBXBuildFile; fileRef = EA12B80F2B59353F0011B585 /* FeedLoaderCacheDecorator.swift */; };
		EA1976132B55660B0008E83E /* EssentialFeed.framework in Frameworks */ = {isa = PBXBuildFile; fileRef = EA1976112B55660B0008E83E /* EssentialFeed.framework */; };
		EA1976142B55660B0008E83E /* EssentialFeed.framework in Embed Frameworks */ = {isa = PBXBuildFile; fileRef = EA1976112B55660B0008E83E /* EssentialFeed.framework */; settings = {ATTRIBUTES = (CodeSignOnCopy, RemoveHeadersOnCopy, ); }; };
		EA1976152B55660B0008E83E /* EssentialFeediOS.framework in Frameworks */ = {isa = PBXBuildFile; fileRef = EA1976122B55660B0008E83E /* EssentialFeediOS.framework */; };
		EA1976162B55660B0008E83E /* EssentialFeediOS.framework in Embed Frameworks */ = {isa = PBXBuildFile; fileRef = EA1976122B55660B0008E83E /* EssentialFeediOS.framework */; settings = {ATTRIBUTES = (CodeSignOnCopy, RemoveHeadersOnCopy, ); }; };
		EA30E6542B595C1B009BCE76 /* FeedImageDataLoaderCacheDecoratorTests.swift in Sources */ = {isa = PBXBuildFile; fileRef = EA30E6532B595C1B009BCE76 /* FeedImageDataLoaderCacheDecoratorTests.swift */; };
		EA30E6562B595CE9009BCE76 /* FeedImageDataLoaderSpy.swift in Sources */ = {isa = PBXBuildFile; fileRef = EA30E6552B595CE9009BCE76 /* FeedImageDataLoaderSpy.swift */; };
		EA30E6582B59606D009BCE76 /* XCTestCase+FeedImageDataLoader.swift in Sources */ = {isa = PBXBuildFile; fileRef = EA30E6572B59606D009BCE76 /* XCTestCase+FeedImageDataLoader.swift */; };
		EA396AAE2B5562420023D705 /* AppDelegate.swift in Sources */ = {isa = PBXBuildFile; fileRef = EA396AAD2B5562420023D705 /* AppDelegate.swift */; };
		EA396AB02B5562420023D705 /* SceneDelegate.swift in Sources */ = {isa = PBXBuildFile; fileRef = EA396AAF2B5562420023D705 /* SceneDelegate.swift */; };
		EA396AB22B5562420023D705 /* ViewController.swift in Sources */ = {isa = PBXBuildFile; fileRef = EA396AB12B5562420023D705 /* ViewController.swift */; };
		EA396AB52B5562420023D705 /* Main.storyboard in Resources */ = {isa = PBXBuildFile; fileRef = EA396AB32B5562420023D705 /* Main.storyboard */; };
		EA396AB72B5562440023D705 /* Assets.xcassets in Resources */ = {isa = PBXBuildFile; fileRef = EA396AB62B5562440023D705 /* Assets.xcassets */; };
		EA396ABA2B5562440023D705 /* LaunchScreen.storyboard in Resources */ = {isa = PBXBuildFile; fileRef = EA396AB82B5562440023D705 /* LaunchScreen.storyboard */; };
		EA79A8B02B5597C100C74144 /* FeedImageDataLoaderWithFallbackComposite.swift in Sources */ = {isa = PBXBuildFile; fileRef = EA79A8AF2B5597C100C74144 /* FeedImageDataLoaderWithFallbackComposite.swift */; };
		EA79A8B32B55985B00C74144 /* XCTestCase+MemoryLeakTracking.swift in Sources */ = {isa = PBXBuildFile; fileRef = EA79A8B22B55985B00C74144 /* XCTestCase+MemoryLeakTracking.swift */; };
		EA79A8B52B5598D800C74144 /* SharedTestHelpers.swift in Sources */ = {isa = PBXBuildFile; fileRef = EA79A8B42B5598D800C74144 /* SharedTestHelpers.swift */; };
		EA9432152B5FC34900CA7515 /* FeedAcceptanceTests.swift in Sources */ = {isa = PBXBuildFile; fileRef = EA9432142B5FC34900CA7515 /* FeedAcceptanceTests.swift */; };
		EA9432172B5FF36000CA7515 /* HTTPClientStub.swift in Sources */ = {isa = PBXBuildFile; fileRef = EA9432162B5FF36000CA7515 /* HTTPClientStub.swift */; };
		EA9432192B5FF3C200CA7515 /* InMemoryFeedStore.swift in Sources */ = {isa = PBXBuildFile; fileRef = EA9432182B5FF3C200CA7515 /* InMemoryFeedStore.swift */; };
		EA976C132B5A82550075C9E9 /* FeedImageDataLoaderCacheDecorator.swift in Sources */ = {isa = PBXBuildFile; fileRef = EA976C122B5A82550075C9E9 /* FeedImageDataLoaderCacheDecorator.swift */; };
		EAAA42B42B558F9100A4D82D /* EssentialAppTests.swift in Sources */ = {isa = PBXBuildFile; fileRef = EAAA42B32B558F9100A4D82D /* EssentialAppTests.swift */; };
		EAECA6AA2B5870E200D29280 /* FeedLoaderCacheDecoratorTests.swift in Sources */ = {isa = PBXBuildFile; fileRef = EAECA6A92B5870E200D29280 /* FeedLoaderCacheDecoratorTests.swift */; };
		EAECA6AC2B58726500D29280 /* FeedLoaderStub.swift in Sources */ = {isa = PBXBuildFile; fileRef = EAECA6AB2B58726500D29280 /* FeedLoaderStub.swift */; };
		EAECA6AE2B58752C00D29280 /* XCTestCase+FeedLoader.swift in Sources */ = {isa = PBXBuildFile; fileRef = EAECA6AD2B58752C00D29280 /* XCTestCase+FeedLoader.swift */; };
		EAFCCBD32B55903000AF2216 /* FeedLoaderWithFallbackCompositeTests.swift in Sources */ = {isa = PBXBuildFile; fileRef = EAFCCBD22B55903000AF2216 /* FeedLoaderWithFallbackCompositeTests.swift */; };
		EAFCCBD52B5592C200AF2216 /* FeedLoaderWithFallbackComposite.swift in Sources */ = {isa = PBXBuildFile; fileRef = EAFCCBD42B5592C200AF2216 /* FeedLoaderWithFallbackComposite.swift */; };
		EAFCCBD72B5593A500AF2216 /* FeedImageDataLoaderWithFallbackCompositeTests.swift in Sources */ = {isa = PBXBuildFile; fileRef = EAFCCBD62B5593A500AF2216 /* FeedImageDataLoaderWithFallbackCompositeTests.swift */; };
		EAFDEDBF2B5EBEA000FE38F6 /* SceneDelegateTests.swift in Sources */ = {isa = PBXBuildFile; fileRef = EAFDEDBE2B5EBEA000FE38F6 /* SceneDelegateTests.swift */; };
		EAFDEDD22B5F196400FE38F6 /* FeedImageDataLoaderPresentationAdapter.swift in Sources */ = {isa = PBXBuildFile; fileRef = EAFDEDD02B5F196400FE38F6 /* FeedImageDataLoaderPresentationAdapter.swift */; };
		EAFDEDD32B5F196400FE38F6 /* FeedLoaderPresentationAdapter.swift in Sources */ = {isa = PBXBuildFile; fileRef = EAFDEDCE2B5F196400FE38F6 /* FeedLoaderPresentationAdapter.swift */; };
		EAFDEDD42B5F196400FE38F6 /* FeedUIComposer.swift in Sources */ = {isa = PBXBuildFile; fileRef = EAFDEDCC2B5F196400FE38F6 /* FeedUIComposer.swift */; };
		EAFDEDD52B5F196400FE38F6 /* MainQueueDispatchDecorator.swift in Sources */ = {isa = PBXBuildFile; fileRef = EAFDEDD12B5F196400FE38F6 /* MainQueueDispatchDecorator.swift */; };
		EAFDEDD62B5F196400FE38F6 /* FeedViewAdapter.swift in Sources */ = {isa = PBXBuildFile; fileRef = EAFDEDCF2B5F196400FE38F6 /* FeedViewAdapter.swift */; };
		EAFDEDD72B5F196400FE38F6 /* WeakRefVirtualProxy.swift in Sources */ = {isa = PBXBuildFile; fileRef = EAFDEDCD2B5F196400FE38F6 /* WeakRefVirtualProxy.swift */; };
		EAFDEDE02B5F199500FE38F6 /* FeedViewControllerTests+Localization.swift in Sources */ = {isa = PBXBuildFile; fileRef = EAFDEDD82B5F199500FE38F6 /* FeedViewControllerTests+Localization.swift */; };
		EAFDEDE12B5F199500FE38F6 /* UIImage+TestHelpers.swift in Sources */ = {isa = PBXBuildFile; fileRef = EAFDEDDB2B5F199500FE38F6 /* UIImage+TestHelpers.swift */; };
		EAFDEDE22B5F199500FE38F6 /* FeedViewController+TestHelpers.swift in Sources */ = {isa = PBXBuildFile; fileRef = EAFDEDDC2B5F199500FE38F6 /* FeedViewController+TestHelpers.swift */; };
		EAFDEDE32B5F199500FE38F6 /* UIButton+TestHelpers.swift in Sources */ = {isa = PBXBuildFile; fileRef = EAFDEDDD2B5F199500FE38F6 /* UIButton+TestHelpers.swift */; };
		EAFDEDE42B5F199500FE38F6 /* FeedViewControllerTests+LoaderSpy.swift in Sources */ = {isa = PBXBuildFile; fileRef = EAFDEDD92B5F199500FE38F6 /* FeedViewControllerTests+LoaderSpy.swift */; };
		EAFDEDE52B5F199500FE38F6 /* FeedImageCell+TestHelpers.swift in Sources */ = {isa = PBXBuildFile; fileRef = EAFDEDDA2B5F199500FE38F6 /* FeedImageCell+TestHelpers.swift */; };
		EAFDEDE62B5F199500FE38F6 /* FeedUIIntegrationTests+Assertions.swift in Sources */ = {isa = PBXBuildFile; fileRef = EAFDEDDF2B5F199500FE38F6 /* FeedUIIntegrationTests+Assertions.swift */; };
		EAFDEDE72B5F199500FE38F6 /* UIRefreshControl+TestHelpers.swift in Sources */ = {isa = PBXBuildFile; fileRef = EAFDEDDE2B5F199500FE38F6 /* UIRefreshControl+TestHelpers.swift */; };
		EAFDEDE92B5F19D200FE38F6 /* FeedUIIntegrationTests.swift in Sources */ = {isa = PBXBuildFile; fileRef = EAFDEDE82B5F19D200FE38F6 /* FeedUIIntegrationTests.swift */; };
/* End PBXBuildFile section */

/* Begin PBXContainerItemProxy section */
		EAAA42B52B558F9100A4D82D /* PBXContainerItemProxy */ = {
			isa = PBXContainerItemProxy;
			containerPortal = EA396AA22B5562420023D705 /* Project object */;
			proxyType = 1;
			remoteGlobalIDString = EA396AA92B5562420023D705;
			remoteInfo = EssentialApp;
		};
/* End PBXContainerItemProxy section */

/* Begin PBXCopyFilesBuildPhase section */
		EA1976172B55660B0008E83E /* Embed Frameworks */ = {
			isa = PBXCopyFilesBuildPhase;
			buildActionMask = 2147483647;
			dstPath = "";
			dstSubfolderSpec = 10;
			files = (
				EA1976142B55660B0008E83E /* EssentialFeed.framework in Embed Frameworks */,
				EA1976162B55660B0008E83E /* EssentialFeediOS.framework in Embed Frameworks */,
			);
			name = "Embed Frameworks";
			runOnlyForDeploymentPostprocessing = 0;
		};
/* End PBXCopyFilesBuildPhase section */

/* Begin PBXFileReference section */
		EA12B80F2B59353F0011B585 /* FeedLoaderCacheDecorator.swift */ = {isa = PBXFileReference; lastKnownFileType = sourcecode.swift; path = FeedLoaderCacheDecorator.swift; sourceTree = "<group>"; };
		EA1976112B55660B0008E83E /* EssentialFeed.framework */ = {isa = PBXFileReference; explicitFileType = wrapper.framework; path = EssentialFeed.framework; sourceTree = BUILT_PRODUCTS_DIR; };
		EA1976122B55660B0008E83E /* EssentialFeediOS.framework */ = {isa = PBXFileReference; explicitFileType = wrapper.framework; path = EssentialFeediOS.framework; sourceTree = BUILT_PRODUCTS_DIR; };
		EA30E6532B595C1B009BCE76 /* FeedImageDataLoaderCacheDecoratorTests.swift */ = {isa = PBXFileReference; lastKnownFileType = sourcecode.swift; path = FeedImageDataLoaderCacheDecoratorTests.swift; sourceTree = "<group>"; };
		EA30E6552B595CE9009BCE76 /* FeedImageDataLoaderSpy.swift */ = {isa = PBXFileReference; lastKnownFileType = sourcecode.swift; path = FeedImageDataLoaderSpy.swift; sourceTree = "<group>"; };
		EA30E6572B59606D009BCE76 /* XCTestCase+FeedImageDataLoader.swift */ = {isa = PBXFileReference; lastKnownFileType = sourcecode.swift; path = "XCTestCase+FeedImageDataLoader.swift"; sourceTree = "<group>"; };
		EA396AAA2B5562420023D705 /* EssentialApp.app */ = {isa = PBXFileReference; explicitFileType = wrapper.application; includeInIndex = 0; path = EssentialApp.app; sourceTree = BUILT_PRODUCTS_DIR; };
		EA396AAD2B5562420023D705 /* AppDelegate.swift */ = {isa = PBXFileReference; lastKnownFileType = sourcecode.swift; path = AppDelegate.swift; sourceTree = "<group>"; };
		EA396AAF2B5562420023D705 /* SceneDelegate.swift */ = {isa = PBXFileReference; lastKnownFileType = sourcecode.swift; path = SceneDelegate.swift; sourceTree = "<group>"; };
		EA396AB12B5562420023D705 /* ViewController.swift */ = {isa = PBXFileReference; lastKnownFileType = sourcecode.swift; path = ViewController.swift; sourceTree = "<group>"; };
		EA396AB42B5562420023D705 /* Base */ = {isa = PBXFileReference; lastKnownFileType = file.storyboard; name = Base; path = Base.lproj/Main.storyboard; sourceTree = "<group>"; };
		EA396AB62B5562440023D705 /* Assets.xcassets */ = {isa = PBXFileReference; lastKnownFileType = folder.assetcatalog; path = Assets.xcassets; sourceTree = "<group>"; };
		EA396AB92B5562440023D705 /* Base */ = {isa = PBXFileReference; lastKnownFileType = file.storyboard; name = Base; path = Base.lproj/LaunchScreen.storyboard; sourceTree = "<group>"; };
		EA396ABB2B5562440023D705 /* Info.plist */ = {isa = PBXFileReference; lastKnownFileType = text.plist.xml; path = Info.plist; sourceTree = "<group>"; };
		EA79A8AF2B5597C100C74144 /* FeedImageDataLoaderWithFallbackComposite.swift */ = {isa = PBXFileReference; lastKnownFileType = sourcecode.swift; path = FeedImageDataLoaderWithFallbackComposite.swift; sourceTree = "<group>"; };
		EA79A8B22B55985B00C74144 /* XCTestCase+MemoryLeakTracking.swift */ = {isa = PBXFileReference; lastKnownFileType = sourcecode.swift; path = "XCTestCase+MemoryLeakTracking.swift"; sourceTree = "<group>"; };
		EA79A8B42B5598D800C74144 /* SharedTestHelpers.swift */ = {isa = PBXFileReference; lastKnownFileType = sourcecode.swift; path = SharedTestHelpers.swift; sourceTree = "<group>"; };
		EA9432142B5FC34900CA7515 /* FeedAcceptanceTests.swift */ = {isa = PBXFileReference; lastKnownFileType = sourcecode.swift; path = FeedAcceptanceTests.swift; sourceTree = "<group>"; };
		EA9432162B5FF36000CA7515 /* HTTPClientStub.swift */ = {isa = PBXFileReference; lastKnownFileType = sourcecode.swift; path = HTTPClientStub.swift; sourceTree = "<group>"; };
		EA9432182B5FF3C200CA7515 /* InMemoryFeedStore.swift */ = {isa = PBXFileReference; lastKnownFileType = sourcecode.swift; path = InMemoryFeedStore.swift; sourceTree = "<group>"; };
		EA976C122B5A82550075C9E9 /* FeedImageDataLoaderCacheDecorator.swift */ = {isa = PBXFileReference; lastKnownFileType = sourcecode.swift; path = FeedImageDataLoaderCacheDecorator.swift; sourceTree = "<group>"; };
		EAAA42B12B558F9100A4D82D /* EssentialAppTests.xctest */ = {isa = PBXFileReference; explicitFileType = wrapper.cfbundle; includeInIndex = 0; path = EssentialAppTests.xctest; sourceTree = BUILT_PRODUCTS_DIR; };
		EAAA42B32B558F9100A4D82D /* EssentialAppTests.swift */ = {isa = PBXFileReference; lastKnownFileType = sourcecode.swift; path = EssentialAppTests.swift; sourceTree = "<group>"; };
		EAECA6A92B5870E200D29280 /* FeedLoaderCacheDecoratorTests.swift */ = {isa = PBXFileReference; lastKnownFileType = sourcecode.swift; path = FeedLoaderCacheDecoratorTests.swift; sourceTree = "<group>"; };
		EAECA6AB2B58726500D29280 /* FeedLoaderStub.swift */ = {isa = PBXFileReference; lastKnownFileType = sourcecode.swift; path = FeedLoaderStub.swift; sourceTree = "<group>"; };
		EAECA6AD2B58752C00D29280 /* XCTestCase+FeedLoader.swift */ = {isa = PBXFileReference; lastKnownFileType = sourcecode.swift; path = "XCTestCase+FeedLoader.swift"; sourceTree = "<group>"; };
		EAFCCBD22B55903000AF2216 /* FeedLoaderWithFallbackCompositeTests.swift */ = {isa = PBXFileReference; lastKnownFileType = sourcecode.swift; path = FeedLoaderWithFallbackCompositeTests.swift; sourceTree = "<group>"; };
		EAFCCBD42B5592C200AF2216 /* FeedLoaderWithFallbackComposite.swift */ = {isa = PBXFileReference; lastKnownFileType = sourcecode.swift; path = FeedLoaderWithFallbackComposite.swift; sourceTree = "<group>"; };
		EAFCCBD62B5593A500AF2216 /* FeedImageDataLoaderWithFallbackCompositeTests.swift */ = {isa = PBXFileReference; lastKnownFileType = sourcecode.swift; path = FeedImageDataLoaderWithFallbackCompositeTests.swift; sourceTree = "<group>"; };
		EAFDEDBE2B5EBEA000FE38F6 /* SceneDelegateTests.swift */ = {isa = PBXFileReference; lastKnownFileType = sourcecode.swift; path = SceneDelegateTests.swift; sourceTree = "<group>"; };
		EAFDEDCC2B5F196400FE38F6 /* FeedUIComposer.swift */ = {isa = PBXFileReference; lastKnownFileType = sourcecode.swift; path = FeedUIComposer.swift; sourceTree = "<group>"; };
		EAFDEDCD2B5F196400FE38F6 /* WeakRefVirtualProxy.swift */ = {isa = PBXFileReference; lastKnownFileType = sourcecode.swift; path = WeakRefVirtualProxy.swift; sourceTree = "<group>"; };
		EAFDEDCE2B5F196400FE38F6 /* FeedLoaderPresentationAdapter.swift */ = {isa = PBXFileReference; lastKnownFileType = sourcecode.swift; path = FeedLoaderPresentationAdapter.swift; sourceTree = "<group>"; };
		EAFDEDCF2B5F196400FE38F6 /* FeedViewAdapter.swift */ = {isa = PBXFileReference; lastKnownFileType = sourcecode.swift; path = FeedViewAdapter.swift; sourceTree = "<group>"; };
		EAFDEDD02B5F196400FE38F6 /* FeedImageDataLoaderPresentationAdapter.swift */ = {isa = PBXFileReference; lastKnownFileType = sourcecode.swift; path = FeedImageDataLoaderPresentationAdapter.swift; sourceTree = "<group>"; };
		EAFDEDD12B5F196400FE38F6 /* MainQueueDispatchDecorator.swift */ = {isa = PBXFileReference; lastKnownFileType = sourcecode.swift; path = MainQueueDispatchDecorator.swift; sourceTree = "<group>"; };
		EAFDEDD82B5F199500FE38F6 /* FeedViewControllerTests+Localization.swift */ = {isa = PBXFileReference; lastKnownFileType = sourcecode.swift; path = "FeedViewControllerTests+Localization.swift"; sourceTree = "<group>"; };
		EAFDEDD92B5F199500FE38F6 /* FeedViewControllerTests+LoaderSpy.swift */ = {isa = PBXFileReference; lastKnownFileType = sourcecode.swift; path = "FeedViewControllerTests+LoaderSpy.swift"; sourceTree = "<group>"; };
		EAFDEDDA2B5F199500FE38F6 /* FeedImageCell+TestHelpers.swift */ = {isa = PBXFileReference; lastKnownFileType = sourcecode.swift; path = "FeedImageCell+TestHelpers.swift"; sourceTree = "<group>"; };
		EAFDEDDB2B5F199500FE38F6 /* UIImage+TestHelpers.swift */ = {isa = PBXFileReference; lastKnownFileType = sourcecode.swift; path = "UIImage+TestHelpers.swift"; sourceTree = "<group>"; };
		EAFDEDDC2B5F199500FE38F6 /* FeedViewController+TestHelpers.swift */ = {isa = PBXFileReference; lastKnownFileType = sourcecode.swift; path = "FeedViewController+TestHelpers.swift"; sourceTree = "<group>"; };
		EAFDEDDD2B5F199500FE38F6 /* UIButton+TestHelpers.swift */ = {isa = PBXFileReference; lastKnownFileType = sourcecode.swift; path = "UIButton+TestHelpers.swift"; sourceTree = "<group>"; };
		EAFDEDDE2B5F199500FE38F6 /* UIRefreshControl+TestHelpers.swift */ = {isa = PBXFileReference; lastKnownFileType = sourcecode.swift; path = "UIRefreshControl+TestHelpers.swift"; sourceTree = "<group>"; };
		EAFDEDDF2B5F199500FE38F6 /* FeedUIIntegrationTests+Assertions.swift */ = {isa = PBXFileReference; lastKnownFileType = sourcecode.swift; path = "FeedUIIntegrationTests+Assertions.swift"; sourceTree = "<group>"; };
		EAFDEDE82B5F19D200FE38F6 /* FeedUIIntegrationTests.swift */ = {isa = PBXFileReference; lastKnownFileType = sourcecode.swift; path = FeedUIIntegrationTests.swift; sourceTree = "<group>"; };
/* End PBXFileReference section */

/* Begin PBXFrameworksBuildPhase section */
		EA396AA72B5562420023D705 /* Frameworks */ = {
			isa = PBXFrameworksBuildPhase;
			buildActionMask = 2147483647;
			files = (
				EA1976132B55660B0008E83E /* EssentialFeed.framework in Frameworks */,
				EA1976152B55660B0008E83E /* EssentialFeediOS.framework in Frameworks */,
			);
			runOnlyForDeploymentPostprocessing = 0;
		};
		EAAA42AE2B558F9100A4D82D /* Frameworks */ = {
			isa = PBXFrameworksBuildPhase;
			buildActionMask = 2147483647;
			files = (
			);
			runOnlyForDeploymentPostprocessing = 0;
		};
/* End PBXFrameworksBuildPhase section */

/* Begin PBXGroup section */
		EA1976102B55660B0008E83E /* Frameworks */ = {
			isa = PBXGroup;
			children = (
				EA1976112B55660B0008E83E /* EssentialFeed.framework */,
				EA1976122B55660B0008E83E /* EssentialFeediOS.framework */,
			);
			name = Frameworks;
			sourceTree = "<group>";
		};
		EA396AA12B5562420023D705 = {
			isa = PBXGroup;
			children = (
				EA396AAC2B5562420023D705 /* EssentialApp */,
				EAAA42B22B558F9100A4D82D /* EssentialAppTests */,
				EA396AAB2B5562420023D705 /* Products */,
				EA1976102B55660B0008E83E /* Frameworks */,
			);
			sourceTree = "<group>";
		};
		EA396AAB2B5562420023D705 /* Products */ = {
			isa = PBXGroup;
			children = (
				EA396AAA2B5562420023D705 /* EssentialApp.app */,
				EAAA42B12B558F9100A4D82D /* EssentialAppTests.xctest */,
			);
			name = Products;
			sourceTree = "<group>";
		};
		EA396AAC2B5562420023D705 /* EssentialApp */ = {
			isa = PBXGroup;
			children = (
				EA396AAD2B5562420023D705 /* AppDelegate.swift */,
				EA396AAF2B5562420023D705 /* SceneDelegate.swift */,
				EA396AB12B5562420023D705 /* ViewController.swift */,
				EAFDEDCC2B5F196400FE38F6 /* FeedUIComposer.swift */,
				EAFDEDD12B5F196400FE38F6 /* MainQueueDispatchDecorator.swift */,
				EAFDEDCD2B5F196400FE38F6 /* WeakRefVirtualProxy.swift */,
				EAFDEDD02B5F196400FE38F6 /* FeedImageDataLoaderPresentationAdapter.swift */,
				EAFDEDCE2B5F196400FE38F6 /* FeedLoaderPresentationAdapter.swift */,
				EAFDEDCF2B5F196400FE38F6 /* FeedViewAdapter.swift */,
				EA396AB32B5562420023D705 /* Main.storyboard */,
				EA396AB62B5562440023D705 /* Assets.xcassets */,
				EA396AB82B5562440023D705 /* LaunchScreen.storyboard */,
				EA396ABB2B5562440023D705 /* Info.plist */,
				EAFCCBD42B5592C200AF2216 /* FeedLoaderWithFallbackComposite.swift */,
				EA79A8AF2B5597C100C74144 /* FeedImageDataLoaderWithFallbackComposite.swift */,
				EA12B80F2B59353F0011B585 /* FeedLoaderCacheDecorator.swift */,
				EA976C122B5A82550075C9E9 /* FeedImageDataLoaderCacheDecorator.swift */,
			);
			path = EssentialApp;
			sourceTree = "<group>";
		};
		EA79A8B12B55983B00C74144 /* Helpers */ = {
			isa = PBXGroup;
			children = (
				EAFDEDD92B5F199500FE38F6 /* FeedViewControllerTests+LoaderSpy.swift */,
				EAFDEDDF2B5F199500FE38F6 /* FeedUIIntegrationTests+Assertions.swift */,
				EAFDEDDC2B5F199500FE38F6 /* FeedViewController+TestHelpers.swift */,
				EAFDEDDA2B5F199500FE38F6 /* FeedImageCell+TestHelpers.swift */,
				EAFDEDD82B5F199500FE38F6 /* FeedViewControllerTests+Localization.swift */,
				EAFDEDDE2B5F199500FE38F6 /* UIRefreshControl+TestHelpers.swift */,
				EAFDEDDB2B5F199500FE38F6 /* UIImage+TestHelpers.swift */,
				EAFDEDDD2B5F199500FE38F6 /* UIButton+TestHelpers.swift */,
				EA79A8B22B55985B00C74144 /* XCTestCase+MemoryLeakTracking.swift */,
				EA79A8B42B5598D800C74144 /* SharedTestHelpers.swift */,
				EAECA6AB2B58726500D29280 /* FeedLoaderStub.swift */,
				EAECA6AD2B58752C00D29280 /* XCTestCase+FeedLoader.swift */,
				EA30E6552B595CE9009BCE76 /* FeedImageDataLoaderSpy.swift */,
				EA30E6572B59606D009BCE76 /* XCTestCase+FeedImageDataLoader.swift */,
				EA9432162B5FF36000CA7515 /* HTTPClientStub.swift */,
				EA9432182B5FF3C200CA7515 /* InMemoryFeedStore.swift */,
			);
			path = Helpers;
			sourceTree = "<group>";
		};
		EAAA42B22B558F9100A4D82D /* EssentialAppTests */ = {
			isa = PBXGroup;
			children = (
				EA79A8B12B55983B00C74144 /* Helpers */,
				EAAA42B32B558F9100A4D82D /* EssentialAppTests.swift */,
				EAFDEDE82B5F19D200FE38F6 /* FeedUIIntegrationTests.swift */,
				EAFCCBD22B55903000AF2216 /* FeedLoaderWithFallbackCompositeTests.swift */,
				EAFCCBD62B5593A500AF2216 /* FeedImageDataLoaderWithFallbackCompositeTests.swift */,
				EAECA6A92B5870E200D29280 /* FeedLoaderCacheDecoratorTests.swift */,
				EA30E6532B595C1B009BCE76 /* FeedImageDataLoaderCacheDecoratorTests.swift */,
				EAFDEDBE2B5EBEA000FE38F6 /* SceneDelegateTests.swift */,
				EA9432142B5FC34900CA7515 /* FeedAcceptanceTests.swift */,
			);
			path = EssentialAppTests;
			sourceTree = "<group>";
		};
/* End PBXGroup section */

/* Begin PBXNativeTarget section */
		EA396AA92B5562420023D705 /* EssentialApp */ = {
			isa = PBXNativeTarget;
			buildConfigurationList = EA396AD42B5562440023D705 /* Build configuration list for PBXNativeTarget "EssentialApp" */;
			buildPhases = (
				EA396AA62B5562420023D705 /* Sources */,
				EA396AA72B5562420023D705 /* Frameworks */,
				EA396AA82B5562420023D705 /* Resources */,
				EA1976172B55660B0008E83E /* Embed Frameworks */,
			);
			buildRules = (
			);
			dependencies = (
			);
			name = EssentialApp;
			productName = EssentialApp;
			productReference = EA396AAA2B5562420023D705 /* EssentialApp.app */;
			productType = "com.apple.product-type.application";
		};
		EAAA42B02B558F9100A4D82D /* EssentialAppTests */ = {
			isa = PBXNativeTarget;
			buildConfigurationList = EAAA42B72B558F9100A4D82D /* Build configuration list for PBXNativeTarget "EssentialAppTests" */;
			buildPhases = (
				EAAA42AD2B558F9100A4D82D /* Sources */,
				EAAA42AE2B558F9100A4D82D /* Frameworks */,
				EAAA42AF2B558F9100A4D82D /* Resources */,
			);
			buildRules = (
			);
			dependencies = (
				EAAA42B62B558F9100A4D82D /* PBXTargetDependency */,
			);
			name = EssentialAppTests;
			productName = EssentialAppTests;
			productReference = EAAA42B12B558F9100A4D82D /* EssentialAppTests.xctest */;
			productType = "com.apple.product-type.bundle.unit-test";
		};
/* End PBXNativeTarget section */

/* Begin PBXProject section */
		EA396AA22B5562420023D705 /* Project object */ = {
			isa = PBXProject;
			attributes = {
				BuildIndependentTargetsInParallel = 1;
				LastSwiftUpdateCheck = 1500;
				LastUpgradeCheck = 1500;
				TargetAttributes = {
					EA396AA92B5562420023D705 = {
						CreatedOnToolsVersion = 15.0.1;
					};
					EAAA42B02B558F9100A4D82D = {
						CreatedOnToolsVersion = 15.0.1;
						TestTargetID = EA396AA92B5562420023D705;
					};
				};
			};
			buildConfigurationList = EA396AA52B5562420023D705 /* Build configuration list for PBXProject "EssentialApp" */;
			compatibilityVersion = "Xcode 14.0";
			developmentRegion = en;
			hasScannedForEncodings = 0;
			knownRegions = (
				en,
				Base,
			);
			mainGroup = EA396AA12B5562420023D705;
			productRefGroup = EA396AAB2B5562420023D705 /* Products */;
			projectDirPath = "";
			projectRoot = "";
			targets = (
				EA396AA92B5562420023D705 /* EssentialApp */,
				EAAA42B02B558F9100A4D82D /* EssentialAppTests */,
			);
		};
/* End PBXProject section */

/* Begin PBXResourcesBuildPhase section */
		EA396AA82B5562420023D705 /* Resources */ = {
			isa = PBXResourcesBuildPhase;
			buildActionMask = 2147483647;
			files = (
				EA396ABA2B5562440023D705 /* LaunchScreen.storyboard in Resources */,
				EA396AB72B5562440023D705 /* Assets.xcassets in Resources */,
				EA396AB52B5562420023D705 /* Main.storyboard in Resources */,
			);
			runOnlyForDeploymentPostprocessing = 0;
		};
		EAAA42AF2B558F9100A4D82D /* Resources */ = {
			isa = PBXResourcesBuildPhase;
			buildActionMask = 2147483647;
			files = (
			);
			runOnlyForDeploymentPostprocessing = 0;
		};
/* End PBXResourcesBuildPhase section */

/* Begin PBXSourcesBuildPhase section */
		EA396AA62B5562420023D705 /* Sources */ = {
			isa = PBXSourcesBuildPhase;
			buildActionMask = 2147483647;
			files = (
				EA396AB22B5562420023D705 /* ViewController.swift in Sources */,
				EA396AAE2B5562420023D705 /* AppDelegate.swift in Sources */,
				EAFCCBD52B5592C200AF2216 /* FeedLoaderWithFallbackComposite.swift in Sources */,
				EA12B8102B59353F0011B585 /* FeedLoaderCacheDecorator.swift in Sources */,
				EAFDEDD52B5F196400FE38F6 /* MainQueueDispatchDecorator.swift in Sources */,
				EA396AB02B5562420023D705 /* SceneDelegate.swift in Sources */,
				EAFDEDD32B5F196400FE38F6 /* FeedLoaderPresentationAdapter.swift in Sources */,
				EAFDEDD22B5F196400FE38F6 /* FeedImageDataLoaderPresentationAdapter.swift in Sources */,
				EAFDEDD42B5F196400FE38F6 /* FeedUIComposer.swift in Sources */,
				EA79A8B02B5597C100C74144 /* FeedImageDataLoaderWithFallbackComposite.swift in Sources */,
				EA976C132B5A82550075C9E9 /* FeedImageDataLoaderCacheDecorator.swift in Sources */,
				EAFDEDD72B5F196400FE38F6 /* WeakRefVirtualProxy.swift in Sources */,
				EAFDEDD62B5F196400FE38F6 /* FeedViewAdapter.swift in Sources */,
			);
			runOnlyForDeploymentPostprocessing = 0;
		};
		EAAA42AD2B558F9100A4D82D /* Sources */ = {
			isa = PBXSourcesBuildPhase;
			buildActionMask = 2147483647;
			files = (
				EAFDEDE02B5F199500FE38F6 /* FeedViewControllerTests+Localization.swift in Sources */,
				EAFDEDE72B5F199500FE38F6 /* UIRefreshControl+TestHelpers.swift in Sources */,
				EAFCCBD32B55903000AF2216 /* FeedLoaderWithFallbackCompositeTests.swift in Sources */,
				EA79A8B32B55985B00C74144 /* XCTestCase+MemoryLeakTracking.swift in Sources */,
				EAFDEDE42B5F199500FE38F6 /* FeedViewControllerTests+LoaderSpy.swift in Sources */,
				EAFDEDE12B5F199500FE38F6 /* UIImage+TestHelpers.swift in Sources */,
				EA79A8B52B5598D800C74144 /* SharedTestHelpers.swift in Sources */,
				EAECA6AE2B58752C00D29280 /* XCTestCase+FeedLoader.swift in Sources */,
				EA30E6542B595C1B009BCE76 /* FeedImageDataLoaderCacheDecoratorTests.swift in Sources */,
				EAAA42B42B558F9100A4D82D /* EssentialAppTests.swift in Sources */,
				EAFCCBD72B5593A500AF2216 /* FeedImageDataLoaderWithFallbackCompositeTests.swift in Sources */,
				EA9432192B5FF3C200CA7515 /* InMemoryFeedStore.swift in Sources */,
				EA30E6562B595CE9009BCE76 /* FeedImageDataLoaderSpy.swift in Sources */,
				EAECA6AA2B5870E200D29280 /* FeedLoaderCacheDecoratorTests.swift in Sources */,
				EAECA6AC2B58726500D29280 /* FeedLoaderStub.swift in Sources */,
				EAFDEDE62B5F199500FE38F6 /* FeedUIIntegrationTests+Assertions.swift in Sources */,
				EA9432172B5FF36000CA7515 /* HTTPClientStub.swift in Sources */,
				EAFDEDE52B5F199500FE38F6 /* FeedImageCell+TestHelpers.swift in Sources */,
				EA30E6582B59606D009BCE76 /* XCTestCase+FeedImageDataLoader.swift in Sources */,
				EAFDEDE32B5F199500FE38F6 /* UIButton+TestHelpers.swift in Sources */,
				EA9432152B5FC34900CA7515 /* FeedAcceptanceTests.swift in Sources */,
				EAFDEDE22B5F199500FE38F6 /* FeedViewController+TestHelpers.swift in Sources */,
				EAFDEDE92B5F19D200FE38F6 /* FeedUIIntegrationTests.swift in Sources */,
				EAFDEDBF2B5EBEA000FE38F6 /* SceneDelegateTests.swift in Sources */,
			);
			runOnlyForDeploymentPostprocessing = 0;
		};
/* End PBXSourcesBuildPhase section */

/* Begin PBXTargetDependency section */
		EAAA42B62B558F9100A4D82D /* PBXTargetDependency */ = {
			isa = PBXTargetDependency;
			target = EA396AA92B5562420023D705 /* EssentialApp */;
			targetProxy = EAAA42B52B558F9100A4D82D /* PBXContainerItemProxy */;
		};
/* End PBXTargetDependency section */

/* Begin PBXVariantGroup section */
		EA396AB32B5562420023D705 /* Main.storyboard */ = {
			isa = PBXVariantGroup;
			children = (
				EA396AB42B5562420023D705 /* Base */,
			);
			name = Main.storyboard;
			sourceTree = "<group>";
		};
		EA396AB82B5562440023D705 /* LaunchScreen.storyboard */ = {
			isa = PBXVariantGroup;
			children = (
				EA396AB92B5562440023D705 /* Base */,
			);
			name = LaunchScreen.storyboard;
			sourceTree = "<group>";
		};
/* End PBXVariantGroup section */

/* Begin XCBuildConfiguration section */
		EA396AD22B5562440023D705 /* Debug */ = {
			isa = XCBuildConfiguration;
			buildSettings = {
				ALWAYS_SEARCH_USER_PATHS = NO;
				ASSETCATALOG_COMPILER_GENERATE_SWIFT_ASSET_SYMBOL_EXTENSIONS = YES;
				CLANG_ANALYZER_NONNULL = YES;
				CLANG_ANALYZER_NUMBER_OBJECT_CONVERSION = YES_AGGRESSIVE;
				CLANG_CXX_LANGUAGE_STANDARD = "gnu++20";
				CLANG_ENABLE_MODULES = YES;
				CLANG_ENABLE_OBJC_ARC = YES;
				CLANG_ENABLE_OBJC_WEAK = YES;
				CLANG_WARN_BLOCK_CAPTURE_AUTORELEASING = YES;
				CLANG_WARN_BOOL_CONVERSION = YES;
				CLANG_WARN_COMMA = YES;
				CLANG_WARN_CONSTANT_CONVERSION = YES;
				CLANG_WARN_DEPRECATED_OBJC_IMPLEMENTATIONS = YES;
				CLANG_WARN_DIRECT_OBJC_ISA_USAGE = YES_ERROR;
				CLANG_WARN_DOCUMENTATION_COMMENTS = YES;
				CLANG_WARN_EMPTY_BODY = YES;
				CLANG_WARN_ENUM_CONVERSION = YES;
				CLANG_WARN_INFINITE_RECURSION = YES;
				CLANG_WARN_INT_CONVERSION = YES;
				CLANG_WARN_NON_LITERAL_NULL_CONVERSION = YES;
				CLANG_WARN_OBJC_IMPLICIT_RETAIN_SELF = YES;
				CLANG_WARN_OBJC_LITERAL_CONVERSION = YES;
				CLANG_WARN_OBJC_ROOT_CLASS = YES_ERROR;
				CLANG_WARN_QUOTED_INCLUDE_IN_FRAMEWORK_HEADER = YES;
				CLANG_WARN_RANGE_LOOP_ANALYSIS = YES;
				CLANG_WARN_STRICT_PROTOTYPES = YES;
				CLANG_WARN_SUSPICIOUS_MOVE = YES;
				CLANG_WARN_UNGUARDED_AVAILABILITY = YES_AGGRESSIVE;
				CLANG_WARN_UNREACHABLE_CODE = YES;
				CLANG_WARN__DUPLICATE_METHOD_MATCH = YES;
				COPY_PHASE_STRIP = NO;
				DEBUG_INFORMATION_FORMAT = dwarf;
				ENABLE_STRICT_OBJC_MSGSEND = YES;
				ENABLE_TESTABILITY = YES;
				ENABLE_USER_SCRIPT_SANDBOXING = YES;
				GCC_C_LANGUAGE_STANDARD = gnu17;
				GCC_DYNAMIC_NO_PIC = NO;
				GCC_NO_COMMON_BLOCKS = YES;
				GCC_OPTIMIZATION_LEVEL = 0;
				GCC_PREPROCESSOR_DEFINITIONS = (
					"DEBUG=1",
					"$(inherited)",
				);
				GCC_WARN_64_TO_32_BIT_CONVERSION = YES;
				GCC_WARN_ABOUT_RETURN_TYPE = YES_ERROR;
				GCC_WARN_UNDECLARED_SELECTOR = YES;
				GCC_WARN_UNINITIALIZED_AUTOS = YES_AGGRESSIVE;
				GCC_WARN_UNUSED_FUNCTION = YES;
				GCC_WARN_UNUSED_VARIABLE = YES;
				IPHONEOS_DEPLOYMENT_TARGET = 16.0;
				LOCALIZATION_PREFERS_STRING_CATALOGS = YES;
				MTL_ENABLE_DEBUG_INFO = INCLUDE_SOURCE;
				MTL_FAST_MATH = YES;
				ONLY_ACTIVE_ARCH = YES;
				SDKROOT = iphoneos;
				SWIFT_ACTIVE_COMPILATION_CONDITIONS = "DEBUG $(inherited)";
				SWIFT_OPTIMIZATION_LEVEL = "-Onone";
			};
			name = Debug;
		};
		EA396AD32B5562440023D705 /* Release */ = {
			isa = XCBuildConfiguration;
			buildSettings = {
				ALWAYS_SEARCH_USER_PATHS = NO;
				ASSETCATALOG_COMPILER_GENERATE_SWIFT_ASSET_SYMBOL_EXTENSIONS = YES;
				CLANG_ANALYZER_NONNULL = YES;
				CLANG_ANALYZER_NUMBER_OBJECT_CONVERSION = YES_AGGRESSIVE;
				CLANG_CXX_LANGUAGE_STANDARD = "gnu++20";
				CLANG_ENABLE_MODULES = YES;
				CLANG_ENABLE_OBJC_ARC = YES;
				CLANG_ENABLE_OBJC_WEAK = YES;
				CLANG_WARN_BLOCK_CAPTURE_AUTORELEASING = YES;
				CLANG_WARN_BOOL_CONVERSION = YES;
				CLANG_WARN_COMMA = YES;
				CLANG_WARN_CONSTANT_CONVERSION = YES;
				CLANG_WARN_DEPRECATED_OBJC_IMPLEMENTATIONS = YES;
				CLANG_WARN_DIRECT_OBJC_ISA_USAGE = YES_ERROR;
				CLANG_WARN_DOCUMENTATION_COMMENTS = YES;
				CLANG_WARN_EMPTY_BODY = YES;
				CLANG_WARN_ENUM_CONVERSION = YES;
				CLANG_WARN_INFINITE_RECURSION = YES;
				CLANG_WARN_INT_CONVERSION = YES;
				CLANG_WARN_NON_LITERAL_NULL_CONVERSION = YES;
				CLANG_WARN_OBJC_IMPLICIT_RETAIN_SELF = YES;
				CLANG_WARN_OBJC_LITERAL_CONVERSION = YES;
				CLANG_WARN_OBJC_ROOT_CLASS = YES_ERROR;
				CLANG_WARN_QUOTED_INCLUDE_IN_FRAMEWORK_HEADER = YES;
				CLANG_WARN_RANGE_LOOP_ANALYSIS = YES;
				CLANG_WARN_STRICT_PROTOTYPES = YES;
				CLANG_WARN_SUSPICIOUS_MOVE = YES;
				CLANG_WARN_UNGUARDED_AVAILABILITY = YES_AGGRESSIVE;
				CLANG_WARN_UNREACHABLE_CODE = YES;
				CLANG_WARN__DUPLICATE_METHOD_MATCH = YES;
				COPY_PHASE_STRIP = NO;
				DEBUG_INFORMATION_FORMAT = "dwarf-with-dsym";
				ENABLE_NS_ASSERTIONS = NO;
				ENABLE_STRICT_OBJC_MSGSEND = YES;
				ENABLE_USER_SCRIPT_SANDBOXING = YES;
				GCC_C_LANGUAGE_STANDARD = gnu17;
				GCC_NO_COMMON_BLOCKS = YES;
				GCC_WARN_64_TO_32_BIT_CONVERSION = YES;
				GCC_WARN_ABOUT_RETURN_TYPE = YES_ERROR;
				GCC_WARN_UNDECLARED_SELECTOR = YES;
				GCC_WARN_UNINITIALIZED_AUTOS = YES_AGGRESSIVE;
				GCC_WARN_UNUSED_FUNCTION = YES;
				GCC_WARN_UNUSED_VARIABLE = YES;
				IPHONEOS_DEPLOYMENT_TARGET = 16.0;
				LOCALIZATION_PREFERS_STRING_CATALOGS = YES;
				MTL_ENABLE_DEBUG_INFO = NO;
				MTL_FAST_MATH = YES;
				SDKROOT = iphoneos;
				SWIFT_COMPILATION_MODE = wholemodule;
				VALIDATE_PRODUCT = YES;
			};
			name = Release;
		};
		EA396AD52B5562440023D705 /* Debug */ = {
			isa = XCBuildConfiguration;
			buildSettings = {
				ASSETCATALOG_COMPILER_APPICON_NAME = AppIcon;
				ASSETCATALOG_COMPILER_GLOBAL_ACCENT_COLOR_NAME = AccentColor;
				CODE_SIGN_STYLE = Automatic;
				CURRENT_PROJECT_VERSION = 1;
				DEVELOPMENT_TEAM = CUCRU7QZBE;
				GENERATE_INFOPLIST_FILE = YES;
				INFOPLIST_FILE = EssentialApp/Info.plist;
				INFOPLIST_KEY_UIApplicationSupportsIndirectInputEvents = YES;
				INFOPLIST_KEY_UILaunchStoryboardName = LaunchScreen;
				INFOPLIST_KEY_UIMainStoryboardFile = Main;
				INFOPLIST_KEY_UISupportedInterfaceOrientations = UIInterfaceOrientationPortrait;
				IPHONEOS_DEPLOYMENT_TARGET = 16.0;
				LD_RUNPATH_SEARCH_PATHS = (
					"$(inherited)",
					"@executable_path/Frameworks",
				);
				MARKETING_VERSION = 1.0;
				PRODUCT_BUNDLE_IDENTIFIER = com.ljubisa.EssentialApp;
				PRODUCT_NAME = "$(TARGET_NAME)";
				SWIFT_EMIT_LOC_STRINGS = YES;
				SWIFT_VERSION = 5.0;
				TARGETED_DEVICE_FAMILY = "1,2";
			};
			name = Debug;
		};
		EA396AD62B5562440023D705 /* Release */ = {
			isa = XCBuildConfiguration;
			buildSettings = {
				ASSETCATALOG_COMPILER_APPICON_NAME = AppIcon;
				ASSETCATALOG_COMPILER_GLOBAL_ACCENT_COLOR_NAME = AccentColor;
				CODE_SIGN_STYLE = Automatic;
				CURRENT_PROJECT_VERSION = 1;
				DEVELOPMENT_TEAM = CUCRU7QZBE;
				GENERATE_INFOPLIST_FILE = YES;
				INFOPLIST_FILE = EssentialApp/Info.plist;
				INFOPLIST_KEY_UIApplicationSupportsIndirectInputEvents = YES;
				INFOPLIST_KEY_UILaunchStoryboardName = LaunchScreen;
				INFOPLIST_KEY_UIMainStoryboardFile = Main;
				INFOPLIST_KEY_UISupportedInterfaceOrientations = UIInterfaceOrientationPortrait;
				IPHONEOS_DEPLOYMENT_TARGET = 16.0;
				LD_RUNPATH_SEARCH_PATHS = (
					"$(inherited)",
					"@executable_path/Frameworks",
				);
				MARKETING_VERSION = 1.0;
				PRODUCT_BUNDLE_IDENTIFIER = com.ljubisa.EssentialApp;
				PRODUCT_NAME = "$(TARGET_NAME)";
				SWIFT_EMIT_LOC_STRINGS = YES;
				SWIFT_VERSION = 5.0;
				TARGETED_DEVICE_FAMILY = "1,2";
			};
			name = Release;
		};
		EAAA42B82B558F9100A4D82D /* Debug */ = {
			isa = XCBuildConfiguration;
			buildSettings = {
				BUNDLE_LOADER = "$(TEST_HOST)";
				CODE_SIGN_STYLE = Automatic;
				CURRENT_PROJECT_VERSION = 1;
				DEVELOPMENT_TEAM = CUCRU7QZBE;
				GENERATE_INFOPLIST_FILE = YES;
				IPHONEOS_DEPLOYMENT_TARGET = 16.0;
				MARKETING_VERSION = 1.0;
				PRODUCT_BUNDLE_IDENTIFIER = com.ljubisa.EssentialAppTests;
				PRODUCT_NAME = "$(TARGET_NAME)";
				SWIFT_EMIT_LOC_STRINGS = NO;
				SWIFT_VERSION = 5.0;
				TARGETED_DEVICE_FAMILY = "1,2";
				TEST_HOST = "$(BUILT_PRODUCTS_DIR)/EssentialApp.app/$(BUNDLE_EXECUTABLE_FOLDER_PATH)/EssentialApp";
			};
			name = Debug;
		};
		EAAA42B92B558F9100A4D82D /* Release */ = {
			isa = XCBuildConfiguration;
			buildSettings = {
				BUNDLE_LOADER = "$(TEST_HOST)";
				CODE_SIGN_STYLE = Automatic;
				CURRENT_PROJECT_VERSION = 1;
				DEVELOPMENT_TEAM = CUCRU7QZBE;
				GENERATE_INFOPLIST_FILE = YES;
				IPHONEOS_DEPLOYMENT_TARGET = 16.0;
				MARKETING_VERSION = 1.0;
				PRODUCT_BUNDLE_IDENTIFIER = com.ljubisa.EssentialAppTests;
				PRODUCT_NAME = "$(TARGET_NAME)";
				SWIFT_EMIT_LOC_STRINGS = NO;
				SWIFT_VERSION = 5.0;
				TARGETED_DEVICE_FAMILY = "1,2";
				TEST_HOST = "$(BUILT_PRODUCTS_DIR)/EssentialApp.app/$(BUNDLE_EXECUTABLE_FOLDER_PATH)/EssentialApp";
			};
			name = Release;
		};
/* End XCBuildConfiguration section */

/* Begin XCConfigurationList section */
		EA396AA52B5562420023D705 /* Build configuration list for PBXProject "EssentialApp" */ = {
			isa = XCConfigurationList;
			buildConfigurations = (
				EA396AD22B5562440023D705 /* Debug */,
				EA396AD32B5562440023D705 /* Release */,
			);
			defaultConfigurationIsVisible = 0;
			defaultConfigurationName = Release;
		};
		EA396AD42B5562440023D705 /* Build configuration list for PBXNativeTarget "EssentialApp" */ = {
			isa = XCConfigurationList;
			buildConfigurations = (
				EA396AD52B5562440023D705 /* Debug */,
				EA396AD62B5562440023D705 /* Release */,
			);
			defaultConfigurationIsVisible = 0;
			defaultConfigurationName = Release;
		};
		EAAA42B72B558F9100A4D82D /* Build configuration list for PBXNativeTarget "EssentialAppTests" */ = {
			isa = XCConfigurationList;
			buildConfigurations = (
				EAAA42B82B558F9100A4D82D /* Debug */,
				EAAA42B92B558F9100A4D82D /* Release */,
			);
			defaultConfigurationIsVisible = 0;
			defaultConfigurationName = Release;
		};
/* End XCConfigurationList section */
	};
	rootObject = EA396AA22B5562420023D705 /* Project object */;
}
